// !$*UTF8*$!
{
	archiveVersion = 1;
	classes = {
	};
	objectVersion = 46;
	objects = {

/* Begin PBXBuildFile section */
		9356836F192D376100A78477 /* Foundation.framework in Frameworks */ = {isa = PBXBuildFile; fileRef = 9356836E192D376100A78477 /* Foundation.framework */; };
		93568371192D376100A78477 /* CoreGraphics.framework in Frameworks */ = {isa = PBXBuildFile; fileRef = 93568370192D376100A78477 /* CoreGraphics.framework */; };
		93568373192D376100A78477 /* UIKit.framework in Frameworks */ = {isa = PBXBuildFile; fileRef = 93568372192D376100A78477 /* UIKit.framework */; };
		93568379192D376100A78477 /* InfoPlist.strings in Resources */ = {isa = PBXBuildFile; fileRef = 93568377192D376100A78477 /* InfoPlist.strings */; };
		9356837B192D376100A78477 /* main.m in Sources */ = {isa = PBXBuildFile; fileRef = 9356837A192D376100A78477 /* main.m */; };
		9356837F192D376100A78477 /* TMBAppDelegate.m in Sources */ = {isa = PBXBuildFile; fileRef = 9356837E192D376100A78477 /* TMBAppDelegate.m */; };
		93568381192D376100A78477 /* Images.xcassets in Resources */ = {isa = PBXBuildFile; fileRef = 93568380192D376100A78477 /* Images.xcassets */; };
		93568388192D376100A78477 /* XCTest.framework in Frameworks */ = {isa = PBXBuildFile; fileRef = 93568387192D376100A78477 /* XCTest.framework */; };
		93568389192D376100A78477 /* Foundation.framework in Frameworks */ = {isa = PBXBuildFile; fileRef = 9356836E192D376100A78477 /* Foundation.framework */; };
		9356838A192D376100A78477 /* UIKit.framework in Frameworks */ = {isa = PBXBuildFile; fileRef = 93568372192D376100A78477 /* UIKit.framework */; };
		93568392192D376100A78477 /* InfoPlist.strings in Resources */ = {isa = PBXBuildFile; fileRef = 93568390192D376100A78477 /* InfoPlist.strings */; };
		93568394192D376100A78477 /* ScrollViewChallengeTests.m in Sources */ = {isa = PBXBuildFile; fileRef = 93568393192D376100A78477 /* ScrollViewChallengeTests.m */; };
		9356839F192D388A00A78477 /* TMBPrincipalView.m in Sources */ = {isa = PBXBuildFile; fileRef = 9356839E192D388A00A78477 /* TMBPrincipalView.m */; };
		935683A2192D3F7E00A78477 /* TMBScrollView.m in Sources */ = {isa = PBXBuildFile; fileRef = 935683A1192D3F7E00A78477 /* TMBScrollView.m */; };
/* End PBXBuildFile section */

/* Begin PBXContainerItemProxy section */
		9356838B192D376100A78477 /* PBXContainerItemProxy */ = {
			isa = PBXContainerItemProxy;
			containerPortal = 93568363192D376100A78477 /* Project object */;
			proxyType = 1;
			remoteGlobalIDString = 9356836A192D376100A78477;
			remoteInfo = ScrollViewChallenge;
		};
/* End PBXContainerItemProxy section */

/* Begin PBXFileReference section */
		9356836B192D376100A78477 /* ScrollViewChallenge.app */ = {isa = PBXFileReference; explicitFileType = wrapper.application; includeInIndex = 0; path = ScrollViewChallenge.app; sourceTree = BUILT_PRODUCTS_DIR; };
		9356836E192D376100A78477 /* Foundation.framework */ = {isa = PBXFileReference; lastKnownFileType = wrapper.framework; name = Foundation.framework; path = System/Library/Frameworks/Foundation.framework; sourceTree = SDKROOT; };
		93568370192D376100A78477 /* CoreGraphics.framework */ = {isa = PBXFileReference; lastKnownFileType = wrapper.framework; name = CoreGraphics.framework; path = System/Library/Frameworks/CoreGraphics.framework; sourceTree = SDKROOT; };
		93568372192D376100A78477 /* UIKit.framework */ = {isa = PBXFileReference; lastKnownFileType = wrapper.framework; name = UIKit.framework; path = System/Library/Frameworks/UIKit.framework; sourceTree = SDKROOT; };
		93568376192D376100A78477 /* ScrollViewChallenge-Info.plist */ = {isa = PBXFileReference; lastKnownFileType = text.plist.xml; path = "ScrollViewChallenge-Info.plist"; sourceTree = "<group>"; };
		93568378192D376100A78477 /* en */ = {isa = PBXFileReference; lastKnownFileType = text.plist.strings; name = en; path = en.lproj/InfoPlist.strings; sourceTree = "<group>"; };
		9356837A192D376100A78477 /* main.m */ = {isa = PBXFileReference; lastKnownFileType = sourcecode.c.objc; path = main.m; sourceTree = "<group>"; };
		9356837C192D376100A78477 /* ScrollViewChallenge-Prefix.pch */ = {isa = PBXFileReference; lastKnownFileType = sourcecode.c.h; path = "ScrollViewChallenge-Prefix.pch"; sourceTree = "<group>"; };
		9356837D192D376100A78477 /* TMBAppDelegate.h */ = {isa = PBXFileReference; lastKnownFileType = sourcecode.c.h; path = TMBAppDelegate.h; sourceTree = "<group>"; };
		9356837E192D376100A78477 /* TMBAppDelegate.m */ = {isa = PBXFileReference; lastKnownFileType = sourcecode.c.objc; path = TMBAppDelegate.m; sourceTree = "<group>"; };
		93568380192D376100A78477 /* Images.xcassets */ = {isa = PBXFileReference; lastKnownFileType = folder.assetcatalog; path = Images.xcassets; sourceTree = "<group>"; };
		93568386192D376100A78477 /* ScrollViewChallengeTests.xctest */ = {isa = PBXFileReference; explicitFileType = wrapper.cfbundle; includeInIndex = 0; path = ScrollViewChallengeTests.xctest; sourceTree = BUILT_PRODUCTS_DIR; };
		93568387192D376100A78477 /* XCTest.framework */ = {isa = PBXFileReference; lastKnownFileType = wrapper.framework; name = XCTest.framework; path = Library/Frameworks/XCTest.framework; sourceTree = DEVELOPER_DIR; };
		9356838F192D376100A78477 /* ScrollViewChallengeTests-Info.plist */ = {isa = PBXFileReference; lastKnownFileType = text.plist.xml; path = "ScrollViewChallengeTests-Info.plist"; sourceTree = "<group>"; };
		93568391192D376100A78477 /* en */ = {isa = PBXFileReference; lastKnownFileType = text.plist.strings; name = en; path = en.lproj/InfoPlist.strings; sourceTree = "<group>"; };
		93568393192D376100A78477 /* ScrollViewChallengeTests.m */ = {isa = PBXFileReference; lastKnownFileType = sourcecode.c.objc; path = ScrollViewChallengeTests.m; sourceTree = "<group>"; };
		9356839D192D388A00A78477 /* TMBPrincipalView.h */ = {isa = PBXFileReference; fileEncoding = 4; lastKnownFileType = sourcecode.c.h; path = TMBPrincipalView.h; sourceTree = "<group>"; };
		9356839E192D388A00A78477 /* TMBPrincipalView.m */ = {isa = PBXFileReference; fileEncoding = 4; lastKnownFileType = sourcecode.c.objc; path = TMBPrincipalView.m; sourceTree = "<group>"; };
		935683A0192D3F7E00A78477 /* TMBScrollView.h */ = {isa = PBXFileReference; fileEncoding = 4; lastKnownFileType = sourcecode.c.h; path = TMBScrollView.h; sourceTree = "<group>"; };
		935683A1192D3F7E00A78477 /* TMBScrollView.m */ = {isa = PBXFileReference; fileEncoding = 4; lastKnownFileType = sourcecode.c.objc; path = TMBScrollView.m; sourceTree = "<group>"; };
/* End PBXFileReference section */

/* Begin PBXFrameworksBuildPhase section */
		93568368192D376100A78477 /* Frameworks */ = {
			isa = PBXFrameworksBuildPhase;
			buildActionMask = 2147483647;
			files = (
				93568371192D376100A78477 /* CoreGraphics.framework in Frameworks */,
				93568373192D376100A78477 /* UIKit.framework in Frameworks */,
				9356836F192D376100A78477 /* Foundation.framework in Frameworks */,
			);
			runOnlyForDeploymentPostprocessing = 0;
		};
		93568383192D376100A78477 /* Frameworks */ = {
			isa = PBXFrameworksBuildPhase;
			buildActionMask = 2147483647;
			files = (
				93568388192D376100A78477 /* XCTest.framework in Frameworks */,
				9356838A192D376100A78477 /* UIKit.framework in Frameworks */,
				93568389192D376100A78477 /* Foundation.framework in Frameworks */,
			);
			runOnlyForDeploymentPostprocessing = 0;
		};
/* End PBXFrameworksBuildPhase section */

/* Begin PBXGroup section */
		93568362192D376100A78477 = {
			isa = PBXGroup;
			children = (
				93568374192D376100A78477 /* ScrollViewChallenge */,
				9356838D192D376100A78477 /* ScrollViewChallengeTests */,
				9356836D192D376100A78477 /* Frameworks */,
				9356836C192D376100A78477 /* Products */,
			);
			sourceTree = "<group>";
		};
		9356836C192D376100A78477 /* Products */ = {
			isa = PBXGroup;
			children = (
				9356836B192D376100A78477 /* ScrollViewChallenge.app */,
				93568386192D376100A78477 /* ScrollViewChallengeTests.xctest */,
			);
			name = Products;
			sourceTree = "<group>";
		};
		9356836D192D376100A78477 /* Frameworks */ = {
			isa = PBXGroup;
			children = (
				9356836E192D376100A78477 /* Foundation.framework */,
				93568370192D376100A78477 /* CoreGraphics.framework */,
				93568372192D376100A78477 /* UIKit.framework */,
				93568387192D376100A78477 /* XCTest.framework */,
			);
			name = Frameworks;
			sourceTree = "<group>";
		};
		93568374192D376100A78477 /* ScrollViewChallenge */ = {
			isa = PBXGroup;
			children = (
				9356837D192D376100A78477 /* TMBAppDelegate.h */,
				9356837E192D376100A78477 /* TMBAppDelegate.m */,
				9356839D192D388A00A78477 /* TMBPrincipalView.h */,
				935683A0192D3F7E00A78477 /* TMBScrollView.h */,
				935683A1192D3F7E00A78477 /* TMBScrollView.m */,
				9356839E192D388A00A78477 /* TMBPrincipalView.m */,
				93568380192D376100A78477 /* Images.xcassets */,
				93568375192D376100A78477 /* Supporting Files */,
			);
			path = ScrollViewChallenge;
			sourceTree = "<group>";
		};
		93568375192D376100A78477 /* Supporting Files */ = {
			isa = PBXGroup;
			children = (
				93568376192D376100A78477 /* ScrollViewChallenge-Info.plist */,
				93568377192D376100A78477 /* InfoPlist.strings */,
				9356837A192D376100A78477 /* main.m */,
				9356837C192D376100A78477 /* ScrollViewChallenge-Prefix.pch */,
			);
			name = "Supporting Files";
			sourceTree = "<group>";
		};
		9356838D192D376100A78477 /* ScrollViewChallengeTests */ = {
			isa = PBXGroup;
			children = (
				93568393192D376100A78477 /* ScrollViewChallengeTests.m */,
				9356838E192D376100A78477 /* Supporting Files */,
			);
			path = ScrollViewChallengeTests;
			sourceTree = "<group>";
		};
		9356838E192D376100A78477 /* Supporting Files */ = {
			isa = PBXGroup;
			children = (
				9356838F192D376100A78477 /* ScrollViewChallengeTests-Info.plist */,
				93568390192D376100A78477 /* InfoPlist.strings */,
			);
			name = "Supporting Files";
			sourceTree = "<group>";
		};
/* End PBXGroup section */

/* Begin PBXNativeTarget section */
		9356836A192D376100A78477 /* ScrollViewChallenge */ = {
			isa = PBXNativeTarget;
			buildConfigurationList = 93568397192D376100A78477 /* Build configuration list for PBXNativeTarget "ScrollViewChallenge" */;
			buildPhases = (
				93568367192D376100A78477 /* Sources */,
				93568368192D376100A78477 /* Frameworks */,
				93568369192D376100A78477 /* Resources */,
			);
			buildRules = (
			);
			dependencies = (
			);
			name = ScrollViewChallenge;
			productName = ScrollViewChallenge;
			productReference = 9356836B192D376100A78477 /* ScrollViewChallenge.app */;
			productType = "com.apple.product-type.application";
		};
		93568385192D376100A78477 /* ScrollViewChallengeTests */ = {
			isa = PBXNativeTarget;
			buildConfigurationList = 9356839A192D376100A78477 /* Build configuration list for PBXNativeTarget "ScrollViewChallengeTests" */;
			buildPhases = (
				93568382192D376100A78477 /* Sources */,
				93568383192D376100A78477 /* Frameworks */,
				93568384192D376100A78477 /* Resources */,
			);
			buildRules = (
			);
			dependencies = (
				9356838C192D376100A78477 /* PBXTargetDependency */,
			);
			name = ScrollViewChallengeTests;
			productName = ScrollViewChallengeTests;
			productReference = 93568386192D376100A78477 /* ScrollViewChallengeTests.xctest */;
			productType = "com.apple.product-type.bundle.unit-test";
		};
/* End PBXNativeTarget section */

/* Begin PBXProject section */
		93568363192D376100A78477 /* Project object */ = {
			isa = PBXProject;
			attributes = {
				CLASSPREFIX = TMB;
				LastUpgradeCheck = 0510;
				ORGANIZATIONNAME = Thiago;
				TargetAttributes = {
					93568385192D376100A78477 = {
						TestTargetID = 9356836A192D376100A78477;
					};
				};
			};
			buildConfigurationList = 93568366192D376100A78477 /* Build configuration list for PBXProject "ScrollViewChallenge" */;
			compatibilityVersion = "Xcode 3.2";
			developmentRegion = English;
			hasScannedForEncodings = 0;
			knownRegions = (
				en,
			);
			mainGroup = 93568362192D376100A78477;
			productRefGroup = 9356836C192D376100A78477 /* Products */;
			projectDirPath = "";
			projectRoot = "";
			targets = (
				9356836A192D376100A78477 /* ScrollViewChallenge */,
				93568385192D376100A78477 /* ScrollViewChallengeTests */,
			);
		};
/* End PBXProject section */

/* Begin PBXResourcesBuildPhase section */
		93568369192D376100A78477 /* Resources */ = {
			isa = PBXResourcesBuildPhase;
			buildActionMask = 2147483647;
			files = (
				93568379192D376100A78477 /* InfoPlist.strings in Resources */,
				93568381192D376100A78477 /* Images.xcassets in Resources */,
			);
			runOnlyForDeploymentPostprocessing = 0;
		};
		93568384192D376100A78477 /* Resources */ = {
			isa = PBXResourcesBuildPhase;
			buildActionMask = 2147483647;
			files = (
				93568392192D376100A78477 /* InfoPlist.strings in Resources */,
			);
			runOnlyForDeploymentPostprocessing = 0;
		};
/* End PBXResourcesBuildPhase section */

/* Begin PBXSourcesBuildPhase section */
		93568367192D376100A78477 /* Sources */ = {
			isa = PBXSourcesBuildPhase;
			buildActionMask = 2147483647;
			files = (
				9356837F192D376100A78477 /* TMBAppDelegate.m in Sources */,
				9356839F192D388A00A78477 /* TMBPrincipalView.m in Sources */,
				9356837B192D376100A78477 /* main.m in Sources */,
				935683A2192D3F7E00A78477 /* TMBScrollView.m in Sources */,
			);
			runOnlyForDeploymentPostprocessing = 0;
		};
		93568382192D376100A78477 /* Sources */ = {
			isa = PBXSourcesBuildPhase;
			buildActionMask = 2147483647;
			files = (
				93568394192D376100A78477 /* ScrollViewChallengeTests.m in Sources */,
			);
			runOnlyForDeploymentPostprocessing = 0;
		};
/* End PBXSourcesBuildPhase section */

/* Begin PBXTargetDependency section */
		9356838C192D376100A78477 /* PBXTargetDependency */ = {
			isa = PBXTargetDependency;
			target = 9356836A192D376100A78477 /* ScrollViewChallenge */;
			targetProxy = 9356838B192D376100A78477 /* PBXContainerItemProxy */;
		};
/* End PBXTargetDependency section */

/* Begin PBXVariantGroup section */
		93568377192D376100A78477 /* InfoPlist.strings */ = {
			isa = PBXVariantGroup;
			children = (
				93568378192D376100A78477 /* en */,
			);
			name = InfoPlist.strings;
			sourceTree = "<group>";
		};
		93568390192D376100A78477 /* InfoPlist.strings */ = {
			isa = PBXVariantGroup;
			children = (
				93568391192D376100A78477 /* en */,
			);
			name = InfoPlist.strings;
			sourceTree = "<group>";
		};
/* End PBXVariantGroup section */

/* Begin XCBuildConfiguration section */
		93568395192D376100A78477 /* Debug */ = {
			isa = XCBuildConfiguration;
			buildSettings = {
				ALWAYS_SEARCH_USER_PATHS = NO;
				CLANG_CXX_LANGUAGE_STANDARD = "gnu++0x";
				CLANG_CXX_LIBRARY = "libc++";
				CLANG_ENABLE_MODULES = YES;
				CLANG_ENABLE_OBJC_ARC = YES;
				CLANG_WARN_BOOL_CONVERSION = YES;
				CLANG_WARN_CONSTANT_CONVERSION = YES;
				CLANG_WARN_DIRECT_OBJC_ISA_USAGE = YES_ERROR;
				CLANG_WARN_EMPTY_BODY = YES;
				CLANG_WARN_ENUM_CONVERSION = YES;
				CLANG_WARN_INT_CONVERSION = YES;
				CLANG_WARN_OBJC_ROOT_CLASS = YES_ERROR;
				CLANG_WARN__DUPLICATE_METHOD_MATCH = YES;
				"CODE_SIGN_IDENTITY[sdk=iphoneos*]" = "iPhone Developer";
				COPY_PHASE_STRIP = NO;
				GCC_C_LANGUAGE_STANDARD = gnu99;
				GCC_DYNAMIC_NO_PIC = NO;
				GCC_OPTIMIZATION_LEVEL = 0;
				GCC_PREPROCESSOR_DEFINITIONS = (
					"DEBUG=1",
					"$(inherited)",
				);
				GCC_SYMBOLS_PRIVATE_EXTERN = NO;
				GCC_WARN_64_TO_32_BIT_CONVERSION = YES;
				GCC_WARN_ABOUT_RETURN_TYPE = YES_ERROR;
				GCC_WARN_UNDECLARED_SELECTOR = YES;
				GCC_WARN_UNINITIALIZED_AUTOS = YES_AGGRESSIVE;
				GCC_WARN_UNUSED_FUNCTION = YES;
				GCC_WARN_UNUSED_VARIABLE = YES;
				IPHONEOS_DEPLOYMENT_TARGET = 7.1;
				ONLY_ACTIVE_ARCH = YES;
				SDKROOT = iphoneos;
				TARGETED_DEVICE_FAMILY = "1,2";
			};
			name = Debug;
		};
		93568396192D376100A78477 /* Release */ = {
			isa = XCBuildConfiguration;
			buildSettings = {
				ALWAYS_SEARCH_USER_PATHS = NO;
				CLANG_CXX_LANGUAGE_STANDARD = "gnu++0x";
				CLANG_CXX_LIBRARY = "libc++";
				CLANG_ENABLE_MODULES = YES;
				CLANG_ENABLE_OBJC_ARC = YES;
				CLANG_WARN_BOOL_CONVERSION = YES;
				CLANG_WARN_CONSTANT_CONVERSION = YES;
				CLANG_WARN_DIRECT_OBJC_ISA_USAGE = YES_ERROR;
				CLANG_WARN_EMPTY_BODY = YES;
				CLANG_WARN_ENUM_CONVERSION = YES;
				CLANG_WARN_INT_CONVERSION = YES;
				CLANG_WARN_OBJC_ROOT_CLASS = YES_ERROR;
				CLANG_WARN__DUPLICATE_METHOD_MATCH = YES;
				"CODE_SIGN_IDENTITY[sdk=iphoneos*]" = "iPhone Developer";
				COPY_PHASE_STRIP = YES;
				ENABLE_NS_ASSERTIONS = NO;
				GCC_C_LANGUAGE_STANDARD = gnu99;
				GCC_WARN_64_TO_32_BIT_CONVERSION = YES;
				GCC_WARN_ABOUT_RETURN_TYPE = YES_ERROR;
				GCC_WARN_UNDECLARED_SELECTOR = YES;
				GCC_WARN_UNINITIALIZED_AUTOS = YES_AGGRESSIVE;
				GCC_WARN_UNUSED_FUNCTION = YES;
				GCC_WARN_UNUSED_VARIABLE = YES;
				IPHONEOS_DEPLOYMENT_TARGET = 7.1;
				SDKROOT = iphoneos;
				TARGETED_DEVICE_FAMILY = "1,2";
				VALIDATE_PRODUCT = YES;
			};
			name = Release;
		};
		93568398192D376100A78477 /* Debug */ = {
			isa = XCBuildConfiguration;
			buildSettings = {
				ASSETCATALOG_COMPILER_APPICON_NAME = AppIcon;
				ASSETCATALOG_COMPILER_LAUNCHIMAGE_NAME = LaunchImage;
				GCC_PRECOMPILE_PREFIX_HEADER = YES;
				GCC_PREFIX_HEADER = "ScrollViewChallenge/ScrollViewChallenge-Prefix.pch";
				INFOPLIST_FILE = "ScrollViewChallenge/ScrollViewChallenge-Info.plist";
				PRODUCT_NAME = "$(TARGET_NAME)";
				WRAPPER_EXTENSION = app;
			};
			name = Debug;
		};
		93568399192D376100A78477 /* Release */ = {
			isa = XCBuildConfiguration;
			buildSettings = {
				ASSETCATALOG_COMPILER_APPICON_NAME = AppIcon;
				ASSETCATALOG_COMPILER_LAUNCHIMAGE_NAME = LaunchImage;
				GCC_PRECOMPILE_PREFIX_HEADER = YES;
				GCC_PREFIX_HEADER = "ScrollViewChallenge/ScrollViewChallenge-Prefix.pch";
				INFOPLIST_FILE = "ScrollViewChallenge/ScrollViewChallenge-Info.plist";
				PRODUCT_NAME = "$(TARGET_NAME)";
				WRAPPER_EXTENSION = app;
			};
			name = Release;
		};
		9356839B192D376100A78477 /* Debug */ = {
			isa = XCBuildConfiguration;
			buildSettings = {
				BUNDLE_LOADER = "$(BUILT_PRODUCTS_DIR)/ScrollViewChallenge.app/ScrollViewChallenge";
				FRAMEWORK_SEARCH_PATHS = (
					"$(SDKROOT)/Developer/Library/Frameworks",
					"$(inherited)",
					"$(DEVELOPER_FRAMEWORKS_DIR)",
				);
				GCC_PRECOMPILE_PREFIX_HEADER = YES;
				GCC_PREFIX_HEADER = "ScrollViewChallenge/ScrollViewChallenge-Prefix.pch";
				GCC_PREPROCESSOR_DEFINITIONS = (
					"DEBUG=1",
					"$(inherited)",
				);
				INFOPLIST_FILE = "ScrollViewChallengeTests/ScrollViewChallengeTests-Info.plist";
				PRODUCT_NAME = "$(TARGET_NAME)";
				TEST_HOST = "$(BUNDLE_LOADER)";
				WRAPPER_EXTENSION = xctest;
			};
			name = Debug;
		};
		9356839C192D376100A78477 /* Release */ = {
			isa = XCBuildConfiguration;
			buildSettings = {
				BUNDLE_LOADER = "$(BUILT_PRODUCTS_DIR)/ScrollViewChallenge.app/ScrollViewChallenge";
				FRAMEWORK_SEARCH_PATHS = (
					"$(SDKROOT)/Developer/Library/Frameworks",
					"$(inherited)",
					"$(DEVELOPER_FRAMEWORKS_DIR)",
				);
				GCC_PRECOMPILE_PREFIX_HEADER = YES;
				GCC_PREFIX_HEADER = "ScrollViewChallenge/ScrollViewChallenge-Prefix.pch";
				INFOPLIST_FILE = "ScrollViewChallengeTests/ScrollViewChallengeTests-Info.plist";
				PRODUCT_NAME = "$(TARGET_NAME)";
				TEST_HOST = "$(BUNDLE_LOADER)";
				WRAPPER_EXTENSION = xctest;
			};
			name = Release;
		};
/* End XCBuildConfiguration section */

/* Begin XCConfigurationList section */
		93568366192D376100A78477 /* Build configuration list for PBXProject "ScrollViewChallenge" */ = {
			isa = XCConfigurationList;
			buildConfigurations = (
				93568395192D376100A78477 /* Debug */,
				93568396192D376100A78477 /* Release */,
			);
			defaultConfigurationIsVisible = 0;
			defaultConfigurationName = Release;
		};
		93568397192D376100A78477 /* Build configuration list for PBXNativeTarget "ScrollViewChallenge" */ = {
			isa = XCConfigurationList;
			buildConfigurations = (
				93568398192D376100A78477 /* Debug */,
				93568399192D376100A78477 /* Release */,
			);
			defaultConfigurationIsVisible = 0;
		};
		9356839A192D376100A78477 /* Build configuration list for PBXNativeTarget "ScrollViewChallengeTests" */ = {
			isa = XCConfigurationList;
			buildConfigurations = (
				9356839B192D376100A78477 /* Debug */,
				9356839C192D376100A78477 /* Release */,
			);
			defaultConfigurationIsVisible = 0;
		};
/* End XCConfigurationList section */
	};
	rootObject = 93568363192D376100A78477 /* Project object */;
}
