// !$*UTF8*$!
{
	archiveVersion = 1;
	classes = {
	};
	objectVersion = 46;
	objects = {

/* Begin PBXBuildFile section */
		A4FCE5BB19C8AFE6004A49EB /* Foundation.framework in Frameworks */ = {isa = PBXBuildFile; fileRef = A4FCE5BA19C8AFE6004A49EB /* Foundation.framework */; };
		A4FCE5BD19C8AFE6004A49EB /* CoreGraphics.framework in Frameworks */ = {isa = PBXBuildFile; fileRef = A4FCE5BC19C8AFE6004A49EB /* CoreGraphics.framework */; };
		A4FCE5BF19C8AFE6004A49EB /* UIKit.framework in Frameworks */ = {isa = PBXBuildFile; fileRef = A4FCE5BE19C8AFE6004A49EB /* UIKit.framework */; };
		A4FCE5C119C8AFE6004A49EB /* CoreData.framework in Frameworks */ = {isa = PBXBuildFile; fileRef = A4FCE5C019C8AFE6004A49EB /* CoreData.framework */; };
		A4FCE5C719C8AFE6004A49EB /* InfoPlist.strings in Resources */ = {isa = PBXBuildFile; fileRef = A4FCE5C519C8AFE6004A49EB /* InfoPlist.strings */; };
		A4FCE5C919C8AFE6004A49EB /* main.m in Sources */ = {isa = PBXBuildFile; fileRef = A4FCE5C819C8AFE6004A49EB /* main.m */; };
		A4FCE5CD19C8AFE6004A49EB /* TMBAppDelegate.m in Sources */ = {isa = PBXBuildFile; fileRef = A4FCE5CC19C8AFE6004A49EB /* TMBAppDelegate.m */; };
		A4FCE5D019C8AFE6004A49EB /* Challenge_20140916_UISplitViewController.xcdatamodeld in Sources */ = {isa = PBXBuildFile; fileRef = A4FCE5CE19C8AFE6004A49EB /* Challenge_20140916_UISplitViewController.xcdatamodeld */; };
		A4FCE5D219C8AFE6004A49EB /* Images.xcassets in Resources */ = {isa = PBXBuildFile; fileRef = A4FCE5D119C8AFE6004A49EB /* Images.xcassets */; };
		A4FCE5D919C8AFE6004A49EB /* XCTest.framework in Frameworks */ = {isa = PBXBuildFile; fileRef = A4FCE5D819C8AFE6004A49EB /* XCTest.framework */; };
		A4FCE5DA19C8AFE6004A49EB /* Foundation.framework in Frameworks */ = {isa = PBXBuildFile; fileRef = A4FCE5BA19C8AFE6004A49EB /* Foundation.framework */; };
		A4FCE5DB19C8AFE6004A49EB /* UIKit.framework in Frameworks */ = {isa = PBXBuildFile; fileRef = A4FCE5BE19C8AFE6004A49EB /* UIKit.framework */; };
		A4FCE5DC19C8AFE6004A49EB /* CoreData.framework in Frameworks */ = {isa = PBXBuildFile; fileRef = A4FCE5C019C8AFE6004A49EB /* CoreData.framework */; };
		A4FCE5E419C8AFE6004A49EB /* InfoPlist.strings in Resources */ = {isa = PBXBuildFile; fileRef = A4FCE5E219C8AFE6004A49EB /* InfoPlist.strings */; };
		A4FCE5E619C8AFE6004A49EB /* Challenge_20140916_UISplitViewControllerTests.m in Sources */ = {isa = PBXBuildFile; fileRef = A4FCE5E519C8AFE6004A49EB /* Challenge_20140916_UISplitViewControllerTests.m */; };
		A4FCE5F419C8B071004A49EB /* TMBItem.m in Sources */ = {isa = PBXBuildFile; fileRef = A4FCE5F319C8B071004A49EB /* TMBItem.m */; };
		A4FCE5F719C8B97C004A49EB /* TMBItemStore.m in Sources */ = {isa = PBXBuildFile; fileRef = A4FCE5F619C8B97C004A49EB /* TMBItemStore.m */; };
		A4FCE5FB19C8BE28004A49EB /* TMBDetailViewController.m in Sources */ = {isa = PBXBuildFile; fileRef = A4FCE5F919C8BE28004A49EB /* TMBDetailViewController.m */; };
		A4FCE5FC19C8BE28004A49EB /* TMBDetailViewController.xib in Resources */ = {isa = PBXBuildFile; fileRef = A4FCE5FA19C8BE28004A49EB /* TMBDetailViewController.xib */; };
		A4FCE60319C8C7AB004A49EB /* TMBTableViewController.m in Sources */ = {isa = PBXBuildFile; fileRef = A4FCE60119C8C7AB004A49EB /* TMBTableViewController.m */; };
/* End PBXBuildFile section */

/* Begin PBXContainerItemProxy section */
		A4FCE5DD19C8AFE6004A49EB /* PBXContainerItemProxy */ = {
			isa = PBXContainerItemProxy;
			containerPortal = A4FCE5AF19C8AFE6004A49EB /* Project object */;
			proxyType = 1;
			remoteGlobalIDString = A4FCE5B619C8AFE6004A49EB;
			remoteInfo = Challenge_20140916_UISplitViewController;
		};
/* End PBXContainerItemProxy section */

/* Begin PBXFileReference section */
		A4FCE5B719C8AFE6004A49EB /* Challenge_20140916_UISplitViewController.app */ = {isa = PBXFileReference; explicitFileType = wrapper.application; includeInIndex = 0; path = Challenge_20140916_UISplitViewController.app; sourceTree = BUILT_PRODUCTS_DIR; };
		A4FCE5BA19C8AFE6004A49EB /* Foundation.framework */ = {isa = PBXFileReference; lastKnownFileType = wrapper.framework; name = Foundation.framework; path = System/Library/Frameworks/Foundation.framework; sourceTree = SDKROOT; };
		A4FCE5BC19C8AFE6004A49EB /* CoreGraphics.framework */ = {isa = PBXFileReference; lastKnownFileType = wrapper.framework; name = CoreGraphics.framework; path = System/Library/Frameworks/CoreGraphics.framework; sourceTree = SDKROOT; };
		A4FCE5BE19C8AFE6004A49EB /* UIKit.framework */ = {isa = PBXFileReference; lastKnownFileType = wrapper.framework; name = UIKit.framework; path = System/Library/Frameworks/UIKit.framework; sourceTree = SDKROOT; };
		A4FCE5C019C8AFE6004A49EB /* CoreData.framework */ = {isa = PBXFileReference; lastKnownFileType = wrapper.framework; name = CoreData.framework; path = System/Library/Frameworks/CoreData.framework; sourceTree = SDKROOT; };
		A4FCE5C419C8AFE6004A49EB /* Challenge_20140916_UISplitViewController-Info.plist */ = {isa = PBXFileReference; lastKnownFileType = text.plist.xml; path = "Challenge_20140916_UISplitViewController-Info.plist"; sourceTree = "<group>"; };
		A4FCE5C619C8AFE6004A49EB /* en */ = {isa = PBXFileReference; lastKnownFileType = text.plist.strings; name = en; path = en.lproj/InfoPlist.strings; sourceTree = "<group>"; };
		A4FCE5C819C8AFE6004A49EB /* main.m */ = {isa = PBXFileReference; lastKnownFileType = sourcecode.c.objc; path = main.m; sourceTree = "<group>"; };
		A4FCE5CA19C8AFE6004A49EB /* Challenge_20140916_UISplitViewController-Prefix.pch */ = {isa = PBXFileReference; lastKnownFileType = sourcecode.c.h; path = "Challenge_20140916_UISplitViewController-Prefix.pch"; sourceTree = "<group>"; };
		A4FCE5CB19C8AFE6004A49EB /* TMBAppDelegate.h */ = {isa = PBXFileReference; lastKnownFileType = sourcecode.c.h; path = TMBAppDelegate.h; sourceTree = "<group>"; };
		A4FCE5CC19C8AFE6004A49EB /* TMBAppDelegate.m */ = {isa = PBXFileReference; lastKnownFileType = sourcecode.c.objc; path = TMBAppDelegate.m; sourceTree = "<group>"; };
		A4FCE5CF19C8AFE6004A49EB /* Challenge_20140916_UISplitViewController.xcdatamodel */ = {isa = PBXFileReference; lastKnownFileType = wrapper.xcdatamodel; path = Challenge_20140916_UISplitViewController.xcdatamodel; sourceTree = "<group>"; };
		A4FCE5D119C8AFE6004A49EB /* Images.xcassets */ = {isa = PBXFileReference; lastKnownFileType = folder.assetcatalog; path = Images.xcassets; sourceTree = "<group>"; };
		A4FCE5D719C8AFE6004A49EB /* Challenge_20140916_UISplitViewControllerTests.xctest */ = {isa = PBXFileReference; explicitFileType = wrapper.cfbundle; includeInIndex = 0; path = Challenge_20140916_UISplitViewControllerTests.xctest; sourceTree = BUILT_PRODUCTS_DIR; };
		A4FCE5D819C8AFE6004A49EB /* XCTest.framework */ = {isa = PBXFileReference; lastKnownFileType = wrapper.framework; name = XCTest.framework; path = Library/Frameworks/XCTest.framework; sourceTree = DEVELOPER_DIR; };
		A4FCE5E119C8AFE6004A49EB /* Challenge_20140916_UISplitViewControllerTests-Info.plist */ = {isa = PBXFileReference; lastKnownFileType = text.plist.xml; path = "Challenge_20140916_UISplitViewControllerTests-Info.plist"; sourceTree = "<group>"; };
		A4FCE5E319C8AFE6004A49EB /* en */ = {isa = PBXFileReference; lastKnownFileType = text.plist.strings; name = en; path = en.lproj/InfoPlist.strings; sourceTree = "<group>"; };
		A4FCE5E519C8AFE6004A49EB /* Challenge_20140916_UISplitViewControllerTests.m */ = {isa = PBXFileReference; lastKnownFileType = sourcecode.c.objc; path = Challenge_20140916_UISplitViewControllerTests.m; sourceTree = "<group>"; };
		A4FCE5F219C8B071004A49EB /* TMBItem.h */ = {isa = PBXFileReference; fileEncoding = 4; lastKnownFileType = sourcecode.c.h; path = TMBItem.h; sourceTree = "<group>"; };
		A4FCE5F319C8B071004A49EB /* TMBItem.m */ = {isa = PBXFileReference; fileEncoding = 4; lastKnownFileType = sourcecode.c.objc; path = TMBItem.m; sourceTree = "<group>"; };
		A4FCE5F519C8B97C004A49EB /* TMBItemStore.h */ = {isa = PBXFileReference; fileEncoding = 4; lastKnownFileType = sourcecode.c.h; path = TMBItemStore.h; sourceTree = "<group>"; };
		A4FCE5F619C8B97C004A49EB /* TMBItemStore.m */ = {isa = PBXFileReference; fileEncoding = 4; lastKnownFileType = sourcecode.c.objc; path = TMBItemStore.m; sourceTree = "<group>"; };
		A4FCE5F819C8BE28004A49EB /* TMBDetailViewController.h */ = {isa = PBXFileReference; fileEncoding = 4; lastKnownFileType = sourcecode.c.h; path = TMBDetailViewController.h; sourceTree = "<group>"; };
		A4FCE5F919C8BE28004A49EB /* TMBDetailViewController.m */ = {isa = PBXFileReference; fileEncoding = 4; lastKnownFileType = sourcecode.c.objc; path = TMBDetailViewController.m; sourceTree = "<group>"; };
		A4FCE5FA19C8BE28004A49EB /* TMBDetailViewController.xib */ = {isa = PBXFileReference; fileEncoding = 4; lastKnownFileType = file.xib; path = TMBDetailViewController.xib; sourceTree = "<group>"; };
		A4FCE60019C8C7AB004A49EB /* TMBTableViewController.h */ = {isa = PBXFileReference; fileEncoding = 4; lastKnownFileType = sourcecode.c.h; path = TMBTableViewController.h; sourceTree = "<group>"; };
		A4FCE60119C8C7AB004A49EB /* TMBTableViewController.m */ = {isa = PBXFileReference; fileEncoding = 4; lastKnownFileType = sourcecode.c.objc; path = TMBTableViewController.m; sourceTree = "<group>"; };
/* End PBXFileReference section */

/* Begin PBXFrameworksBuildPhase section */
		A4FCE5B419C8AFE6004A49EB /* Frameworks */ = {
			isa = PBXFrameworksBuildPhase;
			buildActionMask = 2147483647;
			files = (
				A4FCE5BD19C8AFE6004A49EB /* CoreGraphics.framework in Frameworks */,
				A4FCE5C119C8AFE6004A49EB /* CoreData.framework in Frameworks */,
				A4FCE5BF19C8AFE6004A49EB /* UIKit.framework in Frameworks */,
				A4FCE5BB19C8AFE6004A49EB /* Foundation.framework in Frameworks */,
			);
			runOnlyForDeploymentPostprocessing = 0;
		};
		A4FCE5D419C8AFE6004A49EB /* Frameworks */ = {
			isa = PBXFrameworksBuildPhase;
			buildActionMask = 2147483647;
			files = (
				A4FCE5D919C8AFE6004A49EB /* XCTest.framework in Frameworks */,
				A4FCE5DC19C8AFE6004A49EB /* CoreData.framework in Frameworks */,
				A4FCE5DB19C8AFE6004A49EB /* UIKit.framework in Frameworks */,
				A4FCE5DA19C8AFE6004A49EB /* Foundation.framework in Frameworks */,
			);
			runOnlyForDeploymentPostprocessing = 0;
		};
/* End PBXFrameworksBuildPhase section */

/* Begin PBXGroup section */
		A4FCE5AE19C8AFE6004A49EB = {
			isa = PBXGroup;
			children = (
				A4FCE5C219C8AFE6004A49EB /* Challenge_20140916_UISplitViewController */,
				A4FCE5DF19C8AFE6004A49EB /* Challenge_20140916_UISplitViewControllerTests */,
				A4FCE5B919C8AFE6004A49EB /* Frameworks */,
				A4FCE5B819C8AFE6004A49EB /* Products */,
			);
			sourceTree = "<group>";
		};
		A4FCE5B819C8AFE6004A49EB /* Products */ = {
			isa = PBXGroup;
			children = (
				A4FCE5B719C8AFE6004A49EB /* Challenge_20140916_UISplitViewController.app */,
				A4FCE5D719C8AFE6004A49EB /* Challenge_20140916_UISplitViewControllerTests.xctest */,
			);
			name = Products;
			sourceTree = "<group>";
		};
		A4FCE5B919C8AFE6004A49EB /* Frameworks */ = {
			isa = PBXGroup;
			children = (
				A4FCE5BA19C8AFE6004A49EB /* Foundation.framework */,
				A4FCE5BC19C8AFE6004A49EB /* CoreGraphics.framework */,
				A4FCE5BE19C8AFE6004A49EB /* UIKit.framework */,
				A4FCE5C019C8AFE6004A49EB /* CoreData.framework */,
				A4FCE5D819C8AFE6004A49EB /* XCTest.framework */,
			);
			name = Frameworks;
			sourceTree = "<group>";
		};
		A4FCE5C219C8AFE6004A49EB /* Challenge_20140916_UISplitViewController */ = {
			isa = PBXGroup;
			children = (
				A4FCE5CB19C8AFE6004A49EB /* TMBAppDelegate.h */,
				A4FCE5CC19C8AFE6004A49EB /* TMBAppDelegate.m */,
				A4FCE5F219C8B071004A49EB /* TMBItem.h */,
				A4FCE5F319C8B071004A49EB /* TMBItem.m */,
				A4FCE5F519C8B97C004A49EB /* TMBItemStore.h */,
				A4FCE5F619C8B97C004A49EB /* TMBItemStore.m */,
				A4FCE5F819C8BE28004A49EB /* TMBDetailViewController.h */,
				A4FCE5F919C8BE28004A49EB /* TMBDetailViewController.m */,
				A4FCE5FA19C8BE28004A49EB /* TMBDetailViewController.xib */,
				A4FCE60019C8C7AB004A49EB /* TMBTableViewController.h */,
				A4FCE60119C8C7AB004A49EB /* TMBTableViewController.m */,
				A4FCE5D119C8AFE6004A49EB /* Images.xcassets */,
				A4FCE5CE19C8AFE6004A49EB /* Challenge_20140916_UISplitViewController.xcdatamodeld */,
				A4FCE5C319C8AFE6004A49EB /* Supporting Files */,
			);
			path = Challenge_20140916_UISplitViewController;
			sourceTree = "<group>";
		};
		A4FCE5C319C8AFE6004A49EB /* Supporting Files */ = {
			isa = PBXGroup;
			children = (
				A4FCE5C419C8AFE6004A49EB /* Challenge_20140916_UISplitViewController-Info.plist */,
				A4FCE5C519C8AFE6004A49EB /* InfoPlist.strings */,
				A4FCE5C819C8AFE6004A49EB /* main.m */,
				A4FCE5CA19C8AFE6004A49EB /* Challenge_20140916_UISplitViewController-Prefix.pch */,
			);
			name = "Supporting Files";
			sourceTree = "<group>";
		};
		A4FCE5DF19C8AFE6004A49EB /* Challenge_20140916_UISplitViewControllerTests */ = {
			isa = PBXGroup;
			children = (
				A4FCE5E519C8AFE6004A49EB /* Challenge_20140916_UISplitViewControllerTests.m */,
				A4FCE5E019C8AFE6004A49EB /* Supporting Files */,
			);
			path = Challenge_20140916_UISplitViewControllerTests;
			sourceTree = "<group>";
		};
		A4FCE5E019C8AFE6004A49EB /* Supporting Files */ = {
			isa = PBXGroup;
			children = (
				A4FCE5E119C8AFE6004A49EB /* Challenge_20140916_UISplitViewControllerTests-Info.plist */,
				A4FCE5E219C8AFE6004A49EB /* InfoPlist.strings */,
			);
			name = "Supporting Files";
			sourceTree = "<group>";
		};
/* End PBXGroup section */

/* Begin PBXNativeTarget section */
		A4FCE5B619C8AFE6004A49EB /* Challenge_20140916_UISplitViewController */ = {
			isa = PBXNativeTarget;
			buildConfigurationList = A4FCE5E919C8AFE6004A49EB /* Build configuration list for PBXNativeTarget "Challenge_20140916_UISplitViewController" */;
			buildPhases = (
				A4FCE5B319C8AFE6004A49EB /* Sources */,
				A4FCE5B419C8AFE6004A49EB /* Frameworks */,
				A4FCE5B519C8AFE6004A49EB /* Resources */,
			);
			buildRules = (
			);
			dependencies = (
			);
			name = Challenge_20140916_UISplitViewController;
			productName = Challenge_20140916_UISplitViewController;
			productReference = A4FCE5B719C8AFE6004A49EB /* Challenge_20140916_UISplitViewController.app */;
			productType = "com.apple.product-type.application";
		};
		A4FCE5D619C8AFE6004A49EB /* Challenge_20140916_UISplitViewControllerTests */ = {
			isa = PBXNativeTarget;
			buildConfigurationList = A4FCE5EC19C8AFE6004A49EB /* Build configuration list for PBXNativeTarget "Challenge_20140916_UISplitViewControllerTests" */;
			buildPhases = (
				A4FCE5D319C8AFE6004A49EB /* Sources */,
				A4FCE5D419C8AFE6004A49EB /* Frameworks */,
				A4FCE5D519C8AFE6004A49EB /* Resources */,
			);
			buildRules = (
			);
			dependencies = (
				A4FCE5DE19C8AFE6004A49EB /* PBXTargetDependency */,
			);
			name = Challenge_20140916_UISplitViewControllerTests;
			productName = Challenge_20140916_UISplitViewControllerTests;
			productReference = A4FCE5D719C8AFE6004A49EB /* Challenge_20140916_UISplitViewControllerTests.xctest */;
			productType = "com.apple.product-type.bundle.unit-test";
		};
/* End PBXNativeTarget section */

/* Begin PBXProject section */
		A4FCE5AF19C8AFE6004A49EB /* Project object */ = {
			isa = PBXProject;
			attributes = {
				CLASSPREFIX = TMB;
				LastUpgradeCheck = 0510;
				ORGANIZATIONNAME = TMB;
				TargetAttributes = {
					A4FCE5D619C8AFE6004A49EB = {
						TestTargetID = A4FCE5B619C8AFE6004A49EB;
					};
				};
			};
			buildConfigurationList = A4FCE5B219C8AFE6004A49EB /* Build configuration list for PBXProject "Challenge_20140916_UISplitViewController" */;
			compatibilityVersion = "Xcode 3.2";
			developmentRegion = English;
			hasScannedForEncodings = 0;
			knownRegions = (
				en,
			);
			mainGroup = A4FCE5AE19C8AFE6004A49EB;
			productRefGroup = A4FCE5B819C8AFE6004A49EB /* Products */;
			projectDirPath = "";
			projectRoot = "";
			targets = (
				A4FCE5B619C8AFE6004A49EB /* Challenge_20140916_UISplitViewController */,
				A4FCE5D619C8AFE6004A49EB /* Challenge_20140916_UISplitViewControllerTests */,
			);
		};
/* End PBXProject section */

/* Begin PBXResourcesBuildPhase section */
		A4FCE5B519C8AFE6004A49EB /* Resources */ = {
			isa = PBXResourcesBuildPhase;
			buildActionMask = 2147483647;
			files = (
				A4FCE5FC19C8BE28004A49EB /* TMBDetailViewController.xib in Resources */,
				A4FCE5C719C8AFE6004A49EB /* InfoPlist.strings in Resources */,
				A4FCE5D219C8AFE6004A49EB /* Images.xcassets in Resources */,
			);
			runOnlyForDeploymentPostprocessing = 0;
		};
		A4FCE5D519C8AFE6004A49EB /* Resources */ = {
			isa = PBXResourcesBuildPhase;
			buildActionMask = 2147483647;
			files = (
				A4FCE5E419C8AFE6004A49EB /* InfoPlist.strings in Resources */,
			);
			runOnlyForDeploymentPostprocessing = 0;
		};
/* End PBXResourcesBuildPhase section */

/* Begin PBXSourcesBuildPhase section */
		A4FCE5B319C8AFE6004A49EB /* Sources */ = {
			isa = PBXSourcesBuildPhase;
			buildActionMask = 2147483647;
			files = (
				A4FCE5CD19C8AFE6004A49EB /* TMBAppDelegate.m in Sources */,
				A4FCE5D019C8AFE6004A49EB /* Challenge_20140916_UISplitViewController.xcdatamodeld in Sources */,
				A4FCE5F419C8B071004A49EB /* TMBItem.m in Sources */,
				A4FCE5C919C8AFE6004A49EB /* main.m in Sources */,
				A4FCE5F719C8B97C004A49EB /* TMBItemStore.m in Sources */,
				A4FCE60319C8C7AB004A49EB /* TMBTableViewController.m in Sources */,
				A4FCE5FB19C8BE28004A49EB /* TMBDetailViewController.m in Sources */,
			);
			runOnlyForDeploymentPostprocessing = 0;
		};
		A4FCE5D319C8AFE6004A49EB /* Sources */ = {
			isa = PBXSourcesBuildPhase;
			buildActionMask = 2147483647;
			files = (
				A4FCE5E619C8AFE6004A49EB /* Challenge_20140916_UISplitViewControllerTests.m in Sources */,
			);
			runOnlyForDeploymentPostprocessing = 0;
		};
/* End PBXSourcesBuildPhase section */

/* Begin PBXTargetDependency section */
		A4FCE5DE19C8AFE6004A49EB /* PBXTargetDependency */ = {
			isa = PBXTargetDependency;
			target = A4FCE5B619C8AFE6004A49EB /* Challenge_20140916_UISplitViewController */;
			targetProxy = A4FCE5DD19C8AFE6004A49EB /* PBXContainerItemProxy */;
		};
/* End PBXTargetDependency section */

/* Begin PBXVariantGroup section */
		A4FCE5C519C8AFE6004A49EB /* InfoPlist.strings */ = {
			isa = PBXVariantGroup;
			children = (
				A4FCE5C619C8AFE6004A49EB /* en */,
			);
			name = InfoPlist.strings;
			sourceTree = "<group>";
		};
		A4FCE5E219C8AFE6004A49EB /* InfoPlist.strings */ = {
			isa = PBXVariantGroup;
			children = (
				A4FCE5E319C8AFE6004A49EB /* en */,
			);
			name = InfoPlist.strings;
			sourceTree = "<group>";
		};
/* End PBXVariantGroup section */

/* Begin XCBuildConfiguration section */
		A4FCE5E719C8AFE6004A49EB /* Debug */ = {
			isa = XCBuildConfiguration;
			buildSettings = {
				ALWAYS_SEARCH_USER_PATHS = NO;
				CLANG_CXX_LANGUAGE_STANDARD = "gnu++0x";
				CLANG_CXX_LIBRARY = "libc++";
				CLANG_ENABLE_MODULES = YES;
				CLANG_ENABLE_OBJC_ARC = YES;
				CLANG_WARN_BOOL_CONVERSION = YES;
				CLANG_WARN_CONSTANT_CONVERSION = YES;
				CLANG_WARN_DIRECT_OBJC_ISA_USAGE = YES_ERROR;
				CLANG_WARN_EMPTY_BODY = YES;
				CLANG_WARN_ENUM_CONVERSION = YES;
				CLANG_WARN_INT_CONVERSION = YES;
				CLANG_WARN_OBJC_ROOT_CLASS = YES_ERROR;
				CLANG_WARN__DUPLICATE_METHOD_MATCH = YES;
				"CODE_SIGN_IDENTITY[sdk=iphoneos*]" = "iPhone Developer";
				COPY_PHASE_STRIP = NO;
				GCC_C_LANGUAGE_STANDARD = gnu99;
				GCC_DYNAMIC_NO_PIC = NO;
				GCC_OPTIMIZATION_LEVEL = 0;
				GCC_PREPROCESSOR_DEFINITIONS = (
					"DEBUG=1",
					"$(inherited)",
				);
				GCC_SYMBOLS_PRIVATE_EXTERN = NO;
				GCC_WARN_64_TO_32_BIT_CONVERSION = YES;
				GCC_WARN_ABOUT_RETURN_TYPE = YES_ERROR;
				GCC_WARN_UNDECLARED_SELECTOR = YES;
				GCC_WARN_UNINITIALIZED_AUTOS = YES_AGGRESSIVE;
				GCC_WARN_UNUSED_FUNCTION = YES;
				GCC_WARN_UNUSED_VARIABLE = YES;
				IPHONEOS_DEPLOYMENT_TARGET = 7.1;
				ONLY_ACTIVE_ARCH = YES;
				SDKROOT = iphoneos;
				TARGETED_DEVICE_FAMILY = "1,2";
			};
			name = Debug;
		};
		A4FCE5E819C8AFE6004A49EB /* Release */ = {
			isa = XCBuildConfiguration;
			buildSettings = {
				ALWAYS_SEARCH_USER_PATHS = NO;
				CLANG_CXX_LANGUAGE_STANDARD = "gnu++0x";
				CLANG_CXX_LIBRARY = "libc++";
				CLANG_ENABLE_MODULES = YES;
				CLANG_ENABLE_OBJC_ARC = YES;
				CLANG_WARN_BOOL_CONVERSION = YES;
				CLANG_WARN_CONSTANT_CONVERSION = YES;
				CLANG_WARN_DIRECT_OBJC_ISA_USAGE = YES_ERROR;
				CLANG_WARN_EMPTY_BODY = YES;
				CLANG_WARN_ENUM_CONVERSION = YES;
				CLANG_WARN_INT_CONVERSION = YES;
				CLANG_WARN_OBJC_ROOT_CLASS = YES_ERROR;
				CLANG_WARN__DUPLICATE_METHOD_MATCH = YES;
				"CODE_SIGN_IDENTITY[sdk=iphoneos*]" = "iPhone Developer";
				COPY_PHASE_STRIP = YES;
				ENABLE_NS_ASSERTIONS = NO;
				GCC_C_LANGUAGE_STANDARD = gnu99;
				GCC_WARN_64_TO_32_BIT_CONVERSION = YES;
				GCC_WARN_ABOUT_RETURN_TYPE = YES_ERROR;
				GCC_WARN_UNDECLARED_SELECTOR = YES;
				GCC_WARN_UNINITIALIZED_AUTOS = YES_AGGRESSIVE;
				GCC_WARN_UNUSED_FUNCTION = YES;
				GCC_WARN_UNUSED_VARIABLE = YES;
				IPHONEOS_DEPLOYMENT_TARGET = 7.1;
				SDKROOT = iphoneos;
				TARGETED_DEVICE_FAMILY = "1,2";
				VALIDATE_PRODUCT = YES;
			};
			name = Release;
		};
		A4FCE5EA19C8AFE6004A49EB /* Debug */ = {
			isa = XCBuildConfiguration;
			buildSettings = {
				ASSETCATALOG_COMPILER_APPICON_NAME = AppIcon;
				ASSETCATALOG_COMPILER_LAUNCHIMAGE_NAME = LaunchImage;
				GCC_PRECOMPILE_PREFIX_HEADER = YES;
				GCC_PREFIX_HEADER = "Challenge_20140916_UISplitViewController/Challenge_20140916_UISplitViewController-Prefix.pch";
				INFOPLIST_FILE = "Challenge_20140916_UISplitViewController/Challenge_20140916_UISplitViewController-Info.plist";
				PRODUCT_NAME = "$(TARGET_NAME)";
				WRAPPER_EXTENSION = app;
			};
			name = Debug;
		};
		A4FCE5EB19C8AFE6004A49EB /* Release */ = {
			isa = XCBuildConfiguration;
			buildSettings = {
				ASSETCATALOG_COMPILER_APPICON_NAME = AppIcon;
				ASSETCATALOG_COMPILER_LAUNCHIMAGE_NAME = LaunchImage;
				GCC_PRECOMPILE_PREFIX_HEADER = YES;
				GCC_PREFIX_HEADER = "Challenge_20140916_UISplitViewController/Challenge_20140916_UISplitViewController-Prefix.pch";
				INFOPLIST_FILE = "Challenge_20140916_UISplitViewController/Challenge_20140916_UISplitViewController-Info.plist";
				PRODUCT_NAME = "$(TARGET_NAME)";
				WRAPPER_EXTENSION = app;
			};
			name = Release;
		};
		A4FCE5ED19C8AFE6004A49EB /* Debug */ = {
			isa = XCBuildConfiguration;
			buildSettings = {
				BUNDLE_LOADER = "$(BUILT_PRODUCTS_DIR)/Challenge_20140916_UISplitViewController.app/Challenge_20140916_UISplitViewController";
				FRAMEWORK_SEARCH_PATHS = (
					"$(SDKROOT)/Developer/Library/Frameworks",
					"$(inherited)",
					"$(DEVELOPER_FRAMEWORKS_DIR)",
				);
				GCC_PRECOMPILE_PREFIX_HEADER = YES;
				GCC_PREFIX_HEADER = "Challenge_20140916_UISplitViewController/Challenge_20140916_UISplitViewController-Prefix.pch";
				GCC_PREPROCESSOR_DEFINITIONS = (
					"DEBUG=1",
					"$(inherited)",
				);
				INFOPLIST_FILE = "Challenge_20140916_UISplitViewControllerTests/Challenge_20140916_UISplitViewControllerTests-Info.plist";
				PRODUCT_NAME = "$(TARGET_NAME)";
				TEST_HOST = "$(BUNDLE_LOADER)";
				WRAPPER_EXTENSION = xctest;
			};
			name = Debug;
		};
		A4FCE5EE19C8AFE6004A49EB /* Release */ = {
			isa = XCBuildConfiguration;
			buildSettings = {
				BUNDLE_LOADER = "$(BUILT_PRODUCTS_DIR)/Challenge_20140916_UISplitViewController.app/Challenge_20140916_UISplitViewController";
				FRAMEWORK_SEARCH_PATHS = (
					"$(SDKROOT)/Developer/Library/Frameworks",
					"$(inherited)",
					"$(DEVELOPER_FRAMEWORKS_DIR)",
				);
				GCC_PRECOMPILE_PREFIX_HEADER = YES;
				GCC_PREFIX_HEADER = "Challenge_20140916_UISplitViewController/Challenge_20140916_UISplitViewController-Prefix.pch";
				INFOPLIST_FILE = "Challenge_20140916_UISplitViewControllerTests/Challenge_20140916_UISplitViewControllerTests-Info.plist";
				PRODUCT_NAME = "$(TARGET_NAME)";
				TEST_HOST = "$(BUNDLE_LOADER)";
				WRAPPER_EXTENSION = xctest;
			};
			name = Release;
		};
/* End XCBuildConfiguration section */

/* Begin XCConfigurationList section */
		A4FCE5B219C8AFE6004A49EB /* Build configuration list for PBXProject "Challenge_20140916_UISplitViewController" */ = {
			isa = XCConfigurationList;
			buildConfigurations = (
				A4FCE5E719C8AFE6004A49EB /* Debug */,
				A4FCE5E819C8AFE6004A49EB /* Release */,
			);
			defaultConfigurationIsVisible = 0;
			defaultConfigurationName = Release;
		};
		A4FCE5E919C8AFE6004A49EB /* Build configuration list for PBXNativeTarget "Challenge_20140916_UISplitViewController" */ = {
			isa = XCConfigurationList;
			buildConfigurations = (
				A4FCE5EA19C8AFE6004A49EB /* Debug */,
				A4FCE5EB19C8AFE6004A49EB /* Release */,
			);
			defaultConfigurationIsVisible = 0;
		};
		A4FCE5EC19C8AFE6004A49EB /* Build configuration list for PBXNativeTarget "Challenge_20140916_UISplitViewControllerTests" */ = {
			isa = XCConfigurationList;
			buildConfigurations = (
				A4FCE5ED19C8AFE6004A49EB /* Debug */,
				A4FCE5EE19C8AFE6004A49EB /* Release */,
			);
			defaultConfigurationIsVisible = 0;
		};
/* End XCConfigurationList section */

/* Begin XCVersionGroup section */
		A4FCE5CE19C8AFE6004A49EB /* Challenge_20140916_UISplitViewController.xcdatamodeld */ = {
			isa = XCVersionGroup;
			children = (
				A4FCE5CF19C8AFE6004A49EB /* Challenge_20140916_UISplitViewController.xcdatamodel */,
			);
			currentVersion = A4FCE5CF19C8AFE6004A49EB /* Challenge_20140916_UISplitViewController.xcdatamodel */;
			path = Challenge_20140916_UISplitViewController.xcdatamodeld;
			sourceTree = "<group>";
			versionGroupType = wrapper.xcdatamodel;
		};
/* End XCVersionGroup section */
	};
	rootObject = A4FCE5AF19C8AFE6004A49EB /* Project object */;
}
