// !$*UTF8*$!
{
	archiveVersion = 1;
	classes = {
	};
	objectVersion = 46;
	objects = {

/* Begin PBXBuildFile section */
		0A4D703D192FB76900FA3960 /* Foundation.framework in Frameworks */ = {isa = PBXBuildFile; fileRef = 0A4D703C192FB76900FA3960 /* Foundation.framework */; };
		0A4D703F192FB76900FA3960 /* CoreGraphics.framework in Frameworks */ = {isa = PBXBuildFile; fileRef = 0A4D703E192FB76900FA3960 /* CoreGraphics.framework */; };
		0A4D7041192FB76900FA3960 /* UIKit.framework in Frameworks */ = {isa = PBXBuildFile; fileRef = 0A4D7040192FB76900FA3960 /* UIKit.framework */; };
		0A4D7047192FB76900FA3960 /* InfoPlist.strings in Resources */ = {isa = PBXBuildFile; fileRef = 0A4D7045192FB76900FA3960 /* InfoPlist.strings */; };
		0A4D7049192FB76900FA3960 /* main.m in Sources */ = {isa = PBXBuildFile; fileRef = 0A4D7048192FB76900FA3960 /* main.m */; };
		0A4D704D192FB76900FA3960 /* TMBAppDelegate.m in Sources */ = {isa = PBXBuildFile; fileRef = 0A4D704C192FB76900FA3960 /* TMBAppDelegate.m */; };
		0A4D704F192FB76900FA3960 /* Images.xcassets in Resources */ = {isa = PBXBuildFile; fileRef = 0A4D704E192FB76900FA3960 /* Images.xcassets */; };
		0A4D7056192FB76900FA3960 /* XCTest.framework in Frameworks */ = {isa = PBXBuildFile; fileRef = 0A4D7055192FB76900FA3960 /* XCTest.framework */; };
		0A4D7057192FB76900FA3960 /* Foundation.framework in Frameworks */ = {isa = PBXBuildFile; fileRef = 0A4D703C192FB76900FA3960 /* Foundation.framework */; };
		0A4D7058192FB76900FA3960 /* UIKit.framework in Frameworks */ = {isa = PBXBuildFile; fileRef = 0A4D7040192FB76900FA3960 /* UIKit.framework */; };
		0A4D7060192FB76900FA3960 /* InfoPlist.strings in Resources */ = {isa = PBXBuildFile; fileRef = 0A4D705E192FB76900FA3960 /* InfoPlist.strings */; };
		0A4D7062192FB76900FA3960 /* App2Tests.m in Sources */ = {isa = PBXBuildFile; fileRef = 0A4D7061192FB76900FA3960 /* App2Tests.m */; };
/* End PBXBuildFile section */

/* Begin PBXContainerItemProxy section */
		0A4D7059192FB76900FA3960 /* PBXContainerItemProxy */ = {
			isa = PBXContainerItemProxy;
			containerPortal = 0A4D7031192FB76900FA3960 /* Project object */;
			proxyType = 1;
			remoteGlobalIDString = 0A4D7038192FB76900FA3960;
			remoteInfo = App2;
		};
/* End PBXContainerItemProxy section */

/* Begin PBXFileReference section */
		0A4D7039192FB76900FA3960 /* App2.app */ = {isa = PBXFileReference; explicitFileType = wrapper.application; includeInIndex = 0; path = App2.app; sourceTree = BUILT_PRODUCTS_DIR; };
		0A4D703C192FB76900FA3960 /* Foundation.framework */ = {isa = PBXFileReference; lastKnownFileType = wrapper.framework; name = Foundation.framework; path = System/Library/Frameworks/Foundation.framework; sourceTree = SDKROOT; };
		0A4D703E192FB76900FA3960 /* CoreGraphics.framework */ = {isa = PBXFileReference; lastKnownFileType = wrapper.framework; name = CoreGraphics.framework; path = System/Library/Frameworks/CoreGraphics.framework; sourceTree = SDKROOT; };
		0A4D7040192FB76900FA3960 /* UIKit.framework */ = {isa = PBXFileReference; lastKnownFileType = wrapper.framework; name = UIKit.framework; path = System/Library/Frameworks/UIKit.framework; sourceTree = SDKROOT; };
		0A4D7044192FB76900FA3960 /* App2-Info.plist */ = {isa = PBXFileReference; lastKnownFileType = text.plist.xml; path = "App2-Info.plist"; sourceTree = "<group>"; };
		0A4D7046192FB76900FA3960 /* en */ = {isa = PBXFileReference; lastKnownFileType = text.plist.strings; name = en; path = en.lproj/InfoPlist.strings; sourceTree = "<group>"; };
		0A4D7048192FB76900FA3960 /* main.m */ = {isa = PBXFileReference; lastKnownFileType = sourcecode.c.objc; path = main.m; sourceTree = "<group>"; };
		0A4D704A192FB76900FA3960 /* App2-Prefix.pch */ = {isa = PBXFileReference; lastKnownFileType = sourcecode.c.h; path = "App2-Prefix.pch"; sourceTree = "<group>"; };
		0A4D704B192FB76900FA3960 /* TMBAppDelegate.h */ = {isa = PBXFileReference; lastKnownFileType = sourcecode.c.h; path = TMBAppDelegate.h; sourceTree = "<group>"; };
		0A4D704C192FB76900FA3960 /* TMBAppDelegate.m */ = {isa = PBXFileReference; lastKnownFileType = sourcecode.c.objc; path = TMBAppDelegate.m; sourceTree = "<group>"; };
		0A4D704E192FB76900FA3960 /* Images.xcassets */ = {isa = PBXFileReference; lastKnownFileType = folder.assetcatalog; path = Images.xcassets; sourceTree = "<group>"; };
		0A4D7054192FB76900FA3960 /* App2Tests.xctest */ = {isa = PBXFileReference; explicitFileType = wrapper.cfbundle; includeInIndex = 0; path = App2Tests.xctest; sourceTree = BUILT_PRODUCTS_DIR; };
		0A4D7055192FB76900FA3960 /* XCTest.framework */ = {isa = PBXFileReference; lastKnownFileType = wrapper.framework; name = XCTest.framework; path = Library/Frameworks/XCTest.framework; sourceTree = DEVELOPER_DIR; };
		0A4D705D192FB76900FA3960 /* App2Tests-Info.plist */ = {isa = PBXFileReference; lastKnownFileType = text.plist.xml; path = "App2Tests-Info.plist"; sourceTree = "<group>"; };
		0A4D705F192FB76900FA3960 /* en */ = {isa = PBXFileReference; lastKnownFileType = text.plist.strings; name = en; path = en.lproj/InfoPlist.strings; sourceTree = "<group>"; };
		0A4D7061192FB76900FA3960 /* App2Tests.m */ = {isa = PBXFileReference; lastKnownFileType = sourcecode.c.objc; path = App2Tests.m; sourceTree = "<group>"; };
/* End PBXFileReference section */

/* Begin PBXFrameworksBuildPhase section */
		0A4D7036192FB76900FA3960 /* Frameworks */ = {
			isa = PBXFrameworksBuildPhase;
			buildActionMask = 2147483647;
			files = (
				0A4D703F192FB76900FA3960 /* CoreGraphics.framework in Frameworks */,
				0A4D7041192FB76900FA3960 /* UIKit.framework in Frameworks */,
				0A4D703D192FB76900FA3960 /* Foundation.framework in Frameworks */,
			);
			runOnlyForDeploymentPostprocessing = 0;
		};
		0A4D7051192FB76900FA3960 /* Frameworks */ = {
			isa = PBXFrameworksBuildPhase;
			buildActionMask = 2147483647;
			files = (
				0A4D7056192FB76900FA3960 /* XCTest.framework in Frameworks */,
				0A4D7058192FB76900FA3960 /* UIKit.framework in Frameworks */,
				0A4D7057192FB76900FA3960 /* Foundation.framework in Frameworks */,
			);
			runOnlyForDeploymentPostprocessing = 0;
		};
/* End PBXFrameworksBuildPhase section */

/* Begin PBXGroup section */
		0A4D7030192FB76900FA3960 = {
			isa = PBXGroup;
			children = (
				0A4D7042192FB76900FA3960 /* App2 */,
				0A4D705B192FB76900FA3960 /* App2Tests */,
				0A4D703B192FB76900FA3960 /* Frameworks */,
				0A4D703A192FB76900FA3960 /* Products */,
			);
			sourceTree = "<group>";
		};
		0A4D703A192FB76900FA3960 /* Products */ = {
			isa = PBXGroup;
			children = (
				0A4D7039192FB76900FA3960 /* App2.app */,
				0A4D7054192FB76900FA3960 /* App2Tests.xctest */,
			);
			name = Products;
			sourceTree = "<group>";
		};
		0A4D703B192FB76900FA3960 /* Frameworks */ = {
			isa = PBXGroup;
			children = (
				0A4D703C192FB76900FA3960 /* Foundation.framework */,
				0A4D703E192FB76900FA3960 /* CoreGraphics.framework */,
				0A4D7040192FB76900FA3960 /* UIKit.framework */,
				0A4D7055192FB76900FA3960 /* XCTest.framework */,
			);
			name = Frameworks;
			sourceTree = "<group>";
		};
		0A4D7042192FB76900FA3960 /* App2 */ = {
			isa = PBXGroup;
			children = (
				0A4D704B192FB76900FA3960 /* TMBAppDelegate.h */,
				0A4D704C192FB76900FA3960 /* TMBAppDelegate.m */,
				0A4D704E192FB76900FA3960 /* Images.xcassets */,
				0A4D7043192FB76900FA3960 /* Supporting Files */,
			);
			path = App2;
			sourceTree = "<group>";
		};
		0A4D7043192FB76900FA3960 /* Supporting Files */ = {
			isa = PBXGroup;
			children = (
				0A4D7044192FB76900FA3960 /* App2-Info.plist */,
				0A4D7045192FB76900FA3960 /* InfoPlist.strings */,
				0A4D7048192FB76900FA3960 /* main.m */,
				0A4D704A192FB76900FA3960 /* App2-Prefix.pch */,
			);
			name = "Supporting Files";
			sourceTree = "<group>";
		};
		0A4D705B192FB76900FA3960 /* App2Tests */ = {
			isa = PBXGroup;
			children = (
				0A4D7061192FB76900FA3960 /* App2Tests.m */,
				0A4D705C192FB76900FA3960 /* Supporting Files */,
			);
			path = App2Tests;
			sourceTree = "<group>";
		};
		0A4D705C192FB76900FA3960 /* Supporting Files */ = {
			isa = PBXGroup;
			children = (
				0A4D705D192FB76900FA3960 /* App2Tests-Info.plist */,
				0A4D705E192FB76900FA3960 /* InfoPlist.strings */,
			);
			name = "Supporting Files";
			sourceTree = "<group>";
		};
/* End PBXGroup section */

/* Begin PBXNativeTarget section */
		0A4D7038192FB76900FA3960 /* App2 */ = {
			isa = PBXNativeTarget;
			buildConfigurationList = 0A4D7065192FB76900FA3960 /* Build configuration list for PBXNativeTarget "App2" */;
			buildPhases = (
				0A4D7035192FB76900FA3960 /* Sources */,
				0A4D7036192FB76900FA3960 /* Frameworks */,
				0A4D7037192FB76900FA3960 /* Resources */,
			);
			buildRules = (
			);
			dependencies = (
			);
			name = App2;
			productName = App2;
			productReference = 0A4D7039192FB76900FA3960 /* App2.app */;
			productType = "com.apple.product-type.application";
		};
		0A4D7053192FB76900FA3960 /* App2Tests */ = {
			isa = PBXNativeTarget;
			buildConfigurationList = 0A4D7068192FB76900FA3960 /* Build configuration list for PBXNativeTarget "App2Tests" */;
			buildPhases = (
				0A4D7050192FB76900FA3960 /* Sources */,
				0A4D7051192FB76900FA3960 /* Frameworks */,
				0A4D7052192FB76900FA3960 /* Resources */,
			);
			buildRules = (
			);
			dependencies = (
				0A4D705A192FB76900FA3960 /* PBXTargetDependency */,
			);
			name = App2Tests;
			productName = App2Tests;
			productReference = 0A4D7054192FB76900FA3960 /* App2Tests.xctest */;
			productType = "com.apple.product-type.bundle.unit-test";
		};
/* End PBXNativeTarget section */

/* Begin PBXProject section */
		0A4D7031192FB76900FA3960 /* Project object */ = {
			isa = PBXProject;
			attributes = {
				CLASSPREFIX = TMB;
				LastUpgradeCheck = 0510;
				ORGANIZATIONNAME = BEPiD;
				TargetAttributes = {
					0A4D7053192FB76900FA3960 = {
						TestTargetID = 0A4D7038192FB76900FA3960;
					};
				};
			};
			buildConfigurationList = 0A4D7034192FB76900FA3960 /* Build configuration list for PBXProject "App2" */;
			compatibilityVersion = "Xcode 3.2";
			developmentRegion = English;
			hasScannedForEncodings = 0;
			knownRegions = (
				en,
			);
			mainGroup = 0A4D7030192FB76900FA3960;
			productRefGroup = 0A4D703A192FB76900FA3960 /* Products */;
			projectDirPath = "";
			projectRoot = "";
			targets = (
				0A4D7038192FB76900FA3960 /* App2 */,
				0A4D7053192FB76900FA3960 /* App2Tests */,
			);
		};
/* End PBXProject section */

/* Begin PBXResourcesBuildPhase section */
		0A4D7037192FB76900FA3960 /* Resources */ = {
			isa = PBXResourcesBuildPhase;
			buildActionMask = 2147483647;
			files = (
				0A4D7047192FB76900FA3960 /* InfoPlist.strings in Resources */,
				0A4D704F192FB76900FA3960 /* Images.xcassets in Resources */,
			);
			runOnlyForDeploymentPostprocessing = 0;
		};
		0A4D7052192FB76900FA3960 /* Resources */ = {
			isa = PBXResourcesBuildPhase;
			buildActionMask = 2147483647;
			files = (
				0A4D7060192FB76900FA3960 /* InfoPlist.strings in Resources */,
			);
			runOnlyForDeploymentPostprocessing = 0;
		};
/* End PBXResourcesBuildPhase section */

/* Begin PBXSourcesBuildPhase section */
		0A4D7035192FB76900FA3960 /* Sources */ = {
			isa = PBXSourcesBuildPhase;
			buildActionMask = 2147483647;
			files = (
				0A4D704D192FB76900FA3960 /* TMBAppDelegate.m in Sources */,
				0A4D7049192FB76900FA3960 /* main.m in Sources */,
			);
			runOnlyForDeploymentPostprocessing = 0;
		};
		0A4D7050192FB76900FA3960 /* Sources */ = {
			isa = PBXSourcesBuildPhase;
			buildActionMask = 2147483647;
			files = (
				0A4D7062192FB76900FA3960 /* App2Tests.m in Sources */,
			);
			runOnlyForDeploymentPostprocessing = 0;
		};
/* End PBXSourcesBuildPhase section */

/* Begin PBXTargetDependency section */
		0A4D705A192FB76900FA3960 /* PBXTargetDependency */ = {
			isa = PBXTargetDependency;
			target = 0A4D7038192FB76900FA3960 /* App2 */;
			targetProxy = 0A4D7059192FB76900FA3960 /* PBXContainerItemProxy */;
		};
/* End PBXTargetDependency section */

/* Begin PBXVariantGroup section */
		0A4D7045192FB76900FA3960 /* InfoPlist.strings */ = {
			isa = PBXVariantGroup;
			children = (
				0A4D7046192FB76900FA3960 /* en */,
			);
			name = InfoPlist.strings;
			sourceTree = "<group>";
		};
		0A4D705E192FB76900FA3960 /* InfoPlist.strings */ = {
			isa = PBXVariantGroup;
			children = (
				0A4D705F192FB76900FA3960 /* en */,
			);
			name = InfoPlist.strings;
			sourceTree = "<group>";
		};
/* End PBXVariantGroup section */

/* Begin XCBuildConfiguration section */
		0A4D7063192FB76900FA3960 /* Debug */ = {
			isa = XCBuildConfiguration;
			buildSettings = {
				ALWAYS_SEARCH_USER_PATHS = NO;
				CLANG_CXX_LANGUAGE_STANDARD = "gnu++0x";
				CLANG_CXX_LIBRARY = "libc++";
				CLANG_ENABLE_MODULES = YES;
				CLANG_ENABLE_OBJC_ARC = YES;
				CLANG_WARN_BOOL_CONVERSION = YES;
				CLANG_WARN_CONSTANT_CONVERSION = YES;
				CLANG_WARN_DIRECT_OBJC_ISA_USAGE = YES_ERROR;
				CLANG_WARN_EMPTY_BODY = YES;
				CLANG_WARN_ENUM_CONVERSION = YES;
				CLANG_WARN_INT_CONVERSION = YES;
				CLANG_WARN_OBJC_ROOT_CLASS = YES_ERROR;
				CLANG_WARN__DUPLICATE_METHOD_MATCH = YES;
				"CODE_SIGN_IDENTITY[sdk=iphoneos*]" = "iPhone Developer";
				COPY_PHASE_STRIP = NO;
				GCC_C_LANGUAGE_STANDARD = gnu99;
				GCC_DYNAMIC_NO_PIC = NO;
				GCC_OPTIMIZATION_LEVEL = 0;
				GCC_PREPROCESSOR_DEFINITIONS = (
					"DEBUG=1",
					"$(inherited)",
				);
				GCC_SYMBOLS_PRIVATE_EXTERN = NO;
				GCC_WARN_64_TO_32_BIT_CONVERSION = YES;
				GCC_WARN_ABOUT_RETURN_TYPE = YES_ERROR;
				GCC_WARN_UNDECLARED_SELECTOR = YES;
				GCC_WARN_UNINITIALIZED_AUTOS = YES_AGGRESSIVE;
				GCC_WARN_UNUSED_FUNCTION = YES;
				GCC_WARN_UNUSED_VARIABLE = YES;
				IPHONEOS_DEPLOYMENT_TARGET = 7.1;
				ONLY_ACTIVE_ARCH = YES;
				SDKROOT = iphoneos;
				TARGETED_DEVICE_FAMILY = "1,2";
			};
			name = Debug;
		};
		0A4D7064192FB76900FA3960 /* Release */ = {
			isa = XCBuildConfiguration;
			buildSettings = {
				ALWAYS_SEARCH_USER_PATHS = NO;
				CLANG_CXX_LANGUAGE_STANDARD = "gnu++0x";
				CLANG_CXX_LIBRARY = "libc++";
				CLANG_ENABLE_MODULES = YES;
				CLANG_ENABLE_OBJC_ARC = YES;
				CLANG_WARN_BOOL_CONVERSION = YES;
				CLANG_WARN_CONSTANT_CONVERSION = YES;
				CLANG_WARN_DIRECT_OBJC_ISA_USAGE = YES_ERROR;
				CLANG_WARN_EMPTY_BODY = YES;
				CLANG_WARN_ENUM_CONVERSION = YES;
				CLANG_WARN_INT_CONVERSION = YES;
				CLANG_WARN_OBJC_ROOT_CLASS = YES_ERROR;
				CLANG_WARN__DUPLICATE_METHOD_MATCH = YES;
				"CODE_SIGN_IDENTITY[sdk=iphoneos*]" = "iPhone Developer";
				COPY_PHASE_STRIP = YES;
				ENABLE_NS_ASSERTIONS = NO;
				GCC_C_LANGUAGE_STANDARD = gnu99;
				GCC_WARN_64_TO_32_BIT_CONVERSION = YES;
				GCC_WARN_ABOUT_RETURN_TYPE = YES_ERROR;
				GCC_WARN_UNDECLARED_SELECTOR = YES;
				GCC_WARN_UNINITIALIZED_AUTOS = YES_AGGRESSIVE;
				GCC_WARN_UNUSED_FUNCTION = YES;
				GCC_WARN_UNUSED_VARIABLE = YES;
				IPHONEOS_DEPLOYMENT_TARGET = 7.1;
				SDKROOT = iphoneos;
				TARGETED_DEVICE_FAMILY = "1,2";
				VALIDATE_PRODUCT = YES;
			};
			name = Release;
		};
		0A4D7066192FB76900FA3960 /* Debug */ = {
			isa = XCBuildConfiguration;
			buildSettings = {
				ASSETCATALOG_COMPILER_APPICON_NAME = AppIcon;
				ASSETCATALOG_COMPILER_LAUNCHIMAGE_NAME = LaunchImage;
				GCC_PRECOMPILE_PREFIX_HEADER = YES;
				GCC_PREFIX_HEADER = "App2/App2-Prefix.pch";
				INFOPLIST_FILE = "App2/App2-Info.plist";
				PRODUCT_NAME = "$(TARGET_NAME)";
				WRAPPER_EXTENSION = app;
			};
			name = Debug;
		};
		0A4D7067192FB76900FA3960 /* Release */ = {
			isa = XCBuildConfiguration;
			buildSettings = {
				ASSETCATALOG_COMPILER_APPICON_NAME = AppIcon;
				ASSETCATALOG_COMPILER_LAUNCHIMAGE_NAME = LaunchImage;
				GCC_PRECOMPILE_PREFIX_HEADER = YES;
				GCC_PREFIX_HEADER = "App2/App2-Prefix.pch";
				INFOPLIST_FILE = "App2/App2-Info.plist";
				PRODUCT_NAME = "$(TARGET_NAME)";
				WRAPPER_EXTENSION = app;
			};
			name = Release;
		};
		0A4D7069192FB76900FA3960 /* Debug */ = {
			isa = XCBuildConfiguration;
			buildSettings = {
				BUNDLE_LOADER = "$(BUILT_PRODUCTS_DIR)/App2.app/App2";
				FRAMEWORK_SEARCH_PATHS = (
					"$(SDKROOT)/Developer/Library/Frameworks",
					"$(inherited)",
					"$(DEVELOPER_FRAMEWORKS_DIR)",
				);
				GCC_PRECOMPILE_PREFIX_HEADER = YES;
				GCC_PREFIX_HEADER = "App2/App2-Prefix.pch";
				GCC_PREPROCESSOR_DEFINITIONS = (
					"DEBUG=1",
					"$(inherited)",
				);
				INFOPLIST_FILE = "App2Tests/App2Tests-Info.plist";
				PRODUCT_NAME = "$(TARGET_NAME)";
				TEST_HOST = "$(BUNDLE_LOADER)";
				WRAPPER_EXTENSION = xctest;
			};
			name = Debug;
		};
		0A4D706A192FB76900FA3960 /* Release */ = {
			isa = XCBuildConfiguration;
			buildSettings = {
				BUNDLE_LOADER = "$(BUILT_PRODUCTS_DIR)/App2.app/App2";
				FRAMEWORK_SEARCH_PATHS = (
					"$(SDKROOT)/Developer/Library/Frameworks",
					"$(inherited)",
					"$(DEVELOPER_FRAMEWORKS_DIR)",
				);
				GCC_PRECOMPILE_PREFIX_HEADER = YES;
				GCC_PREFIX_HEADER = "App2/App2-Prefix.pch";
				INFOPLIST_FILE = "App2Tests/App2Tests-Info.plist";
				PRODUCT_NAME = "$(TARGET_NAME)";
				TEST_HOST = "$(BUNDLE_LOADER)";
				WRAPPER_EXTENSION = xctest;
			};
			name = Release;
		};
/* End XCBuildConfiguration section */

/* Begin XCConfigurationList section */
		0A4D7034192FB76900FA3960 /* Build configuration list for PBXProject "App2" */ = {
			isa = XCConfigurationList;
			buildConfigurations = (
				0A4D7063192FB76900FA3960 /* Debug */,
				0A4D7064192FB76900FA3960 /* Release */,
			);
			defaultConfigurationIsVisible = 0;
			defaultConfigurationName = Release;
		};
		0A4D7065192FB76900FA3960 /* Build configuration list for PBXNativeTarget "App2" */ = {
			isa = XCConfigurationList;
			buildConfigurations = (
				0A4D7066192FB76900FA3960 /* Debug */,
				0A4D7067192FB76900FA3960 /* Release */,
			);
			defaultConfigurationIsVisible = 0;
		};
		0A4D7068192FB76900FA3960 /* Build configuration list for PBXNativeTarget "App2Tests" */ = {
			isa = XCConfigurationList;
			buildConfigurations = (
				0A4D7069192FB76900FA3960 /* Debug */,
				0A4D706A192FB76900FA3960 /* Release */,
			);
			defaultConfigurationIsVisible = 0;
		};
/* End XCConfigurationList section */
	};
	rootObject = 0A4D7031192FB76900FA3960 /* Project object */;
}
