// !$*UTF8*$!
{
	archiveVersion = 1;
	classes = {
	};
	objectVersion = 46;
	objects = {

/* Begin PBXBuildFile section */
		A4EC18A41988139500D96725 /* Foundation.framework in Frameworks */ = {isa = PBXBuildFile; fileRef = A4EC18A31988139500D96725 /* Foundation.framework */; };
		A4EC18A61988139500D96725 /* CoreGraphics.framework in Frameworks */ = {isa = PBXBuildFile; fileRef = A4EC18A51988139500D96725 /* CoreGraphics.framework */; };
		A4EC18A81988139500D96725 /* UIKit.framework in Frameworks */ = {isa = PBXBuildFile; fileRef = A4EC18A71988139500D96725 /* UIKit.framework */; };
		A4EC18AA1988139500D96725 /* CoreData.framework in Frameworks */ = {isa = PBXBuildFile; fileRef = A4EC18A91988139500D96725 /* CoreData.framework */; };
		A4EC18B01988139500D96725 /* InfoPlist.strings in Resources */ = {isa = PBXBuildFile; fileRef = A4EC18AE1988139500D96725 /* InfoPlist.strings */; };
		A4EC18B21988139500D96725 /* main.m in Sources */ = {isa = PBXBuildFile; fileRef = A4EC18B11988139500D96725 /* main.m */; };
		A4EC18B61988139500D96725 /* TMBAppDelegate.m in Sources */ = {isa = PBXBuildFile; fileRef = A4EC18B51988139500D96725 /* TMBAppDelegate.m */; };
		A4EC18B91988139500D96725 /* Main_iPhone.storyboard in Resources */ = {isa = PBXBuildFile; fileRef = A4EC18B71988139500D96725 /* Main_iPhone.storyboard */; };
		A4EC18BC1988139500D96725 /* Main_iPad.storyboard in Resources */ = {isa = PBXBuildFile; fileRef = A4EC18BA1988139500D96725 /* Main_iPad.storyboard */; };
		A4EC18BF1988139500D96725 /* ControllingSource.xcdatamodeld in Sources */ = {isa = PBXBuildFile; fileRef = A4EC18BD1988139500D96725 /* ControllingSource.xcdatamodeld */; };
		A4EC18C21988139500D96725 /* TMBMasterViewController.m in Sources */ = {isa = PBXBuildFile; fileRef = A4EC18C11988139500D96725 /* TMBMasterViewController.m */; };
		A4EC18C51988139500D96725 /* TMBDetailViewController.m in Sources */ = {isa = PBXBuildFile; fileRef = A4EC18C41988139500D96725 /* TMBDetailViewController.m */; };
		A4EC18C71988139500D96725 /* Images.xcassets in Resources */ = {isa = PBXBuildFile; fileRef = A4EC18C61988139500D96725 /* Images.xcassets */; };
		A4EC18CE1988139500D96725 /* XCTest.framework in Frameworks */ = {isa = PBXBuildFile; fileRef = A4EC18CD1988139500D96725 /* XCTest.framework */; };
		A4EC18CF1988139500D96725 /* Foundation.framework in Frameworks */ = {isa = PBXBuildFile; fileRef = A4EC18A31988139500D96725 /* Foundation.framework */; };
		A4EC18D01988139500D96725 /* UIKit.framework in Frameworks */ = {isa = PBXBuildFile; fileRef = A4EC18A71988139500D96725 /* UIKit.framework */; };
		A4EC18D11988139500D96725 /* CoreData.framework in Frameworks */ = {isa = PBXBuildFile; fileRef = A4EC18A91988139500D96725 /* CoreData.framework */; };
		A4EC18D91988139500D96725 /* InfoPlist.strings in Resources */ = {isa = PBXBuildFile; fileRef = A4EC18D71988139500D96725 /* InfoPlist.strings */; };
		A4EC18DB1988139500D96725 /* ControllingSourceTests.m in Sources */ = {isa = PBXBuildFile; fileRef = A4EC18DA1988139500D96725 /* ControllingSourceTests.m */; };
/* End PBXBuildFile section */

/* Begin PBXContainerItemProxy section */
		A4EC18D21988139500D96725 /* PBXContainerItemProxy */ = {
			isa = PBXContainerItemProxy;
			containerPortal = A4EC18981988139500D96725 /* Project object */;
			proxyType = 1;
			remoteGlobalIDString = A4EC189F1988139500D96725;
			remoteInfo = ControllingSource;
		};
/* End PBXContainerItemProxy section */

/* Begin PBXFileReference section */
		A4EC18A01988139500D96725 /* ControllingSource.app */ = {isa = PBXFileReference; explicitFileType = wrapper.application; includeInIndex = 0; path = ControllingSource.app; sourceTree = BUILT_PRODUCTS_DIR; };
		A4EC18A31988139500D96725 /* Foundation.framework */ = {isa = PBXFileReference; lastKnownFileType = wrapper.framework; name = Foundation.framework; path = System/Library/Frameworks/Foundation.framework; sourceTree = SDKROOT; };
		A4EC18A51988139500D96725 /* CoreGraphics.framework */ = {isa = PBXFileReference; lastKnownFileType = wrapper.framework; name = CoreGraphics.framework; path = System/Library/Frameworks/CoreGraphics.framework; sourceTree = SDKROOT; };
		A4EC18A71988139500D96725 /* UIKit.framework */ = {isa = PBXFileReference; lastKnownFileType = wrapper.framework; name = UIKit.framework; path = System/Library/Frameworks/UIKit.framework; sourceTree = SDKROOT; };
		A4EC18A91988139500D96725 /* CoreData.framework */ = {isa = PBXFileReference; lastKnownFileType = wrapper.framework; name = CoreData.framework; path = System/Library/Frameworks/CoreData.framework; sourceTree = SDKROOT; };
		A4EC18AD1988139500D96725 /* ControllingSource-Info.plist */ = {isa = PBXFileReference; lastKnownFileType = text.plist.xml; path = "ControllingSource-Info.plist"; sourceTree = "<group>"; };
		A4EC18AF1988139500D96725 /* en */ = {isa = PBXFileReference; lastKnownFileType = text.plist.strings; name = en; path = en.lproj/InfoPlist.strings; sourceTree = "<group>"; };
		A4EC18B11988139500D96725 /* main.m */ = {isa = PBXFileReference; lastKnownFileType = sourcecode.c.objc; path = main.m; sourceTree = "<group>"; };
		A4EC18B31988139500D96725 /* ControllingSource-Prefix.pch */ = {isa = PBXFileReference; lastKnownFileType = sourcecode.c.h; path = "ControllingSource-Prefix.pch"; sourceTree = "<group>"; };
		A4EC18B41988139500D96725 /* TMBAppDelegate.h */ = {isa = PBXFileReference; lastKnownFileType = sourcecode.c.h; path = TMBAppDelegate.h; sourceTree = "<group>"; };
		A4EC18B51988139500D96725 /* TMBAppDelegate.m */ = {isa = PBXFileReference; lastKnownFileType = sourcecode.c.objc; path = TMBAppDelegate.m; sourceTree = "<group>"; };
		A4EC18B81988139500D96725 /* Base */ = {isa = PBXFileReference; lastKnownFileType = file.storyboard; name = Base; path = Base.lproj/Main_iPhone.storyboard; sourceTree = "<group>"; };
		A4EC18BB1988139500D96725 /* Base */ = {isa = PBXFileReference; lastKnownFileType = file.storyboard; name = Base; path = Base.lproj/Main_iPad.storyboard; sourceTree = "<group>"; };
		A4EC18BE1988139500D96725 /* ControllingSource.xcdatamodel */ = {isa = PBXFileReference; lastKnownFileType = wrapper.xcdatamodel; path = ControllingSource.xcdatamodel; sourceTree = "<group>"; };
		A4EC18C01988139500D96725 /* TMBMasterViewController.h */ = {isa = PBXFileReference; lastKnownFileType = sourcecode.c.h; path = TMBMasterViewController.h; sourceTree = "<group>"; };
		A4EC18C11988139500D96725 /* TMBMasterViewController.m */ = {isa = PBXFileReference; lastKnownFileType = sourcecode.c.objc; path = TMBMasterViewController.m; sourceTree = "<group>"; };
		A4EC18C31988139500D96725 /* TMBDetailViewController.h */ = {isa = PBXFileReference; lastKnownFileType = sourcecode.c.h; path = TMBDetailViewController.h; sourceTree = "<group>"; };
		A4EC18C41988139500D96725 /* TMBDetailViewController.m */ = {isa = PBXFileReference; lastKnownFileType = sourcecode.c.objc; path = TMBDetailViewController.m; sourceTree = "<group>"; };
		A4EC18C61988139500D96725 /* Images.xcassets */ = {isa = PBXFileReference; lastKnownFileType = folder.assetcatalog; path = Images.xcassets; sourceTree = "<group>"; };
		A4EC18CC1988139500D96725 /* ControllingSourceTests.xctest */ = {isa = PBXFileReference; explicitFileType = wrapper.cfbundle; includeInIndex = 0; path = ControllingSourceTests.xctest; sourceTree = BUILT_PRODUCTS_DIR; };
		A4EC18CD1988139500D96725 /* XCTest.framework */ = {isa = PBXFileReference; lastKnownFileType = wrapper.framework; name = XCTest.framework; path = Library/Frameworks/XCTest.framework; sourceTree = DEVELOPER_DIR; };
		A4EC18D61988139500D96725 /* ControllingSourceTests-Info.plist */ = {isa = PBXFileReference; lastKnownFileType = text.plist.xml; path = "ControllingSourceTests-Info.plist"; sourceTree = "<group>"; };
		A4EC18D81988139500D96725 /* en */ = {isa = PBXFileReference; lastKnownFileType = text.plist.strings; name = en; path = en.lproj/InfoPlist.strings; sourceTree = "<group>"; };
		A4EC18DA1988139500D96725 /* ControllingSourceTests.m */ = {isa = PBXFileReference; lastKnownFileType = sourcecode.c.objc; path = ControllingSourceTests.m; sourceTree = "<group>"; };
/* End PBXFileReference section */

/* Begin PBXFrameworksBuildPhase section */
		A4EC189D1988139500D96725 /* Frameworks */ = {
			isa = PBXFrameworksBuildPhase;
			buildActionMask = 2147483647;
			files = (
				A4EC18A61988139500D96725 /* CoreGraphics.framework in Frameworks */,
				A4EC18AA1988139500D96725 /* CoreData.framework in Frameworks */,
				A4EC18A81988139500D96725 /* UIKit.framework in Frameworks */,
				A4EC18A41988139500D96725 /* Foundation.framework in Frameworks */,
			);
			runOnlyForDeploymentPostprocessing = 0;
		};
		A4EC18C91988139500D96725 /* Frameworks */ = {
			isa = PBXFrameworksBuildPhase;
			buildActionMask = 2147483647;
			files = (
				A4EC18CE1988139500D96725 /* XCTest.framework in Frameworks */,
				A4EC18D11988139500D96725 /* CoreData.framework in Frameworks */,
				A4EC18D01988139500D96725 /* UIKit.framework in Frameworks */,
				A4EC18CF1988139500D96725 /* Foundation.framework in Frameworks */,
			);
			runOnlyForDeploymentPostprocessing = 0;
		};
/* End PBXFrameworksBuildPhase section */

/* Begin PBXGroup section */
		A4EC18971988139500D96725 = {
			isa = PBXGroup;
			children = (
				A4EC18AB1988139500D96725 /* ControllingSource */,
				A4EC18D41988139500D96725 /* ControllingSourceTests */,
				A4EC18A21988139500D96725 /* Frameworks */,
				A4EC18A11988139500D96725 /* Products */,
			);
			sourceTree = "<group>";
		};
		A4EC18A11988139500D96725 /* Products */ = {
			isa = PBXGroup;
			children = (
				A4EC18A01988139500D96725 /* ControllingSource.app */,
				A4EC18CC1988139500D96725 /* ControllingSourceTests.xctest */,
			);
			name = Products;
			sourceTree = "<group>";
		};
		A4EC18A21988139500D96725 /* Frameworks */ = {
			isa = PBXGroup;
			children = (
				A4EC18A31988139500D96725 /* Foundation.framework */,
				A4EC18A51988139500D96725 /* CoreGraphics.framework */,
				A4EC18A71988139500D96725 /* UIKit.framework */,
				A4EC18A91988139500D96725 /* CoreData.framework */,
				A4EC18CD1988139500D96725 /* XCTest.framework */,
			);
			name = Frameworks;
			sourceTree = "<group>";
		};
		A4EC18AB1988139500D96725 /* ControllingSource */ = {
			isa = PBXGroup;
			children = (
				A4EC18B41988139500D96725 /* TMBAppDelegate.h */,
				A4EC18B51988139500D96725 /* TMBAppDelegate.m */,
				A4EC18B71988139500D96725 /* Main_iPhone.storyboard */,
				A4EC18BA1988139500D96725 /* Main_iPad.storyboard */,
				A4EC18C01988139500D96725 /* TMBMasterViewController.h */,
				A4EC18C11988139500D96725 /* TMBMasterViewController.m */,
				A4EC18C31988139500D96725 /* TMBDetailViewController.h */,
				A4EC18C41988139500D96725 /* TMBDetailViewController.m */,
				A4EC18C61988139500D96725 /* Images.xcassets */,
				A4EC18BD1988139500D96725 /* ControllingSource.xcdatamodeld */,
				A4EC18AC1988139500D96725 /* Supporting Files */,
			);
			path = ControllingSource;
			sourceTree = "<group>";
		};
		A4EC18AC1988139500D96725 /* Supporting Files */ = {
			isa = PBXGroup;
			children = (
				A4EC18AD1988139500D96725 /* ControllingSource-Info.plist */,
				A4EC18AE1988139500D96725 /* InfoPlist.strings */,
				A4EC18B11988139500D96725 /* main.m */,
				A4EC18B31988139500D96725 /* ControllingSource-Prefix.pch */,
			);
			name = "Supporting Files";
			sourceTree = "<group>";
		};
		A4EC18D41988139500D96725 /* ControllingSourceTests */ = {
			isa = PBXGroup;
			children = (
				A4EC18DA1988139500D96725 /* ControllingSourceTests.m */,
				A4EC18D51988139500D96725 /* Supporting Files */,
			);
			path = ControllingSourceTests;
			sourceTree = "<group>";
		};
		A4EC18D51988139500D96725 /* Supporting Files */ = {
			isa = PBXGroup;
			children = (
				A4EC18D61988139500D96725 /* ControllingSourceTests-Info.plist */,
				A4EC18D71988139500D96725 /* InfoPlist.strings */,
			);
			name = "Supporting Files";
			sourceTree = "<group>";
		};
/* End PBXGroup section */

/* Begin PBXNativeTarget section */
		A4EC189F1988139500D96725 /* ControllingSource */ = {
			isa = PBXNativeTarget;
			buildConfigurationList = A4EC18DE1988139500D96725 /* Build configuration list for PBXNativeTarget "ControllingSource" */;
			buildPhases = (
				A4EC189C1988139500D96725 /* Sources */,
				A4EC189D1988139500D96725 /* Frameworks */,
				A4EC189E1988139500D96725 /* Resources */,
			);
			buildRules = (
			);
			dependencies = (
			);
			name = ControllingSource;
			productName = ControllingSource;
			productReference = A4EC18A01988139500D96725 /* ControllingSource.app */;
			productType = "com.apple.product-type.application";
		};
		A4EC18CB1988139500D96725 /* ControllingSourceTests */ = {
			isa = PBXNativeTarget;
			buildConfigurationList = A4EC18E11988139500D96725 /* Build configuration list for PBXNativeTarget "ControllingSourceTests" */;
			buildPhases = (
				A4EC18C81988139500D96725 /* Sources */,
				A4EC18C91988139500D96725 /* Frameworks */,
				A4EC18CA1988139500D96725 /* Resources */,
			);
			buildRules = (
			);
			dependencies = (
				A4EC18D31988139500D96725 /* PBXTargetDependency */,
			);
			name = ControllingSourceTests;
			productName = ControllingSourceTests;
			productReference = A4EC18CC1988139500D96725 /* ControllingSourceTests.xctest */;
			productType = "com.apple.product-type.bundle.unit-test";
		};
/* End PBXNativeTarget section */

/* Begin PBXProject section */
		A4EC18981988139500D96725 /* Project object */ = {
			isa = PBXProject;
			attributes = {
				CLASSPREFIX = TMB;
				LastUpgradeCheck = 0510;
				ORGANIZATIONNAME = TMB;
				TargetAttributes = {
					A4EC18CB1988139500D96725 = {
						TestTargetID = A4EC189F1988139500D96725;
					};
				};
			};
			buildConfigurationList = A4EC189B1988139500D96725 /* Build configuration list for PBXProject "ControllingSource" */;
			compatibilityVersion = "Xcode 3.2";
			developmentRegion = English;
			hasScannedForEncodings = 0;
			knownRegions = (
				en,
				Base,
			);
			mainGroup = A4EC18971988139500D96725;
			productRefGroup = A4EC18A11988139500D96725 /* Products */;
			projectDirPath = "";
			projectRoot = "";
			targets = (
				A4EC189F1988139500D96725 /* ControllingSource */,
				A4EC18CB1988139500D96725 /* ControllingSourceTests */,
			);
		};
/* End PBXProject section */

/* Begin PBXResourcesBuildPhase section */
		A4EC189E1988139500D96725 /* Resources */ = {
			isa = PBXResourcesBuildPhase;
			buildActionMask = 2147483647;
			files = (
				A4EC18BC1988139500D96725 /* Main_iPad.storyboard in Resources */,
				A4EC18C71988139500D96725 /* Images.xcassets in Resources */,
				A4EC18B91988139500D96725 /* Main_iPhone.storyboard in Resources */,
				A4EC18B01988139500D96725 /* InfoPlist.strings in Resources */,
			);
			runOnlyForDeploymentPostprocessing = 0;
		};
		A4EC18CA1988139500D96725 /* Resources */ = {
			isa = PBXResourcesBuildPhase;
			buildActionMask = 2147483647;
			files = (
				A4EC18D91988139500D96725 /* InfoPlist.strings in Resources */,
			);
			runOnlyForDeploymentPostprocessing = 0;
		};
/* End PBXResourcesBuildPhase section */

/* Begin PBXSourcesBuildPhase section */
		A4EC189C1988139500D96725 /* Sources */ = {
			isa = PBXSourcesBuildPhase;
			buildActionMask = 2147483647;
			files = (
				A4EC18BF1988139500D96725 /* ControllingSource.xcdatamodeld in Sources */,
				A4EC18B61988139500D96725 /* TMBAppDelegate.m in Sources */,
				A4EC18C21988139500D96725 /* TMBMasterViewController.m in Sources */,
				A4EC18C51988139500D96725 /* TMBDetailViewController.m in Sources */,
				A4EC18B21988139500D96725 /* main.m in Sources */,
			);
			runOnlyForDeploymentPostprocessing = 0;
		};
		A4EC18C81988139500D96725 /* Sources */ = {
			isa = PBXSourcesBuildPhase;
			buildActionMask = 2147483647;
			files = (
				A4EC18DB1988139500D96725 /* ControllingSourceTests.m in Sources */,
			);
			runOnlyForDeploymentPostprocessing = 0;
		};
/* End PBXSourcesBuildPhase section */

/* Begin PBXTargetDependency section */
		A4EC18D31988139500D96725 /* PBXTargetDependency */ = {
			isa = PBXTargetDependency;
			target = A4EC189F1988139500D96725 /* ControllingSource */;
			targetProxy = A4EC18D21988139500D96725 /* PBXContainerItemProxy */;
		};
/* End PBXTargetDependency section */

/* Begin PBXVariantGroup section */
		A4EC18AE1988139500D96725 /* InfoPlist.strings */ = {
			isa = PBXVariantGroup;
			children = (
				A4EC18AF1988139500D96725 /* en */,
			);
			name = InfoPlist.strings;
			sourceTree = "<group>";
		};
		A4EC18B71988139500D96725 /* Main_iPhone.storyboard */ = {
			isa = PBXVariantGroup;
			children = (
				A4EC18B81988139500D96725 /* Base */,
			);
			name = Main_iPhone.storyboard;
			sourceTree = "<group>";
		};
		A4EC18BA1988139500D96725 /* Main_iPad.storyboard */ = {
			isa = PBXVariantGroup;
			children = (
				A4EC18BB1988139500D96725 /* Base */,
			);
			name = Main_iPad.storyboard;
			sourceTree = "<group>";
		};
		A4EC18D71988139500D96725 /* InfoPlist.strings */ = {
			isa = PBXVariantGroup;
			children = (
				A4EC18D81988139500D96725 /* en */,
			);
			name = InfoPlist.strings;
			sourceTree = "<group>";
		};
/* End PBXVariantGroup section */

/* Begin XCBuildConfiguration section */
		A4EC18DC1988139500D96725 /* Debug */ = {
			isa = XCBuildConfiguration;
			buildSettings = {
				ALWAYS_SEARCH_USER_PATHS = NO;
				CLANG_CXX_LANGUAGE_STANDARD = "gnu++0x";
				CLANG_CXX_LIBRARY = "libc++";
				CLANG_ENABLE_MODULES = YES;
				CLANG_ENABLE_OBJC_ARC = YES;
				CLANG_WARN_BOOL_CONVERSION = YES;
				CLANG_WARN_CONSTANT_CONVERSION = YES;
				CLANG_WARN_DIRECT_OBJC_ISA_USAGE = YES_ERROR;
				CLANG_WARN_EMPTY_BODY = YES;
				CLANG_WARN_ENUM_CONVERSION = YES;
				CLANG_WARN_INT_CONVERSION = YES;
				CLANG_WARN_OBJC_ROOT_CLASS = YES_ERROR;
				CLANG_WARN__DUPLICATE_METHOD_MATCH = YES;
				"CODE_SIGN_IDENTITY[sdk=iphoneos*]" = "iPhone Developer";
				COPY_PHASE_STRIP = NO;
				GCC_C_LANGUAGE_STANDARD = gnu99;
				GCC_DYNAMIC_NO_PIC = NO;
				GCC_OPTIMIZATION_LEVEL = 0;
				GCC_PREPROCESSOR_DEFINITIONS = (
					"DEBUG=1",
					"$(inherited)",
				);
				GCC_SYMBOLS_PRIVATE_EXTERN = NO;
				GCC_WARN_64_TO_32_BIT_CONVERSION = YES;
				GCC_WARN_ABOUT_RETURN_TYPE = YES_ERROR;
				GCC_WARN_UNDECLARED_SELECTOR = YES;
				GCC_WARN_UNINITIALIZED_AUTOS = YES_AGGRESSIVE;
				GCC_WARN_UNUSED_FUNCTION = YES;
				GCC_WARN_UNUSED_VARIABLE = YES;
				IPHONEOS_DEPLOYMENT_TARGET = 7.1;
				ONLY_ACTIVE_ARCH = YES;
				SDKROOT = iphoneos;
				TARGETED_DEVICE_FAMILY = "1,2";
			};
			name = Debug;
		};
		A4EC18DD1988139500D96725 /* Release */ = {
			isa = XCBuildConfiguration;
			buildSettings = {
				ALWAYS_SEARCH_USER_PATHS = NO;
				CLANG_CXX_LANGUAGE_STANDARD = "gnu++0x";
				CLANG_CXX_LIBRARY = "libc++";
				CLANG_ENABLE_MODULES = YES;
				CLANG_ENABLE_OBJC_ARC = YES;
				CLANG_WARN_BOOL_CONVERSION = YES;
				CLANG_WARN_CONSTANT_CONVERSION = YES;
				CLANG_WARN_DIRECT_OBJC_ISA_USAGE = YES_ERROR;
				CLANG_WARN_EMPTY_BODY = YES;
				CLANG_WARN_ENUM_CONVERSION = YES;
				CLANG_WARN_INT_CONVERSION = YES;
				CLANG_WARN_OBJC_ROOT_CLASS = YES_ERROR;
				CLANG_WARN__DUPLICATE_METHOD_MATCH = YES;
				"CODE_SIGN_IDENTITY[sdk=iphoneos*]" = "iPhone Developer";
				COPY_PHASE_STRIP = YES;
				ENABLE_NS_ASSERTIONS = NO;
				GCC_C_LANGUAGE_STANDARD = gnu99;
				GCC_WARN_64_TO_32_BIT_CONVERSION = YES;
				GCC_WARN_ABOUT_RETURN_TYPE = YES_ERROR;
				GCC_WARN_UNDECLARED_SELECTOR = YES;
				GCC_WARN_UNINITIALIZED_AUTOS = YES_AGGRESSIVE;
				GCC_WARN_UNUSED_FUNCTION = YES;
				GCC_WARN_UNUSED_VARIABLE = YES;
				IPHONEOS_DEPLOYMENT_TARGET = 7.1;
				SDKROOT = iphoneos;
				TARGETED_DEVICE_FAMILY = "1,2";
				VALIDATE_PRODUCT = YES;
			};
			name = Release;
		};
		A4EC18DF1988139500D96725 /* Debug */ = {
			isa = XCBuildConfiguration;
			buildSettings = {
				ASSETCATALOG_COMPILER_APPICON_NAME = AppIcon;
				ASSETCATALOG_COMPILER_LAUNCHIMAGE_NAME = LaunchImage;
				GCC_PRECOMPILE_PREFIX_HEADER = YES;
				GCC_PREFIX_HEADER = "ControllingSource/ControllingSource-Prefix.pch";
				INFOPLIST_FILE = "ControllingSource/ControllingSource-Info.plist";
				PRODUCT_NAME = "$(TARGET_NAME)";
				WRAPPER_EXTENSION = app;
			};
			name = Debug;
		};
		A4EC18E01988139500D96725 /* Release */ = {
			isa = XCBuildConfiguration;
			buildSettings = {
				ASSETCATALOG_COMPILER_APPICON_NAME = AppIcon;
				ASSETCATALOG_COMPILER_LAUNCHIMAGE_NAME = LaunchImage;
				GCC_PRECOMPILE_PREFIX_HEADER = YES;
				GCC_PREFIX_HEADER = "ControllingSource/ControllingSource-Prefix.pch";
				INFOPLIST_FILE = "ControllingSource/ControllingSource-Info.plist";
				PRODUCT_NAME = "$(TARGET_NAME)";
				WRAPPER_EXTENSION = app;
			};
			name = Release;
		};
		A4EC18E21988139500D96725 /* Debug */ = {
			isa = XCBuildConfiguration;
			buildSettings = {
				BUNDLE_LOADER = "$(BUILT_PRODUCTS_DIR)/ControllingSource.app/ControllingSource";
				FRAMEWORK_SEARCH_PATHS = (
					"$(SDKROOT)/Developer/Library/Frameworks",
					"$(inherited)",
					"$(DEVELOPER_FRAMEWORKS_DIR)",
				);
				GCC_PRECOMPILE_PREFIX_HEADER = YES;
				GCC_PREFIX_HEADER = "ControllingSource/ControllingSource-Prefix.pch";
				GCC_PREPROCESSOR_DEFINITIONS = (
					"DEBUG=1",
					"$(inherited)",
				);
				INFOPLIST_FILE = "ControllingSourceTests/ControllingSourceTests-Info.plist";
				PRODUCT_NAME = "$(TARGET_NAME)";
				TEST_HOST = "$(BUNDLE_LOADER)";
				WRAPPER_EXTENSION = xctest;
			};
			name = Debug;
		};
		A4EC18E31988139500D96725 /* Release */ = {
			isa = XCBuildConfiguration;
			buildSettings = {
				BUNDLE_LOADER = "$(BUILT_PRODUCTS_DIR)/ControllingSource.app/ControllingSource";
				FRAMEWORK_SEARCH_PATHS = (
					"$(SDKROOT)/Developer/Library/Frameworks",
					"$(inherited)",
					"$(DEVELOPER_FRAMEWORKS_DIR)",
				);
				GCC_PRECOMPILE_PREFIX_HEADER = YES;
				GCC_PREFIX_HEADER = "ControllingSource/ControllingSource-Prefix.pch";
				INFOPLIST_FILE = "ControllingSourceTests/ControllingSourceTests-Info.plist";
				PRODUCT_NAME = "$(TARGET_NAME)";
				TEST_HOST = "$(BUNDLE_LOADER)";
				WRAPPER_EXTENSION = xctest;
			};
			name = Release;
		};
/* End XCBuildConfiguration section */

/* Begin XCConfigurationList section */
		A4EC189B1988139500D96725 /* Build configuration list for PBXProject "ControllingSource" */ = {
			isa = XCConfigurationList;
			buildConfigurations = (
				A4EC18DC1988139500D96725 /* Debug */,
				A4EC18DD1988139500D96725 /* Release */,
			);
			defaultConfigurationIsVisible = 0;
			defaultConfigurationName = Release;
		};
		A4EC18DE1988139500D96725 /* Build configuration list for PBXNativeTarget "ControllingSource" */ = {
			isa = XCConfigurationList;
			buildConfigurations = (
				A4EC18DF1988139500D96725 /* Debug */,
				A4EC18E01988139500D96725 /* Release */,
			);
			defaultConfigurationIsVisible = 0;
		};
		A4EC18E11988139500D96725 /* Build configuration list for PBXNativeTarget "ControllingSourceTests" */ = {
			isa = XCConfigurationList;
			buildConfigurations = (
				A4EC18E21988139500D96725 /* Debug */,
				A4EC18E31988139500D96725 /* Release */,
			);
			defaultConfigurationIsVisible = 0;
		};
/* End XCConfigurationList section */

/* Begin XCVersionGroup section */
		A4EC18BD1988139500D96725 /* ControllingSource.xcdatamodeld */ = {
			isa = XCVersionGroup;
			children = (
				A4EC18BE1988139500D96725 /* ControllingSource.xcdatamodel */,
			);
			currentVersion = A4EC18BE1988139500D96725 /* ControllingSource.xcdatamodel */;
			path = ControllingSource.xcdatamodeld;
			sourceTree = "<group>";
			versionGroupType = wrapper.xcdatamodel;
		};
/* End XCVersionGroup section */
	};
	rootObject = A4EC18981988139500D96725 /* Project object */;
}
