// !$*UTF8*$!
{
	archiveVersion = 1;
	classes = {
	};
	objectVersion = 46;
	objects = {

/* Begin PBXBuildFile section */
		930369F8192543FE00EE74CE /* Foundation.framework in Frameworks */ = {isa = PBXBuildFile; fileRef = 930369F7192543FE00EE74CE /* Foundation.framework */; };
		930369FA192543FE00EE74CE /* CoreGraphics.framework in Frameworks */ = {isa = PBXBuildFile; fileRef = 930369F9192543FE00EE74CE /* CoreGraphics.framework */; };
		930369FC192543FE00EE74CE /* UIKit.framework in Frameworks */ = {isa = PBXBuildFile; fileRef = 930369FB192543FE00EE74CE /* UIKit.framework */; };
		93036A02192543FE00EE74CE /* InfoPlist.strings in Resources */ = {isa = PBXBuildFile; fileRef = 93036A00192543FE00EE74CE /* InfoPlist.strings */; };
		93036A04192543FE00EE74CE /* main.m in Sources */ = {isa = PBXBuildFile; fileRef = 93036A03192543FE00EE74CE /* main.m */; };
		93036A08192543FE00EE74CE /* BEPiDAppDelegate.m in Sources */ = {isa = PBXBuildFile; fileRef = 93036A07192543FE00EE74CE /* BEPiDAppDelegate.m */; };
		93036A0A192543FE00EE74CE /* Images.xcassets in Resources */ = {isa = PBXBuildFile; fileRef = 93036A09192543FE00EE74CE /* Images.xcassets */; };
		93036A11192543FE00EE74CE /* XCTest.framework in Frameworks */ = {isa = PBXBuildFile; fileRef = 93036A10192543FE00EE74CE /* XCTest.framework */; };
		93036A12192543FE00EE74CE /* Foundation.framework in Frameworks */ = {isa = PBXBuildFile; fileRef = 930369F7192543FE00EE74CE /* Foundation.framework */; };
		93036A13192543FE00EE74CE /* UIKit.framework in Frameworks */ = {isa = PBXBuildFile; fileRef = 930369FB192543FE00EE74CE /* UIKit.framework */; };
		93036A1B192543FE00EE74CE /* InfoPlist.strings in Resources */ = {isa = PBXBuildFile; fileRef = 93036A19192543FE00EE74CE /* InfoPlist.strings */; };
		93036A1D192543FE00EE74CE /* BEPiDSecondAppTests.m in Sources */ = {isa = PBXBuildFile; fileRef = 93036A1C192543FE00EE74CE /* BEPiDSecondAppTests.m */; };
		93036A2E1925444B00EE74CE /* ViewControllerMain.m in Sources */ = {isa = PBXBuildFile; fileRef = 93036A2C1925444B00EE74CE /* ViewControllerMain.m */; };
		93036A2F1925444B00EE74CE /* ViewControllerMain.xib in Resources */ = {isa = PBXBuildFile; fileRef = 93036A2D1925444B00EE74CE /* ViewControllerMain.xib */; };
/* End PBXBuildFile section */

/* Begin PBXContainerItemProxy section */
		93036A14192543FE00EE74CE /* PBXContainerItemProxy */ = {
			isa = PBXContainerItemProxy;
			containerPortal = 930369EC192543FE00EE74CE /* Project object */;
			proxyType = 1;
			remoteGlobalIDString = 930369F3192543FE00EE74CE;
			remoteInfo = BEPiDSecondApp;
		};
/* End PBXContainerItemProxy section */

/* Begin PBXFileReference section */
		930369F4192543FE00EE74CE /* BEPiDSecondApp.app */ = {isa = PBXFileReference; explicitFileType = wrapper.application; includeInIndex = 0; path = BEPiDSecondApp.app; sourceTree = BUILT_PRODUCTS_DIR; };
		930369F7192543FE00EE74CE /* Foundation.framework */ = {isa = PBXFileReference; lastKnownFileType = wrapper.framework; name = Foundation.framework; path = System/Library/Frameworks/Foundation.framework; sourceTree = SDKROOT; };
		930369F9192543FE00EE74CE /* CoreGraphics.framework */ = {isa = PBXFileReference; lastKnownFileType = wrapper.framework; name = CoreGraphics.framework; path = System/Library/Frameworks/CoreGraphics.framework; sourceTree = SDKROOT; };
		930369FB192543FE00EE74CE /* UIKit.framework */ = {isa = PBXFileReference; lastKnownFileType = wrapper.framework; name = UIKit.framework; path = System/Library/Frameworks/UIKit.framework; sourceTree = SDKROOT; };
		930369FF192543FE00EE74CE /* BEPiDSecondApp-Info.plist */ = {isa = PBXFileReference; lastKnownFileType = text.plist.xml; path = "BEPiDSecondApp-Info.plist"; sourceTree = "<group>"; };
		93036A01192543FE00EE74CE /* en */ = {isa = PBXFileReference; lastKnownFileType = text.plist.strings; name = en; path = en.lproj/InfoPlist.strings; sourceTree = "<group>"; };
		93036A03192543FE00EE74CE /* main.m */ = {isa = PBXFileReference; lastKnownFileType = sourcecode.c.objc; path = main.m; sourceTree = "<group>"; };
		93036A05192543FE00EE74CE /* BEPiDSecondApp-Prefix.pch */ = {isa = PBXFileReference; lastKnownFileType = sourcecode.c.h; path = "BEPiDSecondApp-Prefix.pch"; sourceTree = "<group>"; };
		93036A06192543FE00EE74CE /* BEPiDAppDelegate.h */ = {isa = PBXFileReference; lastKnownFileType = sourcecode.c.h; path = BEPiDAppDelegate.h; sourceTree = "<group>"; };
		93036A07192543FE00EE74CE /* BEPiDAppDelegate.m */ = {isa = PBXFileReference; lastKnownFileType = sourcecode.c.objc; path = BEPiDAppDelegate.m; sourceTree = "<group>"; };
		93036A09192543FE00EE74CE /* Images.xcassets */ = {isa = PBXFileReference; lastKnownFileType = folder.assetcatalog; path = Images.xcassets; sourceTree = "<group>"; };
		93036A0F192543FE00EE74CE /* BEPiDSecondAppTests.xctest */ = {isa = PBXFileReference; explicitFileType = wrapper.cfbundle; includeInIndex = 0; path = BEPiDSecondAppTests.xctest; sourceTree = BUILT_PRODUCTS_DIR; };
		93036A10192543FE00EE74CE /* XCTest.framework */ = {isa = PBXFileReference; lastKnownFileType = wrapper.framework; name = XCTest.framework; path = Library/Frameworks/XCTest.framework; sourceTree = DEVELOPER_DIR; };
		93036A18192543FE00EE74CE /* BEPiDSecondAppTests-Info.plist */ = {isa = PBXFileReference; lastKnownFileType = text.plist.xml; path = "BEPiDSecondAppTests-Info.plist"; sourceTree = "<group>"; };
		93036A1A192543FE00EE74CE /* en */ = {isa = PBXFileReference; lastKnownFileType = text.plist.strings; name = en; path = en.lproj/InfoPlist.strings; sourceTree = "<group>"; };
		93036A1C192543FE00EE74CE /* BEPiDSecondAppTests.m */ = {isa = PBXFileReference; lastKnownFileType = sourcecode.c.objc; path = BEPiDSecondAppTests.m; sourceTree = "<group>"; };
		93036A2B1925444B00EE74CE /* ViewControllerMain.h */ = {isa = PBXFileReference; fileEncoding = 4; lastKnownFileType = sourcecode.c.h; name = ViewControllerMain.h; path = ../ViewControllerMain.h; sourceTree = "<group>"; };
		93036A2C1925444B00EE74CE /* ViewControllerMain.m */ = {isa = PBXFileReference; fileEncoding = 4; lastKnownFileType = sourcecode.c.objc; name = ViewControllerMain.m; path = ../ViewControllerMain.m; sourceTree = "<group>"; };
		93036A2D1925444B00EE74CE /* ViewControllerMain.xib */ = {isa = PBXFileReference; fileEncoding = 4; lastKnownFileType = file.xib; name = ViewControllerMain.xib; path = ../ViewControllerMain.xib; sourceTree = "<group>"; };
/* End PBXFileReference section */

/* Begin PBXFrameworksBuildPhase section */
		930369F1192543FE00EE74CE /* Frameworks */ = {
			isa = PBXFrameworksBuildPhase;
			buildActionMask = 2147483647;
			files = (
				930369FA192543FE00EE74CE /* CoreGraphics.framework in Frameworks */,
				930369FC192543FE00EE74CE /* UIKit.framework in Frameworks */,
				930369F8192543FE00EE74CE /* Foundation.framework in Frameworks */,
			);
			runOnlyForDeploymentPostprocessing = 0;
		};
		93036A0C192543FE00EE74CE /* Frameworks */ = {
			isa = PBXFrameworksBuildPhase;
			buildActionMask = 2147483647;
			files = (
				93036A11192543FE00EE74CE /* XCTest.framework in Frameworks */,
				93036A13192543FE00EE74CE /* UIKit.framework in Frameworks */,
				93036A12192543FE00EE74CE /* Foundation.framework in Frameworks */,
			);
			runOnlyForDeploymentPostprocessing = 0;
		};
/* End PBXFrameworksBuildPhase section */

/* Begin PBXGroup section */
		930369EB192543FE00EE74CE = {
			isa = PBXGroup;
			children = (
				930369FD192543FE00EE74CE /* BEPiDSecondApp */,
				93036A16192543FE00EE74CE /* BEPiDSecondAppTests */,
				930369F6192543FE00EE74CE /* Frameworks */,
				930369F5192543FE00EE74CE /* Products */,
			);
			sourceTree = "<group>";
		};
		930369F5192543FE00EE74CE /* Products */ = {
			isa = PBXGroup;
			children = (
				930369F4192543FE00EE74CE /* BEPiDSecondApp.app */,
				93036A0F192543FE00EE74CE /* BEPiDSecondAppTests.xctest */,
			);
			name = Products;
			sourceTree = "<group>";
		};
		930369F6192543FE00EE74CE /* Frameworks */ = {
			isa = PBXGroup;
			children = (
				930369F7192543FE00EE74CE /* Foundation.framework */,
				930369F9192543FE00EE74CE /* CoreGraphics.framework */,
				930369FB192543FE00EE74CE /* UIKit.framework */,
				93036A10192543FE00EE74CE /* XCTest.framework */,
			);
			name = Frameworks;
			sourceTree = "<group>";
		};
		930369FD192543FE00EE74CE /* BEPiDSecondApp */ = {
			isa = PBXGroup;
			children = (
				93036A2B1925444B00EE74CE /* ViewControllerMain.h */,
				93036A2C1925444B00EE74CE /* ViewControllerMain.m */,
				93036A2D1925444B00EE74CE /* ViewControllerMain.xib */,
				93036A06192543FE00EE74CE /* BEPiDAppDelegate.h */,
				93036A07192543FE00EE74CE /* BEPiDAppDelegate.m */,
				93036A09192543FE00EE74CE /* Images.xcassets */,
				930369FE192543FE00EE74CE /* Supporting Files */,
			);
			path = BEPiDSecondApp;
			sourceTree = "<group>";
		};
		930369FE192543FE00EE74CE /* Supporting Files */ = {
			isa = PBXGroup;
			children = (
				930369FF192543FE00EE74CE /* BEPiDSecondApp-Info.plist */,
				93036A00192543FE00EE74CE /* InfoPlist.strings */,
				93036A03192543FE00EE74CE /* main.m */,
				93036A05192543FE00EE74CE /* BEPiDSecondApp-Prefix.pch */,
			);
			name = "Supporting Files";
			sourceTree = "<group>";
		};
		93036A16192543FE00EE74CE /* BEPiDSecondAppTests */ = {
			isa = PBXGroup;
			children = (
				93036A1C192543FE00EE74CE /* BEPiDSecondAppTests.m */,
				93036A17192543FE00EE74CE /* Supporting Files */,
			);
			path = BEPiDSecondAppTests;
			sourceTree = "<group>";
		};
		93036A17192543FE00EE74CE /* Supporting Files */ = {
			isa = PBXGroup;
			children = (
				93036A18192543FE00EE74CE /* BEPiDSecondAppTests-Info.plist */,
				93036A19192543FE00EE74CE /* InfoPlist.strings */,
			);
			name = "Supporting Files";
			sourceTree = "<group>";
		};
/* End PBXGroup section */

/* Begin PBXNativeTarget section */
		930369F3192543FE00EE74CE /* BEPiDSecondApp */ = {
			isa = PBXNativeTarget;
			buildConfigurationList = 93036A20192543FE00EE74CE /* Build configuration list for PBXNativeTarget "BEPiDSecondApp" */;
			buildPhases = (
				930369F0192543FE00EE74CE /* Sources */,
				930369F1192543FE00EE74CE /* Frameworks */,
				930369F2192543FE00EE74CE /* Resources */,
			);
			buildRules = (
			);
			dependencies = (
			);
			name = BEPiDSecondApp;
			productName = BEPiDSecondApp;
			productReference = 930369F4192543FE00EE74CE /* BEPiDSecondApp.app */;
			productType = "com.apple.product-type.application";
		};
		93036A0E192543FE00EE74CE /* BEPiDSecondAppTests */ = {
			isa = PBXNativeTarget;
			buildConfigurationList = 93036A23192543FE00EE74CE /* Build configuration list for PBXNativeTarget "BEPiDSecondAppTests" */;
			buildPhases = (
				93036A0B192543FE00EE74CE /* Sources */,
				93036A0C192543FE00EE74CE /* Frameworks */,
				93036A0D192543FE00EE74CE /* Resources */,
			);
			buildRules = (
			);
			dependencies = (
				93036A15192543FE00EE74CE /* PBXTargetDependency */,
			);
			name = BEPiDSecondAppTests;
			productName = BEPiDSecondAppTests;
			productReference = 93036A0F192543FE00EE74CE /* BEPiDSecondAppTests.xctest */;
			productType = "com.apple.product-type.bundle.unit-test";
		};
/* End PBXNativeTarget section */

/* Begin PBXProject section */
		930369EC192543FE00EE74CE /* Project object */ = {
			isa = PBXProject;
			attributes = {
				CLASSPREFIX = BEPiD;
				LastUpgradeCheck = 0510;
				ORGANIZATIONNAME = Thiago;
				TargetAttributes = {
					93036A0E192543FE00EE74CE = {
						TestTargetID = 930369F3192543FE00EE74CE;
					};
				};
			};
			buildConfigurationList = 930369EF192543FE00EE74CE /* Build configuration list for PBXProject "BEPiDSecondApp" */;
			compatibilityVersion = "Xcode 3.2";
			developmentRegion = English;
			hasScannedForEncodings = 0;
			knownRegions = (
				en,
			);
			mainGroup = 930369EB192543FE00EE74CE;
			productRefGroup = 930369F5192543FE00EE74CE /* Products */;
			projectDirPath = "";
			projectRoot = "";
			targets = (
				930369F3192543FE00EE74CE /* BEPiDSecondApp */,
				93036A0E192543FE00EE74CE /* BEPiDSecondAppTests */,
			);
		};
/* End PBXProject section */

/* Begin PBXResourcesBuildPhase section */
		930369F2192543FE00EE74CE /* Resources */ = {
			isa = PBXResourcesBuildPhase;
			buildActionMask = 2147483647;
			files = (
				93036A02192543FE00EE74CE /* InfoPlist.strings in Resources */,
				93036A0A192543FE00EE74CE /* Images.xcassets in Resources */,
				93036A2F1925444B00EE74CE /* ViewControllerMain.xib in Resources */,
			);
			runOnlyForDeploymentPostprocessing = 0;
		};
		93036A0D192543FE00EE74CE /* Resources */ = {
			isa = PBXResourcesBuildPhase;
			buildActionMask = 2147483647;
			files = (
				93036A1B192543FE00EE74CE /* InfoPlist.strings in Resources */,
			);
			runOnlyForDeploymentPostprocessing = 0;
		};
/* End PBXResourcesBuildPhase section */

/* Begin PBXSourcesBuildPhase section */
		930369F0192543FE00EE74CE /* Sources */ = {
			isa = PBXSourcesBuildPhase;
			buildActionMask = 2147483647;
			files = (
				93036A04192543FE00EE74CE /* main.m in Sources */,
				93036A2E1925444B00EE74CE /* ViewControllerMain.m in Sources */,
				93036A08192543FE00EE74CE /* BEPiDAppDelegate.m in Sources */,
			);
			runOnlyForDeploymentPostprocessing = 0;
		};
		93036A0B192543FE00EE74CE /* Sources */ = {
			isa = PBXSourcesBuildPhase;
			buildActionMask = 2147483647;
			files = (
				93036A1D192543FE00EE74CE /* BEPiDSecondAppTests.m in Sources */,
			);
			runOnlyForDeploymentPostprocessing = 0;
		};
/* End PBXSourcesBuildPhase section */

/* Begin PBXTargetDependency section */
		93036A15192543FE00EE74CE /* PBXTargetDependency */ = {
			isa = PBXTargetDependency;
			target = 930369F3192543FE00EE74CE /* BEPiDSecondApp */;
			targetProxy = 93036A14192543FE00EE74CE /* PBXContainerItemProxy */;
		};
/* End PBXTargetDependency section */

/* Begin PBXVariantGroup section */
		93036A00192543FE00EE74CE /* InfoPlist.strings */ = {
			isa = PBXVariantGroup;
			children = (
				93036A01192543FE00EE74CE /* en */,
			);
			name = InfoPlist.strings;
			sourceTree = "<group>";
		};
		93036A19192543FE00EE74CE /* InfoPlist.strings */ = {
			isa = PBXVariantGroup;
			children = (
				93036A1A192543FE00EE74CE /* en */,
			);
			name = InfoPlist.strings;
			sourceTree = "<group>";
		};
/* End PBXVariantGroup section */

/* Begin XCBuildConfiguration section */
		93036A1E192543FE00EE74CE /* Debug */ = {
			isa = XCBuildConfiguration;
			buildSettings = {
				ALWAYS_SEARCH_USER_PATHS = NO;
				CLANG_CXX_LANGUAGE_STANDARD = "gnu++0x";
				CLANG_CXX_LIBRARY = "libc++";
				CLANG_ENABLE_MODULES = YES;
				CLANG_ENABLE_OBJC_ARC = YES;
				CLANG_WARN_BOOL_CONVERSION = YES;
				CLANG_WARN_CONSTANT_CONVERSION = YES;
				CLANG_WARN_DIRECT_OBJC_ISA_USAGE = YES_ERROR;
				CLANG_WARN_EMPTY_BODY = YES;
				CLANG_WARN_ENUM_CONVERSION = YES;
				CLANG_WARN_INT_CONVERSION = YES;
				CLANG_WARN_OBJC_ROOT_CLASS = YES_ERROR;
				CLANG_WARN__DUPLICATE_METHOD_MATCH = YES;
				"CODE_SIGN_IDENTITY[sdk=iphoneos*]" = "iPhone Developer";
				COPY_PHASE_STRIP = NO;
				GCC_C_LANGUAGE_STANDARD = gnu99;
				GCC_DYNAMIC_NO_PIC = NO;
				GCC_OPTIMIZATION_LEVEL = 0;
				GCC_PREPROCESSOR_DEFINITIONS = (
					"DEBUG=1",
					"$(inherited)",
				);
				GCC_SYMBOLS_PRIVATE_EXTERN = NO;
				GCC_WARN_64_TO_32_BIT_CONVERSION = YES;
				GCC_WARN_ABOUT_RETURN_TYPE = YES_ERROR;
				GCC_WARN_UNDECLARED_SELECTOR = YES;
				GCC_WARN_UNINITIALIZED_AUTOS = YES_AGGRESSIVE;
				GCC_WARN_UNUSED_FUNCTION = YES;
				GCC_WARN_UNUSED_VARIABLE = YES;
				IPHONEOS_DEPLOYMENT_TARGET = 7.1;
				ONLY_ACTIVE_ARCH = YES;
				SDKROOT = iphoneos;
				TARGETED_DEVICE_FAMILY = "1,2";
			};
			name = Debug;
		};
		93036A1F192543FE00EE74CE /* Release */ = {
			isa = XCBuildConfiguration;
			buildSettings = {
				ALWAYS_SEARCH_USER_PATHS = NO;
				CLANG_CXX_LANGUAGE_STANDARD = "gnu++0x";
				CLANG_CXX_LIBRARY = "libc++";
				CLANG_ENABLE_MODULES = YES;
				CLANG_ENABLE_OBJC_ARC = YES;
				CLANG_WARN_BOOL_CONVERSION = YES;
				CLANG_WARN_CONSTANT_CONVERSION = YES;
				CLANG_WARN_DIRECT_OBJC_ISA_USAGE = YES_ERROR;
				CLANG_WARN_EMPTY_BODY = YES;
				CLANG_WARN_ENUM_CONVERSION = YES;
				CLANG_WARN_INT_CONVERSION = YES;
				CLANG_WARN_OBJC_ROOT_CLASS = YES_ERROR;
				CLANG_WARN__DUPLICATE_METHOD_MATCH = YES;
				"CODE_SIGN_IDENTITY[sdk=iphoneos*]" = "iPhone Developer";
				COPY_PHASE_STRIP = YES;
				ENABLE_NS_ASSERTIONS = NO;
				GCC_C_LANGUAGE_STANDARD = gnu99;
				GCC_WARN_64_TO_32_BIT_CONVERSION = YES;
				GCC_WARN_ABOUT_RETURN_TYPE = YES_ERROR;
				GCC_WARN_UNDECLARED_SELECTOR = YES;
				GCC_WARN_UNINITIALIZED_AUTOS = YES_AGGRESSIVE;
				GCC_WARN_UNUSED_FUNCTION = YES;
				GCC_WARN_UNUSED_VARIABLE = YES;
				IPHONEOS_DEPLOYMENT_TARGET = 7.1;
				SDKROOT = iphoneos;
				TARGETED_DEVICE_FAMILY = "1,2";
				VALIDATE_PRODUCT = YES;
			};
			name = Release;
		};
		93036A21192543FE00EE74CE /* Debug */ = {
			isa = XCBuildConfiguration;
			buildSettings = {
				ASSETCATALOG_COMPILER_APPICON_NAME = AppIcon;
				ASSETCATALOG_COMPILER_LAUNCHIMAGE_NAME = LaunchImage;
				GCC_PRECOMPILE_PREFIX_HEADER = YES;
				GCC_PREFIX_HEADER = "BEPiDSecondApp/BEPiDSecondApp-Prefix.pch";
				INFOPLIST_FILE = "BEPiDSecondApp/BEPiDSecondApp-Info.plist";
				PRODUCT_NAME = "$(TARGET_NAME)";
				WRAPPER_EXTENSION = app;
			};
			name = Debug;
		};
		93036A22192543FE00EE74CE /* Release */ = {
			isa = XCBuildConfiguration;
			buildSettings = {
				ASSETCATALOG_COMPILER_APPICON_NAME = AppIcon;
				ASSETCATALOG_COMPILER_LAUNCHIMAGE_NAME = LaunchImage;
				GCC_PRECOMPILE_PREFIX_HEADER = YES;
				GCC_PREFIX_HEADER = "BEPiDSecondApp/BEPiDSecondApp-Prefix.pch";
				INFOPLIST_FILE = "BEPiDSecondApp/BEPiDSecondApp-Info.plist";
				PRODUCT_NAME = "$(TARGET_NAME)";
				WRAPPER_EXTENSION = app;
			};
			name = Release;
		};
		93036A24192543FE00EE74CE /* Debug */ = {
			isa = XCBuildConfiguration;
			buildSettings = {
				BUNDLE_LOADER = "$(BUILT_PRODUCTS_DIR)/BEPiDSecondApp.app/BEPiDSecondApp";
				FRAMEWORK_SEARCH_PATHS = (
					"$(SDKROOT)/Developer/Library/Frameworks",
					"$(inherited)",
					"$(DEVELOPER_FRAMEWORKS_DIR)",
				);
				GCC_PRECOMPILE_PREFIX_HEADER = YES;
				GCC_PREFIX_HEADER = "BEPiDSecondApp/BEPiDSecondApp-Prefix.pch";
				GCC_PREPROCESSOR_DEFINITIONS = (
					"DEBUG=1",
					"$(inherited)",
				);
				INFOPLIST_FILE = "BEPiDSecondAppTests/BEPiDSecondAppTests-Info.plist";
				PRODUCT_NAME = "$(TARGET_NAME)";
				TEST_HOST = "$(BUNDLE_LOADER)";
				WRAPPER_EXTENSION = xctest;
			};
			name = Debug;
		};
		93036A25192543FE00EE74CE /* Release */ = {
			isa = XCBuildConfiguration;
			buildSettings = {
				BUNDLE_LOADER = "$(BUILT_PRODUCTS_DIR)/BEPiDSecondApp.app/BEPiDSecondApp";
				FRAMEWORK_SEARCH_PATHS = (
					"$(SDKROOT)/Developer/Library/Frameworks",
					"$(inherited)",
					"$(DEVELOPER_FRAMEWORKS_DIR)",
				);
				GCC_PRECOMPILE_PREFIX_HEADER = YES;
				GCC_PREFIX_HEADER = "BEPiDSecondApp/BEPiDSecondApp-Prefix.pch";
				INFOPLIST_FILE = "BEPiDSecondAppTests/BEPiDSecondAppTests-Info.plist";
				PRODUCT_NAME = "$(TARGET_NAME)";
				TEST_HOST = "$(BUNDLE_LOADER)";
				WRAPPER_EXTENSION = xctest;
			};
			name = Release;
		};
/* End XCBuildConfiguration section */

/* Begin XCConfigurationList section */
		930369EF192543FE00EE74CE /* Build configuration list for PBXProject "BEPiDSecondApp" */ = {
			isa = XCConfigurationList;
			buildConfigurations = (
				93036A1E192543FE00EE74CE /* Debug */,
				93036A1F192543FE00EE74CE /* Release */,
			);
			defaultConfigurationIsVisible = 0;
			defaultConfigurationName = Release;
		};
		93036A20192543FE00EE74CE /* Build configuration list for PBXNativeTarget "BEPiDSecondApp" */ = {
			isa = XCConfigurationList;
			buildConfigurations = (
				93036A21192543FE00EE74CE /* Debug */,
				93036A22192543FE00EE74CE /* Release */,
			);
			defaultConfigurationIsVisible = 0;
		};
		93036A23192543FE00EE74CE /* Build configuration list for PBXNativeTarget "BEPiDSecondAppTests" */ = {
			isa = XCConfigurationList;
			buildConfigurations = (
				93036A24192543FE00EE74CE /* Debug */,
				93036A25192543FE00EE74CE /* Release */,
			);
			defaultConfigurationIsVisible = 0;
		};
/* End XCConfigurationList section */
	};
	rootObject = 930369EC192543FE00EE74CE /* Project object */;
}
