// !$*UTF8*$!
{
	archiveVersion = 1;
	classes = {
	};
	objectVersion = 46;
	objects = {

/* Begin PBXBuildFile section */
		A455643D19B501F300FBE335 /* Foundation.framework in Frameworks */ = {isa = PBXBuildFile; fileRef = A455643C19B501F300FBE335 /* Foundation.framework */; };
		A455643F19B501F300FBE335 /* CoreGraphics.framework in Frameworks */ = {isa = PBXBuildFile; fileRef = A455643E19B501F300FBE335 /* CoreGraphics.framework */; };
		A455644119B501F300FBE335 /* UIKit.framework in Frameworks */ = {isa = PBXBuildFile; fileRef = A455644019B501F300FBE335 /* UIKit.framework */; };
		A455644719B501F300FBE335 /* InfoPlist.strings in Resources */ = {isa = PBXBuildFile; fileRef = A455644519B501F300FBE335 /* InfoPlist.strings */; };
		A455644919B501F300FBE335 /* main.m in Sources */ = {isa = PBXBuildFile; fileRef = A455644819B501F300FBE335 /* main.m */; };
		A455644D19B501F300FBE335 /* TMBAppDelegate.m in Sources */ = {isa = PBXBuildFile; fileRef = A455644C19B501F300FBE335 /* TMBAppDelegate.m */; };
		A455645019B501F300FBE335 /* Main_iPhone.storyboard in Resources */ = {isa = PBXBuildFile; fileRef = A455644E19B501F300FBE335 /* Main_iPhone.storyboard */; };
		A455645319B501F300FBE335 /* Main_iPad.storyboard in Resources */ = {isa = PBXBuildFile; fileRef = A455645119B501F300FBE335 /* Main_iPad.storyboard */; };
		A455645619B501F300FBE335 /* TMBViewController.m in Sources */ = {isa = PBXBuildFile; fileRef = A455645519B501F300FBE335 /* TMBViewController.m */; };
		A455645819B501F300FBE335 /* Images.xcassets in Resources */ = {isa = PBXBuildFile; fileRef = A455645719B501F300FBE335 /* Images.xcassets */; };
		A455645F19B501F300FBE335 /* XCTest.framework in Frameworks */ = {isa = PBXBuildFile; fileRef = A455645E19B501F300FBE335 /* XCTest.framework */; };
		A455646019B501F300FBE335 /* Foundation.framework in Frameworks */ = {isa = PBXBuildFile; fileRef = A455643C19B501F300FBE335 /* Foundation.framework */; };
		A455646119B501F300FBE335 /* UIKit.framework in Frameworks */ = {isa = PBXBuildFile; fileRef = A455644019B501F300FBE335 /* UIKit.framework */; };
		A455646919B501F300FBE335 /* InfoPlist.strings in Resources */ = {isa = PBXBuildFile; fileRef = A455646719B501F300FBE335 /* InfoPlist.strings */; };
		A455646B19B501F300FBE335 /* Challenge_20140901_AutorotationTests.m in Sources */ = {isa = PBXBuildFile; fileRef = A455646A19B501F300FBE335 /* Challenge_20140901_AutorotationTests.m */; };
/* End PBXBuildFile section */

/* Begin PBXContainerItemProxy section */
		A455646219B501F300FBE335 /* PBXContainerItemProxy */ = {
			isa = PBXContainerItemProxy;
			containerPortal = A455643119B501F300FBE335 /* Project object */;
			proxyType = 1;
			remoteGlobalIDString = A455643819B501F300FBE335;
			remoteInfo = Challenge_20140901_Autorotation;
		};
/* End PBXContainerItemProxy section */

/* Begin PBXFileReference section */
		A455643919B501F300FBE335 /* Challenge_20140901_Autorotation.app */ = {isa = PBXFileReference; explicitFileType = wrapper.application; includeInIndex = 0; path = Challenge_20140901_Autorotation.app; sourceTree = BUILT_PRODUCTS_DIR; };
		A455643C19B501F300FBE335 /* Foundation.framework */ = {isa = PBXFileReference; lastKnownFileType = wrapper.framework; name = Foundation.framework; path = System/Library/Frameworks/Foundation.framework; sourceTree = SDKROOT; };
		A455643E19B501F300FBE335 /* CoreGraphics.framework */ = {isa = PBXFileReference; lastKnownFileType = wrapper.framework; name = CoreGraphics.framework; path = System/Library/Frameworks/CoreGraphics.framework; sourceTree = SDKROOT; };
		A455644019B501F300FBE335 /* UIKit.framework */ = {isa = PBXFileReference; lastKnownFileType = wrapper.framework; name = UIKit.framework; path = System/Library/Frameworks/UIKit.framework; sourceTree = SDKROOT; };
		A455644419B501F300FBE335 /* Challenge_20140901_Autorotation-Info.plist */ = {isa = PBXFileReference; lastKnownFileType = text.plist.xml; path = "Challenge_20140901_Autorotation-Info.plist"; sourceTree = "<group>"; };
		A455644619B501F300FBE335 /* en */ = {isa = PBXFileReference; lastKnownFileType = text.plist.strings; name = en; path = en.lproj/InfoPlist.strings; sourceTree = "<group>"; };
		A455644819B501F300FBE335 /* main.m */ = {isa = PBXFileReference; lastKnownFileType = sourcecode.c.objc; path = main.m; sourceTree = "<group>"; };
		A455644A19B501F300FBE335 /* Challenge_20140901_Autorotation-Prefix.pch */ = {isa = PBXFileReference; lastKnownFileType = sourcecode.c.h; path = "Challenge_20140901_Autorotation-Prefix.pch"; sourceTree = "<group>"; };
		A455644B19B501F300FBE335 /* TMBAppDelegate.h */ = {isa = PBXFileReference; lastKnownFileType = sourcecode.c.h; path = TMBAppDelegate.h; sourceTree = "<group>"; };
		A455644C19B501F300FBE335 /* TMBAppDelegate.m */ = {isa = PBXFileReference; lastKnownFileType = sourcecode.c.objc; path = TMBAppDelegate.m; sourceTree = "<group>"; };
		A455644F19B501F300FBE335 /* Base */ = {isa = PBXFileReference; lastKnownFileType = file.storyboard; name = Base; path = Base.lproj/Main_iPhone.storyboard; sourceTree = "<group>"; };
		A455645219B501F300FBE335 /* Base */ = {isa = PBXFileReference; lastKnownFileType = file.storyboard; name = Base; path = Base.lproj/Main_iPad.storyboard; sourceTree = "<group>"; };
		A455645419B501F300FBE335 /* TMBViewController.h */ = {isa = PBXFileReference; lastKnownFileType = sourcecode.c.h; path = TMBViewController.h; sourceTree = "<group>"; };
		A455645519B501F300FBE335 /* TMBViewController.m */ = {isa = PBXFileReference; lastKnownFileType = sourcecode.c.objc; path = TMBViewController.m; sourceTree = "<group>"; };
		A455645719B501F300FBE335 /* Images.xcassets */ = {isa = PBXFileReference; lastKnownFileType = folder.assetcatalog; path = Images.xcassets; sourceTree = "<group>"; };
		A455645D19B501F300FBE335 /* Challenge_20140901_AutorotationTests.xctest */ = {isa = PBXFileReference; explicitFileType = wrapper.cfbundle; includeInIndex = 0; path = Challenge_20140901_AutorotationTests.xctest; sourceTree = BUILT_PRODUCTS_DIR; };
		A455645E19B501F300FBE335 /* XCTest.framework */ = {isa = PBXFileReference; lastKnownFileType = wrapper.framework; name = XCTest.framework; path = Library/Frameworks/XCTest.framework; sourceTree = DEVELOPER_DIR; };
		A455646619B501F300FBE335 /* Challenge_20140901_AutorotationTests-Info.plist */ = {isa = PBXFileReference; lastKnownFileType = text.plist.xml; path = "Challenge_20140901_AutorotationTests-Info.plist"; sourceTree = "<group>"; };
		A455646819B501F300FBE335 /* en */ = {isa = PBXFileReference; lastKnownFileType = text.plist.strings; name = en; path = en.lproj/InfoPlist.strings; sourceTree = "<group>"; };
		A455646A19B501F300FBE335 /* Challenge_20140901_AutorotationTests.m */ = {isa = PBXFileReference; lastKnownFileType = sourcecode.c.objc; path = Challenge_20140901_AutorotationTests.m; sourceTree = "<group>"; };
/* End PBXFileReference section */

/* Begin PBXFrameworksBuildPhase section */
		A455643619B501F300FBE335 /* Frameworks */ = {
			isa = PBXFrameworksBuildPhase;
			buildActionMask = 2147483647;
			files = (
				A455643F19B501F300FBE335 /* CoreGraphics.framework in Frameworks */,
				A455644119B501F300FBE335 /* UIKit.framework in Frameworks */,
				A455643D19B501F300FBE335 /* Foundation.framework in Frameworks */,
			);
			runOnlyForDeploymentPostprocessing = 0;
		};
		A455645A19B501F300FBE335 /* Frameworks */ = {
			isa = PBXFrameworksBuildPhase;
			buildActionMask = 2147483647;
			files = (
				A455645F19B501F300FBE335 /* XCTest.framework in Frameworks */,
				A455646119B501F300FBE335 /* UIKit.framework in Frameworks */,
				A455646019B501F300FBE335 /* Foundation.framework in Frameworks */,
			);
			runOnlyForDeploymentPostprocessing = 0;
		};
/* End PBXFrameworksBuildPhase section */

/* Begin PBXGroup section */
		A455643019B501F300FBE335 = {
			isa = PBXGroup;
			children = (
				A455644219B501F300FBE335 /* Challenge_20140901_Autorotation */,
				A455646419B501F300FBE335 /* Challenge_20140901_AutorotationTests */,
				A455643B19B501F300FBE335 /* Frameworks */,
				A455643A19B501F300FBE335 /* Products */,
			);
			sourceTree = "<group>";
		};
		A455643A19B501F300FBE335 /* Products */ = {
			isa = PBXGroup;
			children = (
				A455643919B501F300FBE335 /* Challenge_20140901_Autorotation.app */,
				A455645D19B501F300FBE335 /* Challenge_20140901_AutorotationTests.xctest */,
			);
			name = Products;
			sourceTree = "<group>";
		};
		A455643B19B501F300FBE335 /* Frameworks */ = {
			isa = PBXGroup;
			children = (
				A455643C19B501F300FBE335 /* Foundation.framework */,
				A455643E19B501F300FBE335 /* CoreGraphics.framework */,
				A455644019B501F300FBE335 /* UIKit.framework */,
				A455645E19B501F300FBE335 /* XCTest.framework */,
			);
			name = Frameworks;
			sourceTree = "<group>";
		};
		A455644219B501F300FBE335 /* Challenge_20140901_Autorotation */ = {
			isa = PBXGroup;
			children = (
				A455644B19B501F300FBE335 /* TMBAppDelegate.h */,
				A455644C19B501F300FBE335 /* TMBAppDelegate.m */,
				A455644E19B501F300FBE335 /* Main_iPhone.storyboard */,
				A455645119B501F300FBE335 /* Main_iPad.storyboard */,
				A455645419B501F300FBE335 /* TMBViewController.h */,
				A455645519B501F300FBE335 /* TMBViewController.m */,
				A455645719B501F300FBE335 /* Images.xcassets */,
				A455644319B501F300FBE335 /* Supporting Files */,
			);
			path = Challenge_20140901_Autorotation;
			sourceTree = "<group>";
		};
		A455644319B501F300FBE335 /* Supporting Files */ = {
			isa = PBXGroup;
			children = (
				A455644419B501F300FBE335 /* Challenge_20140901_Autorotation-Info.plist */,
				A455644519B501F300FBE335 /* InfoPlist.strings */,
				A455644819B501F300FBE335 /* main.m */,
				A455644A19B501F300FBE335 /* Challenge_20140901_Autorotation-Prefix.pch */,
			);
			name = "Supporting Files";
			sourceTree = "<group>";
		};
		A455646419B501F300FBE335 /* Challenge_20140901_AutorotationTests */ = {
			isa = PBXGroup;
			children = (
				A455646A19B501F300FBE335 /* Challenge_20140901_AutorotationTests.m */,
				A455646519B501F300FBE335 /* Supporting Files */,
			);
			path = Challenge_20140901_AutorotationTests;
			sourceTree = "<group>";
		};
		A455646519B501F300FBE335 /* Supporting Files */ = {
			isa = PBXGroup;
			children = (
				A455646619B501F300FBE335 /* Challenge_20140901_AutorotationTests-Info.plist */,
				A455646719B501F300FBE335 /* InfoPlist.strings */,
			);
			name = "Supporting Files";
			sourceTree = "<group>";
		};
/* End PBXGroup section */

/* Begin PBXNativeTarget section */
		A455643819B501F300FBE335 /* Challenge_20140901_Autorotation */ = {
			isa = PBXNativeTarget;
			buildConfigurationList = A455646E19B501F300FBE335 /* Build configuration list for PBXNativeTarget "Challenge_20140901_Autorotation" */;
			buildPhases = (
				A455643519B501F300FBE335 /* Sources */,
				A455643619B501F300FBE335 /* Frameworks */,
				A455643719B501F300FBE335 /* Resources */,
			);
			buildRules = (
			);
			dependencies = (
			);
			name = Challenge_20140901_Autorotation;
			productName = Challenge_20140901_Autorotation;
			productReference = A455643919B501F300FBE335 /* Challenge_20140901_Autorotation.app */;
			productType = "com.apple.product-type.application";
		};
		A455645C19B501F300FBE335 /* Challenge_20140901_AutorotationTests */ = {
			isa = PBXNativeTarget;
			buildConfigurationList = A455647119B501F300FBE335 /* Build configuration list for PBXNativeTarget "Challenge_20140901_AutorotationTests" */;
			buildPhases = (
				A455645919B501F300FBE335 /* Sources */,
				A455645A19B501F300FBE335 /* Frameworks */,
				A455645B19B501F300FBE335 /* Resources */,
			);
			buildRules = (
			);
			dependencies = (
				A455646319B501F300FBE335 /* PBXTargetDependency */,
			);
			name = Challenge_20140901_AutorotationTests;
			productName = Challenge_20140901_AutorotationTests;
			productReference = A455645D19B501F300FBE335 /* Challenge_20140901_AutorotationTests.xctest */;
			productType = "com.apple.product-type.bundle.unit-test";
		};
/* End PBXNativeTarget section */

/* Begin PBXProject section */
		A455643119B501F300FBE335 /* Project object */ = {
			isa = PBXProject;
			attributes = {
				CLASSPREFIX = TMB;
				LastUpgradeCheck = 0510;
				ORGANIZATIONNAME = TMB;
				TargetAttributes = {
					A455645C19B501F300FBE335 = {
						TestTargetID = A455643819B501F300FBE335;
					};
				};
			};
			buildConfigurationList = A455643419B501F300FBE335 /* Build configuration list for PBXProject "Challenge_20140901_Autorotation" */;
			compatibilityVersion = "Xcode 3.2";
			developmentRegion = English;
			hasScannedForEncodings = 0;
			knownRegions = (
				en,
				Base,
			);
			mainGroup = A455643019B501F300FBE335;
			productRefGroup = A455643A19B501F300FBE335 /* Products */;
			projectDirPath = "";
			projectRoot = "";
			targets = (
				A455643819B501F300FBE335 /* Challenge_20140901_Autorotation */,
				A455645C19B501F300FBE335 /* Challenge_20140901_AutorotationTests */,
			);
		};
/* End PBXProject section */

/* Begin PBXResourcesBuildPhase section */
		A455643719B501F300FBE335 /* Resources */ = {
			isa = PBXResourcesBuildPhase;
			buildActionMask = 2147483647;
			files = (
				A455645319B501F300FBE335 /* Main_iPad.storyboard in Resources */,
				A455645819B501F300FBE335 /* Images.xcassets in Resources */,
				A455645019B501F300FBE335 /* Main_iPhone.storyboard in Resources */,
				A455644719B501F300FBE335 /* InfoPlist.strings in Resources */,
			);
			runOnlyForDeploymentPostprocessing = 0;
		};
		A455645B19B501F300FBE335 /* Resources */ = {
			isa = PBXResourcesBuildPhase;
			buildActionMask = 2147483647;
			files = (
				A455646919B501F300FBE335 /* InfoPlist.strings in Resources */,
			);
			runOnlyForDeploymentPostprocessing = 0;
		};
/* End PBXResourcesBuildPhase section */

/* Begin PBXSourcesBuildPhase section */
		A455643519B501F300FBE335 /* Sources */ = {
			isa = PBXSourcesBuildPhase;
			buildActionMask = 2147483647;
			files = (
				A455645619B501F300FBE335 /* TMBViewController.m in Sources */,
				A455644D19B501F300FBE335 /* TMBAppDelegate.m in Sources */,
				A455644919B501F300FBE335 /* main.m in Sources */,
			);
			runOnlyForDeploymentPostprocessing = 0;
		};
		A455645919B501F300FBE335 /* Sources */ = {
			isa = PBXSourcesBuildPhase;
			buildActionMask = 2147483647;
			files = (
				A455646B19B501F300FBE335 /* Challenge_20140901_AutorotationTests.m in Sources */,
			);
			runOnlyForDeploymentPostprocessing = 0;
		};
/* End PBXSourcesBuildPhase section */

/* Begin PBXTargetDependency section */
		A455646319B501F300FBE335 /* PBXTargetDependency */ = {
			isa = PBXTargetDependency;
			target = A455643819B501F300FBE335 /* Challenge_20140901_Autorotation */;
			targetProxy = A455646219B501F300FBE335 /* PBXContainerItemProxy */;
		};
/* End PBXTargetDependency section */

/* Begin PBXVariantGroup section */
		A455644519B501F300FBE335 /* InfoPlist.strings */ = {
			isa = PBXVariantGroup;
			children = (
				A455644619B501F300FBE335 /* en */,
			);
			name = InfoPlist.strings;
			sourceTree = "<group>";
		};
		A455644E19B501F300FBE335 /* Main_iPhone.storyboard */ = {
			isa = PBXVariantGroup;
			children = (
				A455644F19B501F300FBE335 /* Base */,
			);
			name = Main_iPhone.storyboard;
			sourceTree = "<group>";
		};
		A455645119B501F300FBE335 /* Main_iPad.storyboard */ = {
			isa = PBXVariantGroup;
			children = (
				A455645219B501F300FBE335 /* Base */,
			);
			name = Main_iPad.storyboard;
			sourceTree = "<group>";
		};
		A455646719B501F300FBE335 /* InfoPlist.strings */ = {
			isa = PBXVariantGroup;
			children = (
				A455646819B501F300FBE335 /* en */,
			);
			name = InfoPlist.strings;
			sourceTree = "<group>";
		};
/* End PBXVariantGroup section */

/* Begin XCBuildConfiguration section */
		A455646C19B501F300FBE335 /* Debug */ = {
			isa = XCBuildConfiguration;
			buildSettings = {
				ALWAYS_SEARCH_USER_PATHS = NO;
				CLANG_CXX_LANGUAGE_STANDARD = "gnu++0x";
				CLANG_CXX_LIBRARY = "libc++";
				CLANG_ENABLE_MODULES = YES;
				CLANG_ENABLE_OBJC_ARC = YES;
				CLANG_WARN_BOOL_CONVERSION = YES;
				CLANG_WARN_CONSTANT_CONVERSION = YES;
				CLANG_WARN_DIRECT_OBJC_ISA_USAGE = YES_ERROR;
				CLANG_WARN_EMPTY_BODY = YES;
				CLANG_WARN_ENUM_CONVERSION = YES;
				CLANG_WARN_INT_CONVERSION = YES;
				CLANG_WARN_OBJC_ROOT_CLASS = YES_ERROR;
				CLANG_WARN__DUPLICATE_METHOD_MATCH = YES;
				"CODE_SIGN_IDENTITY[sdk=iphoneos*]" = "iPhone Developer";
				COPY_PHASE_STRIP = NO;
				GCC_C_LANGUAGE_STANDARD = gnu99;
				GCC_DYNAMIC_NO_PIC = NO;
				GCC_OPTIMIZATION_LEVEL = 0;
				GCC_PREPROCESSOR_DEFINITIONS = (
					"DEBUG=1",
					"$(inherited)",
				);
				GCC_SYMBOLS_PRIVATE_EXTERN = NO;
				GCC_WARN_64_TO_32_BIT_CONVERSION = YES;
				GCC_WARN_ABOUT_RETURN_TYPE = YES_ERROR;
				GCC_WARN_UNDECLARED_SELECTOR = YES;
				GCC_WARN_UNINITIALIZED_AUTOS = YES_AGGRESSIVE;
				GCC_WARN_UNUSED_FUNCTION = YES;
				GCC_WARN_UNUSED_VARIABLE = YES;
				IPHONEOS_DEPLOYMENT_TARGET = 7.1;
				ONLY_ACTIVE_ARCH = YES;
				SDKROOT = iphoneos;
				TARGETED_DEVICE_FAMILY = "1,2";
			};
			name = Debug;
		};
		A455646D19B501F300FBE335 /* Release */ = {
			isa = XCBuildConfiguration;
			buildSettings = {
				ALWAYS_SEARCH_USER_PATHS = NO;
				CLANG_CXX_LANGUAGE_STANDARD = "gnu++0x";
				CLANG_CXX_LIBRARY = "libc++";
				CLANG_ENABLE_MODULES = YES;
				CLANG_ENABLE_OBJC_ARC = YES;
				CLANG_WARN_BOOL_CONVERSION = YES;
				CLANG_WARN_CONSTANT_CONVERSION = YES;
				CLANG_WARN_DIRECT_OBJC_ISA_USAGE = YES_ERROR;
				CLANG_WARN_EMPTY_BODY = YES;
				CLANG_WARN_ENUM_CONVERSION = YES;
				CLANG_WARN_INT_CONVERSION = YES;
				CLANG_WARN_OBJC_ROOT_CLASS = YES_ERROR;
				CLANG_WARN__DUPLICATE_METHOD_MATCH = YES;
				"CODE_SIGN_IDENTITY[sdk=iphoneos*]" = "iPhone Developer";
				COPY_PHASE_STRIP = YES;
				ENABLE_NS_ASSERTIONS = NO;
				GCC_C_LANGUAGE_STANDARD = gnu99;
				GCC_WARN_64_TO_32_BIT_CONVERSION = YES;
				GCC_WARN_ABOUT_RETURN_TYPE = YES_ERROR;
				GCC_WARN_UNDECLARED_SELECTOR = YES;
				GCC_WARN_UNINITIALIZED_AUTOS = YES_AGGRESSIVE;
				GCC_WARN_UNUSED_FUNCTION = YES;
				GCC_WARN_UNUSED_VARIABLE = YES;
				IPHONEOS_DEPLOYMENT_TARGET = 7.1;
				SDKROOT = iphoneos;
				TARGETED_DEVICE_FAMILY = "1,2";
				VALIDATE_PRODUCT = YES;
			};
			name = Release;
		};
		A455646F19B501F300FBE335 /* Debug */ = {
			isa = XCBuildConfiguration;
			buildSettings = {
				ASSETCATALOG_COMPILER_APPICON_NAME = AppIcon;
				ASSETCATALOG_COMPILER_LAUNCHIMAGE_NAME = LaunchImage;
				GCC_PRECOMPILE_PREFIX_HEADER = YES;
				GCC_PREFIX_HEADER = "Challenge_20140901_Autorotation/Challenge_20140901_Autorotation-Prefix.pch";
				INFOPLIST_FILE = "Challenge_20140901_Autorotation/Challenge_20140901_Autorotation-Info.plist";
				PRODUCT_NAME = "$(TARGET_NAME)";
				WRAPPER_EXTENSION = app;
			};
			name = Debug;
		};
		A455647019B501F300FBE335 /* Release */ = {
			isa = XCBuildConfiguration;
			buildSettings = {
				ASSETCATALOG_COMPILER_APPICON_NAME = AppIcon;
				ASSETCATALOG_COMPILER_LAUNCHIMAGE_NAME = LaunchImage;
				GCC_PRECOMPILE_PREFIX_HEADER = YES;
				GCC_PREFIX_HEADER = "Challenge_20140901_Autorotation/Challenge_20140901_Autorotation-Prefix.pch";
				INFOPLIST_FILE = "Challenge_20140901_Autorotation/Challenge_20140901_Autorotation-Info.plist";
				PRODUCT_NAME = "$(TARGET_NAME)";
				WRAPPER_EXTENSION = app;
			};
			name = Release;
		};
		A455647219B501F300FBE335 /* Debug */ = {
			isa = XCBuildConfiguration;
			buildSettings = {
				BUNDLE_LOADER = "$(BUILT_PRODUCTS_DIR)/Challenge_20140901_Autorotation.app/Challenge_20140901_Autorotation";
				FRAMEWORK_SEARCH_PATHS = (
					"$(SDKROOT)/Developer/Library/Frameworks",
					"$(inherited)",
					"$(DEVELOPER_FRAMEWORKS_DIR)",
				);
				GCC_PRECOMPILE_PREFIX_HEADER = YES;
				GCC_PREFIX_HEADER = "Challenge_20140901_Autorotation/Challenge_20140901_Autorotation-Prefix.pch";
				GCC_PREPROCESSOR_DEFINITIONS = (
					"DEBUG=1",
					"$(inherited)",
				);
				INFOPLIST_FILE = "Challenge_20140901_AutorotationTests/Challenge_20140901_AutorotationTests-Info.plist";
				PRODUCT_NAME = "$(TARGET_NAME)";
				TEST_HOST = "$(BUNDLE_LOADER)";
				WRAPPER_EXTENSION = xctest;
			};
			name = Debug;
		};
		A455647319B501F300FBE335 /* Release */ = {
			isa = XCBuildConfiguration;
			buildSettings = {
				BUNDLE_LOADER = "$(BUILT_PRODUCTS_DIR)/Challenge_20140901_Autorotation.app/Challenge_20140901_Autorotation";
				FRAMEWORK_SEARCH_PATHS = (
					"$(SDKROOT)/Developer/Library/Frameworks",
					"$(inherited)",
					"$(DEVELOPER_FRAMEWORKS_DIR)",
				);
				GCC_PRECOMPILE_PREFIX_HEADER = YES;
				GCC_PREFIX_HEADER = "Challenge_20140901_Autorotation/Challenge_20140901_Autorotation-Prefix.pch";
				INFOPLIST_FILE = "Challenge_20140901_AutorotationTests/Challenge_20140901_AutorotationTests-Info.plist";
				PRODUCT_NAME = "$(TARGET_NAME)";
				TEST_HOST = "$(BUNDLE_LOADER)";
				WRAPPER_EXTENSION = xctest;
			};
			name = Release;
		};
/* End XCBuildConfiguration section */

/* Begin XCConfigurationList section */
		A455643419B501F300FBE335 /* Build configuration list for PBXProject "Challenge_20140901_Autorotation" */ = {
			isa = XCConfigurationList;
			buildConfigurations = (
				A455646C19B501F300FBE335 /* Debug */,
				A455646D19B501F300FBE335 /* Release */,
			);
			defaultConfigurationIsVisible = 0;
			defaultConfigurationName = Release;
		};
		A455646E19B501F300FBE335 /* Build configuration list for PBXNativeTarget "Challenge_20140901_Autorotation" */ = {
			isa = XCConfigurationList;
			buildConfigurations = (
				A455646F19B501F300FBE335 /* Debug */,
				A455647019B501F300FBE335 /* Release */,
			);
			defaultConfigurationIsVisible = 0;
		};
		A455647119B501F300FBE335 /* Build configuration list for PBXNativeTarget "Challenge_20140901_AutorotationTests" */ = {
			isa = XCConfigurationList;
			buildConfigurations = (
				A455647219B501F300FBE335 /* Debug */,
				A455647319B501F300FBE335 /* Release */,
			);
			defaultConfigurationIsVisible = 0;
		};
/* End XCConfigurationList section */
	};
	rootObject = A455643119B501F300FBE335 /* Project object */;
}
