// !$*UTF8*$!
{
	archiveVersion = 1;
	classes = {
	};
	objectVersion = 46;
	objects = {

/* Begin PBXBuildFile section */
		A45941EB196DD55C00E08007 /* Foundation.framework in Frameworks */ = {isa = PBXBuildFile; fileRef = A45941EA196DD55C00E08007 /* Foundation.framework */; };
		A45941ED196DD55C00E08007 /* CoreGraphics.framework in Frameworks */ = {isa = PBXBuildFile; fileRef = A45941EC196DD55C00E08007 /* CoreGraphics.framework */; };
		A45941EF196DD55C00E08007 /* UIKit.framework in Frameworks */ = {isa = PBXBuildFile; fileRef = A45941EE196DD55C00E08007 /* UIKit.framework */; };
		A45941F5196DD55C00E08007 /* InfoPlist.strings in Resources */ = {isa = PBXBuildFile; fileRef = A45941F3196DD55C00E08007 /* InfoPlist.strings */; };
		A45941F7196DD55C00E08007 /* main.m in Sources */ = {isa = PBXBuildFile; fileRef = A45941F6196DD55C00E08007 /* main.m */; };
		A45941FB196DD55C00E08007 /* AppDelegate.m in Sources */ = {isa = PBXBuildFile; fileRef = A45941FA196DD55C00E08007 /* AppDelegate.m */; };
		A45941FD196DD55C00E08007 /* Images.xcassets in Resources */ = {isa = PBXBuildFile; fileRef = A45941FC196DD55C00E08007 /* Images.xcassets */; };
		A4594204196DD55C00E08007 /* XCTest.framework in Frameworks */ = {isa = PBXBuildFile; fileRef = A4594203196DD55C00E08007 /* XCTest.framework */; };
		A4594205196DD55C00E08007 /* Foundation.framework in Frameworks */ = {isa = PBXBuildFile; fileRef = A45941EA196DD55C00E08007 /* Foundation.framework */; };
		A4594206196DD55C00E08007 /* UIKit.framework in Frameworks */ = {isa = PBXBuildFile; fileRef = A45941EE196DD55C00E08007 /* UIKit.framework */; };
		A459420E196DD55C00E08007 /* InfoPlist.strings in Resources */ = {isa = PBXBuildFile; fileRef = A459420C196DD55C00E08007 /* InfoPlist.strings */; };
		A4594210196DD55C00E08007 /* Challenge_20140707_NavigationController_2Tests.m in Sources */ = {isa = PBXBuildFile; fileRef = A459420F196DD55C00E08007 /* Challenge_20140707_NavigationController_2Tests.m */; };
		A4594221196DD63700E08007 /* TMBStatusViewController.m in Sources */ = {isa = PBXBuildFile; fileRef = A459421F196DD63700E08007 /* TMBStatusViewController.m */; };
		A4594222196DD63700E08007 /* TMBStatusViewController.xib in Resources */ = {isa = PBXBuildFile; fileRef = A4594220196DD63700E08007 /* TMBStatusViewController.xib */; };
		A4594226196DDF2A00E08007 /* TMBEditViewController.m in Sources */ = {isa = PBXBuildFile; fileRef = A4594224196DDF2A00E08007 /* TMBEditViewController.m */; };
		A4594227196DDF2A00E08007 /* TMBEditViewController.xib in Resources */ = {isa = PBXBuildFile; fileRef = A4594225196DDF2A00E08007 /* TMBEditViewController.xib */; };
		A4594233196EF33400E08007 /* TMBPageViewController.m in Sources */ = {isa = PBXBuildFile; fileRef = A4594231196EF33400E08007 /* TMBPageViewController.m */; };
		A4594234196EF33400E08007 /* TMBPageViewController.xib in Resources */ = {isa = PBXBuildFile; fileRef = A4594232196EF33400E08007 /* TMBPageViewController.xib */; };
		A4594240196F0A0B00E08007 /* TMBNavigationController.m in Sources */ = {isa = PBXBuildFile; fileRef = A459423F196F0A0B00E08007 /* TMBNavigationController.m */; };
		A4594243196F1D5800E08007 /* TMBSharedData.m in Sources */ = {isa = PBXBuildFile; fileRef = A4594242196F1D5800E08007 /* TMBSharedData.m */; };
		A459424A196F27C900E08007 /* CarsData.plist in Resources */ = {isa = PBXBuildFile; fileRef = A4594249196F27C900E08007 /* CarsData.plist */; };
		A4AD328A196F7B5200E9B73F /* TMBReserveViewController.m in Sources */ = {isa = PBXBuildFile; fileRef = A4AD3288196F7B5200E9B73F /* TMBReserveViewController.m */; };
		A4AD328B196F7B5200E9B73F /* TMBReserveViewController.xib in Resources */ = {isa = PBXBuildFile; fileRef = A4AD3289196F7B5200E9B73F /* TMBReserveViewController.xib */; };
/* End PBXBuildFile section */

/* Begin PBXContainerItemProxy section */
		A4594207196DD55C00E08007 /* PBXContainerItemProxy */ = {
			isa = PBXContainerItemProxy;
			containerPortal = A45941DF196DD55C00E08007 /* Project object */;
			proxyType = 1;
			remoteGlobalIDString = A45941E6196DD55C00E08007;
			remoteInfo = Challenge_20140707_NavigationController_2;
		};
/* End PBXContainerItemProxy section */

/* Begin PBXFileReference section */
		A45941E7196DD55C00E08007 /* Challenge_20140707_NavigationController_2.app */ = {isa = PBXFileReference; explicitFileType = wrapper.application; includeInIndex = 0; path = Challenge_20140707_NavigationController_2.app; sourceTree = BUILT_PRODUCTS_DIR; };
		A45941EA196DD55C00E08007 /* Foundation.framework */ = {isa = PBXFileReference; lastKnownFileType = wrapper.framework; name = Foundation.framework; path = System/Library/Frameworks/Foundation.framework; sourceTree = SDKROOT; };
		A45941EC196DD55C00E08007 /* CoreGraphics.framework */ = {isa = PBXFileReference; lastKnownFileType = wrapper.framework; name = CoreGraphics.framework; path = System/Library/Frameworks/CoreGraphics.framework; sourceTree = SDKROOT; };
		A45941EE196DD55C00E08007 /* UIKit.framework */ = {isa = PBXFileReference; lastKnownFileType = wrapper.framework; name = UIKit.framework; path = System/Library/Frameworks/UIKit.framework; sourceTree = SDKROOT; };
		A45941F2196DD55C00E08007 /* Challenge_20140707_NavigationController_2-Info.plist */ = {isa = PBXFileReference; lastKnownFileType = text.plist.xml; path = "Challenge_20140707_NavigationController_2-Info.plist"; sourceTree = "<group>"; };
		A45941F4196DD55C00E08007 /* en */ = {isa = PBXFileReference; lastKnownFileType = text.plist.strings; name = en; path = en.lproj/InfoPlist.strings; sourceTree = "<group>"; };
		A45941F6196DD55C00E08007 /* main.m */ = {isa = PBXFileReference; lastKnownFileType = sourcecode.c.objc; path = main.m; sourceTree = "<group>"; };
		A45941F8196DD55C00E08007 /* Challenge_20140707_NavigationController_2-Prefix.pch */ = {isa = PBXFileReference; lastKnownFileType = sourcecode.c.h; path = "Challenge_20140707_NavigationController_2-Prefix.pch"; sourceTree = "<group>"; };
		A45941F9196DD55C00E08007 /* AppDelegate.h */ = {isa = PBXFileReference; lastKnownFileType = sourcecode.c.h; path = AppDelegate.h; sourceTree = "<group>"; };
		A45941FA196DD55C00E08007 /* AppDelegate.m */ = {isa = PBXFileReference; lastKnownFileType = sourcecode.c.objc; path = AppDelegate.m; sourceTree = "<group>"; };
		A45941FC196DD55C00E08007 /* Images.xcassets */ = {isa = PBXFileReference; lastKnownFileType = folder.assetcatalog; path = Images.xcassets; sourceTree = "<group>"; };
		A4594202196DD55C00E08007 /* Challenge_20140707_NavigationController_2Tests.xctest */ = {isa = PBXFileReference; explicitFileType = wrapper.cfbundle; includeInIndex = 0; path = Challenge_20140707_NavigationController_2Tests.xctest; sourceTree = BUILT_PRODUCTS_DIR; };
		A4594203196DD55C00E08007 /* XCTest.framework */ = {isa = PBXFileReference; lastKnownFileType = wrapper.framework; name = XCTest.framework; path = Library/Frameworks/XCTest.framework; sourceTree = DEVELOPER_DIR; };
		A459420B196DD55C00E08007 /* Challenge_20140707_NavigationController_2Tests-Info.plist */ = {isa = PBXFileReference; lastKnownFileType = text.plist.xml; path = "Challenge_20140707_NavigationController_2Tests-Info.plist"; sourceTree = "<group>"; };
		A459420D196DD55C00E08007 /* en */ = {isa = PBXFileReference; lastKnownFileType = text.plist.strings; name = en; path = en.lproj/InfoPlist.strings; sourceTree = "<group>"; };
		A459420F196DD55C00E08007 /* Challenge_20140707_NavigationController_2Tests.m */ = {isa = PBXFileReference; lastKnownFileType = sourcecode.c.objc; path = Challenge_20140707_NavigationController_2Tests.m; sourceTree = "<group>"; };
		A459421E196DD63700E08007 /* TMBStatusViewController.h */ = {isa = PBXFileReference; fileEncoding = 4; lastKnownFileType = sourcecode.c.h; path = TMBStatusViewController.h; sourceTree = "<group>"; };
		A459421F196DD63700E08007 /* TMBStatusViewController.m */ = {isa = PBXFileReference; fileEncoding = 4; lastKnownFileType = sourcecode.c.objc; path = TMBStatusViewController.m; sourceTree = "<group>"; };
		A4594220196DD63700E08007 /* TMBStatusViewController.xib */ = {isa = PBXFileReference; fileEncoding = 4; lastKnownFileType = file.xib; path = TMBStatusViewController.xib; sourceTree = "<group>"; };
		A4594223196DDF2A00E08007 /* TMBEditViewController.h */ = {isa = PBXFileReference; fileEncoding = 4; lastKnownFileType = sourcecode.c.h; path = TMBEditViewController.h; sourceTree = "<group>"; };
		A4594224196DDF2A00E08007 /* TMBEditViewController.m */ = {isa = PBXFileReference; fileEncoding = 4; lastKnownFileType = sourcecode.c.objc; path = TMBEditViewController.m; sourceTree = "<group>"; };
		A4594225196DDF2A00E08007 /* TMBEditViewController.xib */ = {isa = PBXFileReference; fileEncoding = 4; lastKnownFileType = file.xib; path = TMBEditViewController.xib; sourceTree = "<group>"; };
		A4594230196EF33400E08007 /* TMBPageViewController.h */ = {isa = PBXFileReference; fileEncoding = 4; lastKnownFileType = sourcecode.c.h; path = TMBPageViewController.h; sourceTree = "<group>"; };
		A4594231196EF33400E08007 /* TMBPageViewController.m */ = {isa = PBXFileReference; fileEncoding = 4; lastKnownFileType = sourcecode.c.objc; path = TMBPageViewController.m; sourceTree = "<group>"; };
		A4594232196EF33400E08007 /* TMBPageViewController.xib */ = {isa = PBXFileReference; fileEncoding = 4; lastKnownFileType = file.xib; path = TMBPageViewController.xib; sourceTree = "<group>"; };
		A459423E196F0A0B00E08007 /* TMBNavigationController.h */ = {isa = PBXFileReference; fileEncoding = 4; lastKnownFileType = sourcecode.c.h; path = TMBNavigationController.h; sourceTree = "<group>"; };
		A459423F196F0A0B00E08007 /* TMBNavigationController.m */ = {isa = PBXFileReference; fileEncoding = 4; lastKnownFileType = sourcecode.c.objc; path = TMBNavigationController.m; sourceTree = "<group>"; };
		A4594241196F1D5800E08007 /* TMBSharedData.h */ = {isa = PBXFileReference; fileEncoding = 4; lastKnownFileType = sourcecode.c.h; path = TMBSharedData.h; sourceTree = "<group>"; };
		A4594242196F1D5800E08007 /* TMBSharedData.m */ = {isa = PBXFileReference; fileEncoding = 4; lastKnownFileType = sourcecode.c.objc; path = TMBSharedData.m; sourceTree = "<group>"; };
		A4594249196F27C900E08007 /* CarsData.plist */ = {isa = PBXFileReference; fileEncoding = 4; lastKnownFileType = text.plist.xml; path = CarsData.plist; sourceTree = "<group>"; };
		A4AD3287196F7B5200E9B73F /* TMBReserveViewController.h */ = {isa = PBXFileReference; fileEncoding = 4; lastKnownFileType = sourcecode.c.h; path = TMBReserveViewController.h; sourceTree = "<group>"; };
		A4AD3288196F7B5200E9B73F /* TMBReserveViewController.m */ = {isa = PBXFileReference; fileEncoding = 4; lastKnownFileType = sourcecode.c.objc; path = TMBReserveViewController.m; sourceTree = "<group>"; };
		A4AD3289196F7B5200E9B73F /* TMBReserveViewController.xib */ = {isa = PBXFileReference; fileEncoding = 4; lastKnownFileType = file.xib; path = TMBReserveViewController.xib; sourceTree = "<group>"; };
/* End PBXFileReference section */

/* Begin PBXFrameworksBuildPhase section */
		A45941E4196DD55C00E08007 /* Frameworks */ = {
			isa = PBXFrameworksBuildPhase;
			buildActionMask = 2147483647;
			files = (
				A45941ED196DD55C00E08007 /* CoreGraphics.framework in Frameworks */,
				A45941EF196DD55C00E08007 /* UIKit.framework in Frameworks */,
				A45941EB196DD55C00E08007 /* Foundation.framework in Frameworks */,
			);
			runOnlyForDeploymentPostprocessing = 0;
		};
		A45941FF196DD55C00E08007 /* Frameworks */ = {
			isa = PBXFrameworksBuildPhase;
			buildActionMask = 2147483647;
			files = (
				A4594204196DD55C00E08007 /* XCTest.framework in Frameworks */,
				A4594206196DD55C00E08007 /* UIKit.framework in Frameworks */,
				A4594205196DD55C00E08007 /* Foundation.framework in Frameworks */,
			);
			runOnlyForDeploymentPostprocessing = 0;
		};
/* End PBXFrameworksBuildPhase section */

/* Begin PBXGroup section */
		A45941DE196DD55C00E08007 = {
			isa = PBXGroup;
			children = (
				A45941F0196DD55C00E08007 /* Challenge_20140707_NavigationController_2 */,
				A4594209196DD55C00E08007 /* Challenge_20140707_NavigationController_2Tests */,
				A45941E9196DD55C00E08007 /* Frameworks */,
				A45941E8196DD55C00E08007 /* Products */,
			);
			sourceTree = "<group>";
		};
		A45941E8196DD55C00E08007 /* Products */ = {
			isa = PBXGroup;
			children = (
				A45941E7196DD55C00E08007 /* Challenge_20140707_NavigationController_2.app */,
				A4594202196DD55C00E08007 /* Challenge_20140707_NavigationController_2Tests.xctest */,
			);
			name = Products;
			sourceTree = "<group>";
		};
		A45941E9196DD55C00E08007 /* Frameworks */ = {
			isa = PBXGroup;
			children = (
				A45941EA196DD55C00E08007 /* Foundation.framework */,
				A45941EC196DD55C00E08007 /* CoreGraphics.framework */,
				A45941EE196DD55C00E08007 /* UIKit.framework */,
				A4594203196DD55C00E08007 /* XCTest.framework */,
			);
			name = Frameworks;
			sourceTree = "<group>";
		};
		A45941F0196DD55C00E08007 /* Challenge_20140707_NavigationController_2 */ = {
			isa = PBXGroup;
			children = (
				A45941F9196DD55C00E08007 /* AppDelegate.h */,
				A45941FA196DD55C00E08007 /* AppDelegate.m */,
				A4594230196EF33400E08007 /* TMBPageViewController.h */,
				A4594231196EF33400E08007 /* TMBPageViewController.m */,
				A4594232196EF33400E08007 /* TMBPageViewController.xib */,
				A459423E196F0A0B00E08007 /* TMBNavigationController.h */,
				A459423F196F0A0B00E08007 /* TMBNavigationController.m */,
				A4594249196F27C900E08007 /* CarsData.plist */,
				A459421E196DD63700E08007 /* TMBStatusViewController.h */,
				A459421F196DD63700E08007 /* TMBStatusViewController.m */,
				A4594220196DD63700E08007 /* TMBStatusViewController.xib */,
				A4594223196DDF2A00E08007 /* TMBEditViewController.h */,
				A4594224196DDF2A00E08007 /* TMBEditViewController.m */,
				A4594225196DDF2A00E08007 /* TMBEditViewController.xib */,
				A4AD3287196F7B5200E9B73F /* TMBReserveViewController.h */,
				A4AD3288196F7B5200E9B73F /* TMBReserveViewController.m */,
				A4AD3289196F7B5200E9B73F /* TMBReserveViewController.xib */,
				A4594241196F1D5800E08007 /* TMBSharedData.h */,
				A4594242196F1D5800E08007 /* TMBSharedData.m */,
				A45941FC196DD55C00E08007 /* Images.xcassets */,
				A45941F1196DD55C00E08007 /* Supporting Files */,
			);
			path = Challenge_20140707_NavigationController_2;
			sourceTree = "<group>";
		};
		A45941F1196DD55C00E08007 /* Supporting Files */ = {
			isa = PBXGroup;
			children = (
				A45941F2196DD55C00E08007 /* Challenge_20140707_NavigationController_2-Info.plist */,
				A45941F3196DD55C00E08007 /* InfoPlist.strings */,
				A45941F6196DD55C00E08007 /* main.m */,
				A45941F8196DD55C00E08007 /* Challenge_20140707_NavigationController_2-Prefix.pch */,
			);
			name = "Supporting Files";
			sourceTree = "<group>";
		};
		A4594209196DD55C00E08007 /* Challenge_20140707_NavigationController_2Tests */ = {
			isa = PBXGroup;
			children = (
				A459420F196DD55C00E08007 /* Challenge_20140707_NavigationController_2Tests.m */,
				A459420A196DD55C00E08007 /* Supporting Files */,
			);
			path = Challenge_20140707_NavigationController_2Tests;
			sourceTree = "<group>";
		};
		A459420A196DD55C00E08007 /* Supporting Files */ = {
			isa = PBXGroup;
			children = (
				A459420B196DD55C00E08007 /* Challenge_20140707_NavigationController_2Tests-Info.plist */,
				A459420C196DD55C00E08007 /* InfoPlist.strings */,
			);
			name = "Supporting Files";
			sourceTree = "<group>";
		};
/* End PBXGroup section */

/* Begin PBXNativeTarget section */
		A45941E6196DD55C00E08007 /* Challenge_20140707_NavigationController_2 */ = {
			isa = PBXNativeTarget;
			buildConfigurationList = A4594213196DD55C00E08007 /* Build configuration list for PBXNativeTarget "Challenge_20140707_NavigationController_2" */;
			buildPhases = (
				A45941E3196DD55C00E08007 /* Sources */,
				A45941E4196DD55C00E08007 /* Frameworks */,
				A45941E5196DD55C00E08007 /* Resources */,
			);
			buildRules = (
			);
			dependencies = (
			);
			name = Challenge_20140707_NavigationController_2;
			productName = Challenge_20140707_NavigationController_2;
			productReference = A45941E7196DD55C00E08007 /* Challenge_20140707_NavigationController_2.app */;
			productType = "com.apple.product-type.application";
		};
		A4594201196DD55C00E08007 /* Challenge_20140707_NavigationController_2Tests */ = {
			isa = PBXNativeTarget;
			buildConfigurationList = A4594216196DD55C00E08007 /* Build configuration list for PBXNativeTarget "Challenge_20140707_NavigationController_2Tests" */;
			buildPhases = (
				A45941FE196DD55C00E08007 /* Sources */,
				A45941FF196DD55C00E08007 /* Frameworks */,
				A4594200196DD55C00E08007 /* Resources */,
			);
			buildRules = (
			);
			dependencies = (
				A4594208196DD55C00E08007 /* PBXTargetDependency */,
			);
			name = Challenge_20140707_NavigationController_2Tests;
			productName = Challenge_20140707_NavigationController_2Tests;
			productReference = A4594202196DD55C00E08007 /* Challenge_20140707_NavigationController_2Tests.xctest */;
			productType = "com.apple.product-type.bundle.unit-test";
		};
/* End PBXNativeTarget section */

/* Begin PBXProject section */
		A45941DF196DD55C00E08007 /* Project object */ = {
			isa = PBXProject;
			attributes = {
				LastUpgradeCheck = 0510;
				ORGANIZATIONNAME = TMB;
				TargetAttributes = {
					A4594201196DD55C00E08007 = {
						TestTargetID = A45941E6196DD55C00E08007;
					};
				};
			};
			buildConfigurationList = A45941E2196DD55C00E08007 /* Build configuration list for PBXProject "Challenge_20140707_NavigationController_2" */;
			compatibilityVersion = "Xcode 3.2";
			developmentRegion = English;
			hasScannedForEncodings = 0;
			knownRegions = (
				en,
			);
			mainGroup = A45941DE196DD55C00E08007;
			productRefGroup = A45941E8196DD55C00E08007 /* Products */;
			projectDirPath = "";
			projectRoot = "";
			targets = (
				A45941E6196DD55C00E08007 /* Challenge_20140707_NavigationController_2 */,
				A4594201196DD55C00E08007 /* Challenge_20140707_NavigationController_2Tests */,
			);
		};
/* End PBXProject section */

/* Begin PBXResourcesBuildPhase section */
		A45941E5196DD55C00E08007 /* Resources */ = {
			isa = PBXResourcesBuildPhase;
			buildActionMask = 2147483647;
			files = (
				A4594222196DD63700E08007 /* TMBStatusViewController.xib in Resources */,
				A45941F5196DD55C00E08007 /* InfoPlist.strings in Resources */,
				A4AD328B196F7B5200E9B73F /* TMBReserveViewController.xib in Resources */,
				A4594227196DDF2A00E08007 /* TMBEditViewController.xib in Resources */,
				A459424A196F27C900E08007 /* CarsData.plist in Resources */,
				A45941FD196DD55C00E08007 /* Images.xcassets in Resources */,
				A4594234196EF33400E08007 /* TMBPageViewController.xib in Resources */,
			);
			runOnlyForDeploymentPostprocessing = 0;
		};
		A4594200196DD55C00E08007 /* Resources */ = {
			isa = PBXResourcesBuildPhase;
			buildActionMask = 2147483647;
			files = (
				A459420E196DD55C00E08007 /* InfoPlist.strings in Resources */,
			);
			runOnlyForDeploymentPostprocessing = 0;
		};
/* End PBXResourcesBuildPhase section */

/* Begin PBXSourcesBuildPhase section */
		A45941E3196DD55C00E08007 /* Sources */ = {
			isa = PBXSourcesBuildPhase;
			buildActionMask = 2147483647;
			files = (
				A45941FB196DD55C00E08007 /* AppDelegate.m in Sources */,
				A4594221196DD63700E08007 /* TMBStatusViewController.m in Sources */,
				A4594226196DDF2A00E08007 /* TMBEditViewController.m in Sources */,
				A4AD328A196F7B5200E9B73F /* TMBReserveViewController.m in Sources */,
				A4594240196F0A0B00E08007 /* TMBNavigationController.m in Sources */,
				A4594233196EF33400E08007 /* TMBPageViewController.m in Sources */,
				A45941F7196DD55C00E08007 /* main.m in Sources */,
				A4594243196F1D5800E08007 /* TMBSharedData.m in Sources */,
			);
			runOnlyForDeploymentPostprocessing = 0;
		};
		A45941FE196DD55C00E08007 /* Sources */ = {
			isa = PBXSourcesBuildPhase;
			buildActionMask = 2147483647;
			files = (
				A4594210196DD55C00E08007 /* Challenge_20140707_NavigationController_2Tests.m in Sources */,
			);
			runOnlyForDeploymentPostprocessing = 0;
		};
/* End PBXSourcesBuildPhase section */

/* Begin PBXTargetDependency section */
		A4594208196DD55C00E08007 /* PBXTargetDependency */ = {
			isa = PBXTargetDependency;
			target = A45941E6196DD55C00E08007 /* Challenge_20140707_NavigationController_2 */;
			targetProxy = A4594207196DD55C00E08007 /* PBXContainerItemProxy */;
		};
/* End PBXTargetDependency section */

/* Begin PBXVariantGroup section */
		A45941F3196DD55C00E08007 /* InfoPlist.strings */ = {
			isa = PBXVariantGroup;
			children = (
				A45941F4196DD55C00E08007 /* en */,
			);
			name = InfoPlist.strings;
			sourceTree = "<group>";
		};
		A459420C196DD55C00E08007 /* InfoPlist.strings */ = {
			isa = PBXVariantGroup;
			children = (
				A459420D196DD55C00E08007 /* en */,
			);
			name = InfoPlist.strings;
			sourceTree = "<group>";
		};
/* End PBXVariantGroup section */

/* Begin XCBuildConfiguration section */
		A4594211196DD55C00E08007 /* Debug */ = {
			isa = XCBuildConfiguration;
			buildSettings = {
				ALWAYS_SEARCH_USER_PATHS = NO;
				CLANG_CXX_LANGUAGE_STANDARD = "gnu++0x";
				CLANG_CXX_LIBRARY = "libc++";
				CLANG_ENABLE_MODULES = YES;
				CLANG_ENABLE_OBJC_ARC = YES;
				CLANG_WARN_BOOL_CONVERSION = YES;
				CLANG_WARN_CONSTANT_CONVERSION = YES;
				CLANG_WARN_DIRECT_OBJC_ISA_USAGE = YES_ERROR;
				CLANG_WARN_EMPTY_BODY = YES;
				CLANG_WARN_ENUM_CONVERSION = YES;
				CLANG_WARN_INT_CONVERSION = YES;
				CLANG_WARN_OBJC_ROOT_CLASS = YES_ERROR;
				CLANG_WARN__DUPLICATE_METHOD_MATCH = YES;
				"CODE_SIGN_IDENTITY[sdk=iphoneos*]" = "iPhone Developer";
				COPY_PHASE_STRIP = NO;
				GCC_C_LANGUAGE_STANDARD = gnu99;
				GCC_DYNAMIC_NO_PIC = NO;
				GCC_OPTIMIZATION_LEVEL = 0;
				GCC_PREPROCESSOR_DEFINITIONS = (
					"DEBUG=1",
					"$(inherited)",
				);
				GCC_SYMBOLS_PRIVATE_EXTERN = NO;
				GCC_WARN_64_TO_32_BIT_CONVERSION = YES;
				GCC_WARN_ABOUT_RETURN_TYPE = YES_ERROR;
				GCC_WARN_UNDECLARED_SELECTOR = YES;
				GCC_WARN_UNINITIALIZED_AUTOS = YES_AGGRESSIVE;
				GCC_WARN_UNUSED_FUNCTION = YES;
				GCC_WARN_UNUSED_VARIABLE = YES;
				IPHONEOS_DEPLOYMENT_TARGET = 7.1;
				ONLY_ACTIVE_ARCH = YES;
				SDKROOT = iphoneos;
				TARGETED_DEVICE_FAMILY = "1,2";
			};
			name = Debug;
		};
		A4594212196DD55C00E08007 /* Release */ = {
			isa = XCBuildConfiguration;
			buildSettings = {
				ALWAYS_SEARCH_USER_PATHS = NO;
				CLANG_CXX_LANGUAGE_STANDARD = "gnu++0x";
				CLANG_CXX_LIBRARY = "libc++";
				CLANG_ENABLE_MODULES = YES;
				CLANG_ENABLE_OBJC_ARC = YES;
				CLANG_WARN_BOOL_CONVERSION = YES;
				CLANG_WARN_CONSTANT_CONVERSION = YES;
				CLANG_WARN_DIRECT_OBJC_ISA_USAGE = YES_ERROR;
				CLANG_WARN_EMPTY_BODY = YES;
				CLANG_WARN_ENUM_CONVERSION = YES;
				CLANG_WARN_INT_CONVERSION = YES;
				CLANG_WARN_OBJC_ROOT_CLASS = YES_ERROR;
				CLANG_WARN__DUPLICATE_METHOD_MATCH = YES;
				"CODE_SIGN_IDENTITY[sdk=iphoneos*]" = "iPhone Developer";
				COPY_PHASE_STRIP = YES;
				ENABLE_NS_ASSERTIONS = NO;
				GCC_C_LANGUAGE_STANDARD = gnu99;
				GCC_WARN_64_TO_32_BIT_CONVERSION = YES;
				GCC_WARN_ABOUT_RETURN_TYPE = YES_ERROR;
				GCC_WARN_UNDECLARED_SELECTOR = YES;
				GCC_WARN_UNINITIALIZED_AUTOS = YES_AGGRESSIVE;
				GCC_WARN_UNUSED_FUNCTION = YES;
				GCC_WARN_UNUSED_VARIABLE = YES;
				IPHONEOS_DEPLOYMENT_TARGET = 7.1;
				SDKROOT = iphoneos;
				TARGETED_DEVICE_FAMILY = "1,2";
				VALIDATE_PRODUCT = YES;
			};
			name = Release;
		};
		A4594214196DD55C00E08007 /* Debug */ = {
			isa = XCBuildConfiguration;
			buildSettings = {
				ASSETCATALOG_COMPILER_APPICON_NAME = AppIcon;
				ASSETCATALOG_COMPILER_LAUNCHIMAGE_NAME = LaunchImage;
				GCC_PRECOMPILE_PREFIX_HEADER = YES;
				GCC_PREFIX_HEADER = "Challenge_20140707_NavigationController_2/Challenge_20140707_NavigationController_2-Prefix.pch";
				INFOPLIST_FILE = "Challenge_20140707_NavigationController_2/Challenge_20140707_NavigationController_2-Info.plist";
				PRODUCT_NAME = "$(TARGET_NAME)";
				WRAPPER_EXTENSION = app;
			};
			name = Debug;
		};
		A4594215196DD55C00E08007 /* Release */ = {
			isa = XCBuildConfiguration;
			buildSettings = {
				ASSETCATALOG_COMPILER_APPICON_NAME = AppIcon;
				ASSETCATALOG_COMPILER_LAUNCHIMAGE_NAME = LaunchImage;
				GCC_PRECOMPILE_PREFIX_HEADER = YES;
				GCC_PREFIX_HEADER = "Challenge_20140707_NavigationController_2/Challenge_20140707_NavigationController_2-Prefix.pch";
				INFOPLIST_FILE = "Challenge_20140707_NavigationController_2/Challenge_20140707_NavigationController_2-Info.plist";
				PRODUCT_NAME = "$(TARGET_NAME)";
				WRAPPER_EXTENSION = app;
			};
			name = Release;
		};
		A4594217196DD55C00E08007 /* Debug */ = {
			isa = XCBuildConfiguration;
			buildSettings = {
				BUNDLE_LOADER = "$(BUILT_PRODUCTS_DIR)/Challenge_20140707_NavigationController_2.app/Challenge_20140707_NavigationController_2";
				FRAMEWORK_SEARCH_PATHS = (
					"$(SDKROOT)/Developer/Library/Frameworks",
					"$(inherited)",
					"$(DEVELOPER_FRAMEWORKS_DIR)",
				);
				GCC_PRECOMPILE_PREFIX_HEADER = YES;
				GCC_PREFIX_HEADER = "Challenge_20140707_NavigationController_2/Challenge_20140707_NavigationController_2-Prefix.pch";
				GCC_PREPROCESSOR_DEFINITIONS = (
					"DEBUG=1",
					"$(inherited)",
				);
				INFOPLIST_FILE = "Challenge_20140707_NavigationController_2Tests/Challenge_20140707_NavigationController_2Tests-Info.plist";
				PRODUCT_NAME = "$(TARGET_NAME)";
				TEST_HOST = "$(BUNDLE_LOADER)";
				WRAPPER_EXTENSION = xctest;
			};
			name = Debug;
		};
		A4594218196DD55C00E08007 /* Release */ = {
			isa = XCBuildConfiguration;
			buildSettings = {
				BUNDLE_LOADER = "$(BUILT_PRODUCTS_DIR)/Challenge_20140707_NavigationController_2.app/Challenge_20140707_NavigationController_2";
				FRAMEWORK_SEARCH_PATHS = (
					"$(SDKROOT)/Developer/Library/Frameworks",
					"$(inherited)",
					"$(DEVELOPER_FRAMEWORKS_DIR)",
				);
				GCC_PRECOMPILE_PREFIX_HEADER = YES;
				GCC_PREFIX_HEADER = "Challenge_20140707_NavigationController_2/Challenge_20140707_NavigationController_2-Prefix.pch";
				INFOPLIST_FILE = "Challenge_20140707_NavigationController_2Tests/Challenge_20140707_NavigationController_2Tests-Info.plist";
				PRODUCT_NAME = "$(TARGET_NAME)";
				TEST_HOST = "$(BUNDLE_LOADER)";
				WRAPPER_EXTENSION = xctest;
			};
			name = Release;
		};
/* End XCBuildConfiguration section */

/* Begin XCConfigurationList section */
		A45941E2196DD55C00E08007 /* Build configuration list for PBXProject "Challenge_20140707_NavigationController_2" */ = {
			isa = XCConfigurationList;
			buildConfigurations = (
				A4594211196DD55C00E08007 /* Debug */,
				A4594212196DD55C00E08007 /* Release */,
			);
			defaultConfigurationIsVisible = 0;
			defaultConfigurationName = Release;
		};
		A4594213196DD55C00E08007 /* Build configuration list for PBXNativeTarget "Challenge_20140707_NavigationController_2" */ = {
			isa = XCConfigurationList;
			buildConfigurations = (
				A4594214196DD55C00E08007 /* Debug */,
				A4594215196DD55C00E08007 /* Release */,
			);
			defaultConfigurationIsVisible = 0;
			defaultConfigurationName = Release;
		};
		A4594216196DD55C00E08007 /* Build configuration list for PBXNativeTarget "Challenge_20140707_NavigationController_2Tests" */ = {
			isa = XCConfigurationList;
			buildConfigurations = (
				A4594217196DD55C00E08007 /* Debug */,
				A4594218196DD55C00E08007 /* Release */,
			);
			defaultConfigurationIsVisible = 0;
			defaultConfigurationName = Release;
		};
/* End XCConfigurationList section */
	};
	rootObject = A45941DF196DD55C00E08007 /* Project object */;
}
